// !$*UTF8*$!
{
	archiveVersion = 1;
	classes = {
	};
	objectVersion = 77;
	objects = {

/* Begin PBXBuildFile section */
		02C6E670C116AD3C1AFE570E /* AccentMap.swift in Sources */ = {isa = PBXBuildFile; fileRef = 8174B187D22C32A35F1F9DB0 /* AccentMap.swift */; };
		032A9F0629E551D959D7EA56 /* DictationSharedStore.swift in Sources */ = {isa = PBXBuildFile; fileRef = CF49409DB05018EFA200D5E0 /* DictationSharedStore.swift */; };
		049568C612798F1A6F556C96 /* HistoryManager.swift in Sources */ = {isa = PBXBuildFile; fileRef = 5D75782C8A72C172A085B211 /* HistoryManager.swift */; };
		0683EE6A207C272AFEC716C5 /* QuickNoteListView.swift in Sources */ = {isa = PBXBuildFile; fileRef = DB42CA6780213F924CEC9822 /* QuickNoteListView.swift */; };
		09063E3DB25226B0E651DDD4 /* CorrectionLanguageBar.swift in Sources */ = {isa = PBXBuildFile; fileRef = 1E701A39CEC967EC29145F51 /* CorrectionLanguageBar.swift */; };
		09923BEC9EC3AEDA4AC014F9 /* SharedNetworkSession.swift in Sources */ = {isa = PBXBuildFile; fileRef = 1AA32339E5A9F2A4BCEF52C7 /* SharedNetworkSession.swift */; };
		09B7DC351ADADC14B994CD43 /* PrivacyDashboardViewController.swift in Sources */ = {isa = PBXBuildFile; fileRef = 43CE906F2B5C152A5ECAEAFA /* PrivacyDashboardViewController.swift */; };
		0BE277023061BBEB98AC4F83 /* AIWriterTemplates.swift in Sources */ = {isa = PBXBuildFile; fileRef = 7804F1CB77999E9C5A71BE51 /* AIWriterTemplates.swift */; };
		0C6DEB4CF9B55C2B513025D4 /* LocalizationManager.swift in Sources */ = {isa = PBXBuildFile; fileRef = BF1D1F3F9CA9F69A67054C25 /* LocalizationManager.swift */; };
		0DFC99CF3369E6A056A1D839 /* KeyPreviewView.swift in Sources */ = {isa = PBXBuildFile; fileRef = BD9A21ED3B371494F4353625 /* KeyPreviewView.swift */; };
		0F0FA78ADAB972A36F44B853 /* CalibrationViewController.swift in Sources */ = {isa = PBXBuildFile; fileRef = ECEEEB186E7EF6100194C824 /* CalibrationViewController.swift */; };
		0F20FFF6E1A03AB039C800E4 /* VerificationKeyboardSwitchAnimationView.swift in Sources */ = {isa = PBXBuildFile; fileRef = FCBBAC121EB091E309115C22 /* VerificationKeyboardSwitchAnimationView.swift */; };
		125AA23A20BF3579BDDC341C /* MercuryRippleView.swift in Sources */ = {isa = PBXBuildFile; fileRef = 79A5E2F9929B892301838240 /* MercuryRippleView.swift */; };
		13B17F411B7989B5354B1EC3 /* BlackboxAnomalyLogger.swift in Sources */ = {isa = PBXBuildFile; fileRef = C0F4AB8040BB397B5716EED8 /* BlackboxAnomalyLogger.swift */; };
		13E2BA2EAF38109D37866AEE /* Constants.swift in Sources */ = {isa = PBXBuildFile; fileRef = C2CDFC8B502F230107E052E7 /* Constants.swift */; };
		1884EBFDB461EC0E6AC881A6 /* ChatReplyManager.swift in Sources */ = {isa = PBXBuildFile; fileRef = 3339EDDA18149A8DA3567B29 /* ChatReplyManager.swift */; };
		190A2B4265B222B2B3C9463D /* AccentPopupView.swift in Sources */ = {isa = PBXBuildFile; fileRef = 3D2E761B9E64E9AE2533FC79 /* AccentPopupView.swift */; };
		19AD77148A5917F99024F052 /* DictationService.swift in Sources */ = {isa = PBXBuildFile; fileRef = D7312C70DB1DC91B337A2884 /* DictationService.swift */; };
		1B32D1E8F806A8D5D687879C /* Products.storekit in Resources */ = {isa = PBXBuildFile; fileRef = 3C7CC49E68CB60E4B13F6A34 /* Products.storekit */; };
		1C2E398042B73DD78EF3F219 /* Assets.xcassets in Resources */ = {isa = PBXBuildFile; fileRef = FEDB8D80587474377764E807 /* Assets.xcassets */; };
		1D98277DFBD46B145B1AEA14 /* AppGroupManager.swift in Sources */ = {isa = PBXBuildFile; fileRef = 6FE78200C931753ED4B82721 /* AppGroupManager.swift */; };
		1F142C55559956B546EB2E1C /* AdManager.swift in Sources */ = {isa = PBXBuildFile; fileRef = 33DDEB1B46819A80FA123ADC /* AdManager.swift */; };
		1F4B24914B11306C969123E4 /* ThemeSelectionViewController.swift in Sources */ = {isa = PBXBuildFile; fileRef = BDBE057098A4ED84A0AF5964 /* ThemeSelectionViewController.swift */; };
		1F64F9C7DACF95DECD0B7192 /* FontPool.swift in Sources */ = {isa = PBXBuildFile; fileRef = 3BFCAC4F13D863A2C57BAB5E /* FontPool.swift */; };
		20242EBCBB1F370E0C1A4B16 /* KeyboardExtension.appex in Embed Foundation Extensions */ = {isa = PBXBuildFile; fileRef = 15F02063B8037FB8B731BEE2 /* KeyboardExtension.appex */; settings = {ATTRIBUTES = (RemoveHeadersOnCopy, ); }; };
		22A1CC3113004E288C89BD24 /* QuickNote.swift in Sources */ = {isa = PBXBuildFile; fileRef = 52A8DC3B753E51323C984121 /* QuickNote.swift */; };
		24EBD4C266704ED435E1B3C7 /* DarwinNotificationBridge.swift in Sources */ = {isa = PBXBuildFile; fileRef = 133AE5A709C45DBDECC7EDDF /* DarwinNotificationBridge.swift */; };
		27C600B2AC26E935E038EEE5 /* CompositionSessionManager.swift in Sources */ = {isa = PBXBuildFile; fileRef = EB62BCEBDC4540B729B021DF /* CompositionSessionManager.swift */; };
		27D971F516C982E3990C0160 /* LocalizationManager.swift in Sources */ = {isa = PBXBuildFile; fileRef = BF1D1F3F9CA9F69A67054C25 /* LocalizationManager.swift */; };
		2DF4DDE4D72ACBD263E096B5 /* KeyboardTheme.swift in Sources */ = {isa = PBXBuildFile; fileRef = 3FE6C8A86C22CE87CAE26624 /* KeyboardTheme.swift */; };
		2E5A8C9AC81D3105A9161EB1 /* PrivacyInfo.xcprivacy in Resources */ = {isa = PBXBuildFile; fileRef = CF30703BC12CC25722DB7DB7 /* PrivacyInfo.xcprivacy */; };
		2F16815E35245EF1877EB77B /* AppColors.swift in Sources */ = {isa = PBXBuildFile; fileRef = ECE6ABE349CE322957A5C575 /* AppColors.swift */; };
		318173E2FA11D5053DFB5AB0 /* ChatReplyCache.swift in Sources */ = {isa = PBXBuildFile; fileRef = 9995A458FF82250CA4F9E80C /* ChatReplyCache.swift */; };
		33D19EB9BCE974D5A8D11E8D /* CalibrationSeedModel.swift in Sources */ = {isa = PBXBuildFile; fileRef = 022DCE4974E8889394223AB1 /* CalibrationSeedModel.swift */; };
		35ABC70391C60A9068DF38AD /* Constants.swift in Sources */ = {isa = PBXBuildFile; fileRef = C2CDFC8B502F230107E052E7 /* Constants.swift */; };
		3BE6F6E7AF86D75B6428E3FB /* ClipboardHistoryManager.swift in Sources */ = {isa = PBXBuildFile; fileRef = DC639124CD671C9919B04D5D /* ClipboardHistoryManager.swift */; };
		3E8A52D5434351B396EA5525 /* RewardedAdsViewController.swift in Sources */ = {isa = PBXBuildFile; fileRef = F2F7E0ADFB1B186D6E02D410 /* RewardedAdsViewController.swift */; };
		41030321C1C7C94B2C15070B /* SavedPhrasesView.swift in Sources */ = {isa = PBXBuildFile; fileRef = CE7D57EE28DFAB35051C440A /* SavedPhrasesView.swift */; };
		412CFCE3381240E1426AAEF2 /* TonePickerView.swift in Sources */ = {isa = PBXBuildFile; fileRef = A26FB81CFF07FA16DCA344AE /* TonePickerView.swift */; };
		418971C082C5E6CC07029AB0 /* AdditionalKeyboardBootstrap.swift in Sources */ = {isa = PBXBuildFile; fileRef = 42CCC9E3FC49BD11C45E0795 /* AdditionalKeyboardBootstrap.swift */; };
		42CC2CBFC5C07D7CC586180A /* DictationTextApplier.swift in Sources */ = {isa = PBXBuildFile; fileRef = E32285E7E7124C8E99479D1D /* DictationTextApplier.swift */; };
		4564591E4E5D36411F695CE2 /* StardustView.swift in Sources */ = {isa = PBXBuildFile; fileRef = 399AA672135BB42B9E5EC787 /* StardustView.swift */; };
		4721157B06E92472C3D32057 /* KeyboardAppearanceSettingsViewController.swift in Sources */ = {isa = PBXBuildFile; fileRef = 07B224BA196CFC2814BB9DBF /* KeyboardAppearanceSettingsViewController.swift */; };
		48785B31AB3E464020A5AB01 /* TextInputHandler.swift in Sources */ = {isa = PBXBuildFile; fileRef = C5630C7ED31C5E0419029FD7 /* TextInputHandler.swift */; };
		48A6DEABFC7761C7C149EFC0 /* AICorrectionInfoViewController.swift in Sources */ = {isa = PBXBuildFile; fileRef = A4247D68C9280B11F5F0FEE8 /* AICorrectionInfoViewController.swift */; };
		48EB6B73C377FAC506F6929F /* HangulComposer.swift in Sources */ = {isa = PBXBuildFile; fileRef = 8A02361E8E6D336E632AD205 /* HangulComposer.swift */; };
		4A0D33ED2FFF4B27586504CA /* HistoryItem.swift in Sources */ = {isa = PBXBuildFile; fileRef = 3B682263CC3F7E579393735A /* HistoryItem.swift */; };
		4C5F4AF0E87EA40C68AF9C45 /* ToolbarView.swift in Sources */ = {isa = PBXBuildFile; fileRef = A6000F0BD0B2A3FE078D0A60 /* ToolbarView.swift */; };
		4C8699E363D1887A13469158 /* PredictionEngine.swift in Sources */ = {isa = PBXBuildFile; fileRef = D8941463AB792555551ECC46 /* PredictionEngine.swift */; };
		4DF523231B88001E098F2037 /* Assets.xcassets in Resources */ = {isa = PBXBuildFile; fileRef = 76A7DA6768D88792F6FC2B3E /* Assets.xcassets */; };
		4E67E016F3B2AE90EFA8CFEC /* HistoryItem.swift in Sources */ = {isa = PBXBuildFile; fileRef = 3B682263CC3F7E579393735A /* HistoryItem.swift */; };
		4F705A9C9BB13FCDDED93BDF /* FeatureGate.swift in Sources */ = {isa = PBXBuildFile; fileRef = 808CFDDA893782DB264BCBE8 /* FeatureGate.swift */; };
		4F81B0628D071018E40FCFFC /* DictationBootstrapViewController.swift in Sources */ = {isa = PBXBuildFile; fileRef = B6634F0E1C3BA9F4C4F7C6DD /* DictationBootstrapViewController.swift */; };
		4FE9A53CAD7FF786691E1551 /* ToneStyle.swift in Sources */ = {isa = PBXBuildFile; fileRef = 3C9634D0D3CD8CF53DDA9CC1 /* ToneStyle.swift */; };
		51F14E345F7257B1DF84C896 /* EmojiKeyboardView.swift in Sources */ = {isa = PBXBuildFile; fileRef = 03D7ABAFB25DE60E52119088 /* EmojiKeyboardView.swift */; };
		52AA472805000FECB78F4C40 /* StatsManager.swift in Sources */ = {isa = PBXBuildFile; fileRef = 8A4F6B12DC40DD3380A36E94 /* StatsManager.swift */; };
		53B5F3CEEE93E46D950DE8CD /* DailyUsageManager.swift in Sources */ = {isa = PBXBuildFile; fileRef = 4E4DABB112F3FC3A4F3EA625 /* DailyUsageManager.swift */; };
		545C2A702F9E19061154ABC7 /* TranslationInputView.swift in Sources */ = {isa = PBXBuildFile; fileRef = BD0D71E79546806F77FA2B2C /* TranslationInputView.swift */; };
		547B5437B56021BBB2E818FA /* FeatureGate.swift in Sources */ = {isa = PBXBuildFile; fileRef = 808CFDDA893782DB264BCBE8 /* FeatureGate.swift */; };
		5535CD1C57777C8DE33AEF9C /* GoogleMobileAds in Frameworks */ = {isa = PBXBuildFile; productRef = 0D89651AA1B6AB08B67E0A93 /* GoogleMobileAds */; };
		56B8CB58F069029823E8FE8F /* DailyUsageData.swift in Sources */ = {isa = PBXBuildFile; fileRef = D2A622D20B52EE0DCC0DC9AB /* DailyUsageData.swift */; };
		570CC66D851D856F9A768EB0 /* TextProxyManager.swift in Sources */ = {isa = PBXBuildFile; fileRef = 5A2EBBAD04041EB4D95709FC /* TextProxyManager.swift */; };
		57CD264ADD280CD44330AAE9 /* OnboardingViewController.swift in Sources */ = {isa = PBXBuildFile; fileRef = C63CC5F8905248023302E058 /* OnboardingViewController.swift */; };
		58C1CF1BDA7AE2D491695434 /* AdConsentManager.swift in Sources */ = {isa = PBXBuildFile; fileRef = 329693A99639F9AF16BB6EAC /* AdConsentManager.swift */; };
		58C9FA5545F3E00B33851B70 /* SessionManager.swift in Sources */ = {isa = PBXBuildFile; fileRef = 8E6F1F70EA3AC8A828B6400E /* SessionManager.swift */; };
		590855997E04973689C93A6F /* QuickNoteManager.swift in Sources */ = {isa = PBXBuildFile; fileRef = A5D616F9EC8210DB36920B51 /* QuickNoteManager.swift */; };
		6089FD3C00E3C6EA24B843A6 /* ATTManager.swift in Sources */ = {isa = PBXBuildFile; fileRef = 3576BE1C7D92BB719B7D19AC /* ATTManager.swift */; };
		621D4D63C2AF75AB3D05A40B /* KeychainHelper.swift in Sources */ = {isa = PBXBuildFile; fileRef = C44F5678D726D81DAAADFFDF /* KeychainHelper.swift */; };
		63458A19F0CEE9C46528CDC9 /* LanguagePickerView.swift in Sources */ = {isa = PBXBuildFile; fileRef = A2C36F5FE7C33CE377D041C1 /* LanguagePickerView.swift */; };
		6346170161EA029D632481AD /* KeyboardGeometrySnapshot.swift in Sources */ = {isa = PBXBuildFile; fileRef = 32D55FCF16AFCCAAB75C9F15 /* KeyboardGeometrySnapshot.swift */; };
		6457D49E79DAFE8F383E9466 /* MainViewController.swift in Sources */ = {isa = PBXBuildFile; fileRef = 90A9B64C203AB7EC948D2813 /* MainViewController.swift */; };
		684A9BD644EA3A73F57C7FF6 /* AdminMode.swift in Sources */ = {isa = PBXBuildFile; fileRef = 4444FF3375AED5A6585B3E94 /* AdminMode.swift */; };
		68D2CCB5F3202333E91FE693 /* DictationConstants.swift in Sources */ = {isa = PBXBuildFile; fileRef = 7A916014D3895559D18A7F33 /* DictationConstants.swift */; };
		69D2CA8B6F06211B3175CCED /* ngram_ko.json in Resources */ = {isa = PBXBuildFile; fileRef = AD513B75C01FA09795C3034B /* ngram_ko.json */; };
		69E1ACA82B3B5FA8AE2549AF /* ChatReplyGeneratorView.swift in Sources */ = {isa = PBXBuildFile; fileRef = 181ED075D59486675D7F6A4D /* ChatReplyGeneratorView.swift */; };
		6A6A92086757B03754F77195 /* ToolbarConfiguration.swift in Sources */ = {isa = PBXBuildFile; fileRef = 3A0CABBEF706FEF832D89C3E /* ToolbarConfiguration.swift */; };
		6AB25176528D8AFE8EA2BAF1 /* ThemeManager.swift in Sources */ = {isa = PBXBuildFile; fileRef = 9EF3DA01DE9DE402AAC05DDA /* ThemeManager.swift */; };
		6AED575128B04BF4F42DC82A /* QuickEmojiBar.swift in Sources */ = {isa = PBXBuildFile; fileRef = 28A9A5F9D37A7DA5CBD32D56 /* QuickEmojiBar.swift */; };
		6BB9D95668325BA86AB4009E /* ToolbarCustomizationViewController.swift in Sources */ = {isa = PBXBuildFile; fileRef = 9FE1E3B4C42FA8123D73290B /* ToolbarCustomizationViewController.swift */; };
		6D10997C60C7B3EFDE9AA9AC /* TranslationManager.swift in Sources */ = {isa = PBXBuildFile; fileRef = 4FE50CA723F2B8942D563859 /* TranslationManager.swift */; };
		6D51502B295DDDDF9472E831 /* TranslationCache.swift in Sources */ = {isa = PBXBuildFile; fileRef = 11AE8D80E15CF01D67DFD7C3 /* TranslationCache.swift */; };
		6FE3B87EDD24F6A31686E9FF /* PaywallViewController.swift in Sources */ = {isa = PBXBuildFile; fileRef = ED4D8415F1183E7FDB8673AA /* PaywallViewController.swift */; };
		6FFEABD9F8410C6B3C94BD37 /* SetupSettingsAnimationView.swift in Sources */ = {isa = PBXBuildFile; fileRef = 18A6BA17416255C12D0F7035 /* SetupSettingsAnimationView.swift */; };
		701F1B0B63878CAE70A94BE1 /* SettingsViewController.swift in Sources */ = {isa = PBXBuildFile; fileRef = 6EE5340DD9626EF86A34FB07 /* SettingsViewController.swift */; };
		720773087785DB78142EC7CE /* SavedPhrasesManager.swift in Sources */ = {isa = PBXBuildFile; fileRef = 220AA4049D103D78D47E7984 /* SavedPhrasesManager.swift */; };
		765132D34C8D5992FC862CE9 /* StatsManager.swift in Sources */ = {isa = PBXBuildFile; fileRef = 8A4F6B12DC40DD3380A36E94 /* StatsManager.swift */; };
		770B2C74C6D6316541D68223 /* AdditionalKeyboardBootstrap.swift in Sources */ = {isa = PBXBuildFile; fileRef = 42CCC9E3FC49BD11C45E0795 /* AdditionalKeyboardBootstrap.swift */; };
		7901B822F571C04EB7AE1E8F /* SuccessCheckAnimationView.swift in Sources */ = {isa = PBXBuildFile; fileRef = C00A4653E8C2DFF216509EB2 /* SuccessCheckAnimationView.swift */; };
		7B2894DED7B77DA4A19F1B13 /* AdminMode.swift in Sources */ = {isa = PBXBuildFile; fileRef = 4444FF3375AED5A6585B3E94 /* AdminMode.swift */; };
		7CA8608420D2089309658501 /* FullAccessExplainViewController.swift in Sources */ = {isa = PBXBuildFile; fileRef = 1024190A000DEB8E1C1C4313 /* FullAccessExplainViewController.swift */; };
		82EA4AF1A40AE54238D71C62 /* CherryBlossomView.swift in Sources */ = {isa = PBXBuildFile; fileRef = 6556DEBA4EE6593616B6CBD0 /* CherryBlossomView.swift */; };
		8359E0F36DDE12174E9DA643 /* TouchCalibrationSlotID.swift in Sources */ = {isa = PBXBuildFile; fileRef = 2A75D8428E40AAF5A85B3213 /* TouchCalibrationSlotID.swift */; };
		852F08E3E96F11D539228453 /* HistoryViewController.swift in Sources */ = {isa = PBXBuildFile; fileRef = E4C8156133B43DA46EFE57A5 /* HistoryViewController.swift */; };
		8572F846FEFF2FE95F2F1E37 /* DiffSuggestionView.swift in Sources */ = {isa = PBXBuildFile; fileRef = 3C123F0A0098EFAA0501D648 /* DiffSuggestionView.swift */; };
		8657277D8CBBDB8A6A2D3692 /* CalculatorView.swift in Sources */ = {isa = PBXBuildFile; fileRef = D62F5F24BE3AB78CD6DDE313 /* CalculatorView.swift */; };
		8746ED533CFF5BBF18E2DF98 /* AIWriterViewController.swift in Sources */ = {isa = PBXBuildFile; fileRef = 53719C733843BFFD5C259624 /* AIWriterViewController.swift */; };
		8843D2F4A9F7B399A18D3C67 /* DarwinNotificationBridge.swift in Sources */ = {isa = PBXBuildFile; fileRef = 133AE5A709C45DBDECC7EDDF /* DarwinNotificationBridge.swift */; };
		88DD1D3326500D609D9E2862 /* AutocorrectEngine.swift in Sources */ = {isa = PBXBuildFile; fileRef = 1FCBC8FB5D66C494D8A053A0 /* AutocorrectEngine.swift */; };
		89826C480FF5BF99D1F917E5 /* ClipboardHistoryView.swift in Sources */ = {isa = PBXBuildFile; fileRef = 9D96DB4AC1B21699D2161F70 /* ClipboardHistoryView.swift */; };
		89DB5E5A475C3300236AAD39 /* DailyUsageManager.swift in Sources */ = {isa = PBXBuildFile; fileRef = 4E4DABB112F3FC3A4F3EA625 /* DailyUsageManager.swift */; };
		8B86C10A549172392CA428B3 /* ClipboardItem.swift in Sources */ = {isa = PBXBuildFile; fileRef = 5D681A74E9A93D63532A05A3 /* ClipboardItem.swift */; };
		8BA039CD34B039DFEC28E82E /* SubscriptionStatus.swift in Sources */ = {isa = PBXBuildFile; fileRef = AE58C410E1EB49722CC53E86 /* SubscriptionStatus.swift */; };
		8D013B2453824EBED619AED1 /* PasteGuideViewController.swift in Sources */ = {isa = PBXBuildFile; fileRef = 6D7C3F1D25B60F5D3626F1D8 /* PasteGuideViewController.swift */; };
		911A0B7C5131DC11D05A42AD /* Array+Safe.swift in Sources */ = {isa = PBXBuildFile; fileRef = 62EB5B1F80A6F4A582FC6BE4 /* Array+Safe.swift */; };
		9201B04FDF92E9A9D42E88EE /* AdConfiguration.swift in Sources */ = {isa = PBXBuildFile; fileRef = 9F75F8DF2CF76899ACEC154B /* AdConfiguration.swift */; };
		96C7365D4162ECCE2BB3D3AF /* AppDictationRuntime.swift in Sources */ = {isa = PBXBuildFile; fileRef = 16CD373CECF5920072EF289B /* AppDictationRuntime.swift */; };
		9785F8A80FDFBD1F4CFA3405 /* SavedPhrasesManager.swift in Sources */ = {isa = PBXBuildFile; fileRef = 220AA4049D103D78D47E7984 /* SavedPhrasesManager.swift */; };
		9B49824885F90D95AB695331 /* WeakProxy.swift in Sources */ = {isa = PBXBuildFile; fileRef = 1B05D3541C010C352FC536F4 /* WeakProxy.swift */; };
		9E9271B05CF7E22F46AECCE8 /* TouchCalibrationSlotID.swift in Sources */ = {isa = PBXBuildFile; fileRef = 2A75D8428E40AAF5A85B3213 /* TouchCalibrationSlotID.swift */; };
		9F883392C183786EFD56934E /* PasteGuideSettingsAnimationView.swift in Sources */ = {isa = PBXBuildFile; fileRef = F27CCB3B120750B485BE4929 /* PasteGuideSettingsAnimationView.swift */; };
		A382E0D556D6F8DD2F087512 /* ComposeHistoryViewController.swift in Sources */ = {isa = PBXBuildFile; fileRef = DBF055A4AA8048276932990B /* ComposeHistoryViewController.swift */; };
		A65C2BF8A237BB3A08C28DD8 /* AppColors+Tier.swift in Sources */ = {isa = PBXBuildFile; fileRef = 69FF78BD83787434C97B3D57 /* AppColors+Tier.swift */; };
		A82858BCBAD76DAC46CD2457 /* AppGroupManager.swift in Sources */ = {isa = PBXBuildFile; fileRef = 6FE78200C931753ED4B82721 /* AppGroupManager.swift */; };
		A8D87808340C12103CDC9157 /* QuickNoteManager.swift in Sources */ = {isa = PBXBuildFile; fileRef = A5D616F9EC8210DB36920B51 /* QuickNoteManager.swift */; };
		AA090046A3D1D8091B1DC677 /* ThemePatternRenderer.swift in Sources */ = {isa = PBXBuildFile; fileRef = 60DB4F8CFFD4C220BC8076B7 /* ThemePatternRenderer.swift */; };
		AD2D71F7448025DCA5025C3F /* LanguageSettingsViewController.swift in Sources */ = {isa = PBXBuildFile; fileRef = 148E6803B9B3CF6404E31522 /* LanguageSettingsViewController.swift */; };
		AE0270879394567802004FF4 /* TabBarController.swift in Sources */ = {isa = PBXBuildFile; fileRef = 8589ED5832FCC2F1F8938CA6 /* TabBarController.swift */; };
		B1820812D0E737C75841ABDF /* CompositionSessionManager.swift in Sources */ = {isa = PBXBuildFile; fileRef = EB62BCEBDC4540B729B021DF /* CompositionSessionManager.swift */; };
		B1912C12B1C4ACD97AEC919E /* DictationSessionCoordinator.swift in Sources */ = {isa = PBXBuildFile; fileRef = AD91B9EAF9E8C7EE3495785E /* DictationSessionCoordinator.swift */; };
		B1F6606E425EA8D71077501A /* ToolbarConfiguration.swift in Sources */ = {isa = PBXBuildFile; fileRef = 3A0CABBEF706FEF832D89C3E /* ToolbarConfiguration.swift */; };
		B20960185F2709D35E40B7DD /* SpeechRecognitionManager.swift in Sources */ = {isa = PBXBuildFile; fileRef = 319A1416C16D2D076631DC81 /* SpeechRecognitionManager.swift */; };
		B4E5A8C4D10FFB974DF0AA22 /* DictationSharedStore.swift in Sources */ = {isa = PBXBuildFile; fileRef = CF49409DB05018EFA200D5E0 /* DictationSharedStore.swift */; };
		B69969BC2EFC0183C176D6BF /* PhraseInputHeaderView.swift in Sources */ = {isa = PBXBuildFile; fileRef = B341BEC717176042AAD30FA0 /* PhraseInputHeaderView.swift */; };
		B6F01ECAFA76E2B6D82900AB /* ContextBuffer.swift in Sources */ = {isa = PBXBuildFile; fileRef = D466482591CD18ACB2300B2B /* ContextBuffer.swift */; };
		BC421F14542829B8E840B13E /* ThemePatternRenderer.swift in Sources */ = {isa = PBXBuildFile; fileRef = 60DB4F8CFFD4C220BC8076B7 /* ThemePatternRenderer.swift */; };
		BC591FBF879ACC7EDE0D17EC /* ContextMenuView.swift in Sources */ = {isa = PBXBuildFile; fileRef = 981123781730F0BFFA777617 /* ContextMenuView.swift */; };
		C131E775884C19169B3A2DFE /* DictationModels.swift in Sources */ = {isa = PBXBuildFile; fileRef = ACE10EADE23804C930F42439 /* DictationModels.swift */; };
		C23158F73A4B3C5A8C62CF57 /* CorrectionManager.swift in Sources */ = {isa = PBXBuildFile; fileRef = 7E797DD6A8DD22333199A505 /* CorrectionManager.swift */; };
		C29F8F1627D13E32A4BCA59B /* UIColor+Hex.swift in Sources */ = {isa = PBXBuildFile; fileRef = 3AA91646451438A3349C30B1 /* UIColor+Hex.swift */; };
		C2ABAB13F52490EB633DA050 /* DictationOverlayView.swift in Sources */ = {isa = PBXBuildFile; fileRef = FA7015574A2BF751B12B274B /* DictationOverlayView.swift */; };
		C2C7AC7E92A6BBB273657424 /* DictationConstants.swift in Sources */ = {isa = PBXBuildFile; fileRef = 7A916014D3895559D18A7F33 /* DictationConstants.swift */; };
		C369E18208E39E4B7032E509 /* HomeViewController.swift in Sources */ = {isa = PBXBuildFile; fileRef = 44F4C8EBE0C434358E1CAB60 /* HomeViewController.swift */; };
		C460ACD1E584BD3593C8D2D5 /* MatrixRainView.swift in Sources */ = {isa = PBXBuildFile; fileRef = A9A3E6752645CAA9BD5AE095 /* MatrixRainView.swift */; };
		C4CEC28D493D0B08C5A5B4CF /* UIColor+Hex.swift in Sources */ = {isa = PBXBuildFile; fileRef = 3AA91646451438A3349C30B1 /* UIColor+Hex.swift */; };
		C52D84995DF097A72FF8A397 /* KeyboardTheme.swift in Sources */ = {isa = PBXBuildFile; fileRef = 3FE6C8A86C22CE87CAE26624 /* KeyboardTheme.swift */; };
		C6F75003C1E7288C7544FB49 /* SuggestionManager.swift in Sources */ = {isa = PBXBuildFile; fileRef = 9E3ACADD739C681C0B3B1E42 /* SuggestionManager.swift */; };
		C76D0F5B4EE4636BE56D859D /* ngram_en.json in Resources */ = {isa = PBXBuildFile; fileRef = A6D3C64766829CB9CC9BDDDF /* ngram_en.json */; };
		C8717EBE38C6A86B5CBD1AB2 /* CalibrationKeyboardMirrorView.swift in Sources */ = {isa = PBXBuildFile; fileRef = 29B0C5D2285F3B3B813CB5E4 /* CalibrationKeyboardMirrorView.swift */; };
		CBB891EE6B9C733F93B91934 /* DailyUsageData.swift in Sources */ = {isa = PBXBuildFile; fileRef = D2A622D20B52EE0DCC0DC9AB /* DailyUsageData.swift */; };
		CE77B7E5592A2F8E4B218580 /* HistoryManager.swift in Sources */ = {isa = PBXBuildFile; fileRef = 5D75782C8A72C172A085B211 /* HistoryManager.swift */; };
		CEBA3DA2535B6F0ADC426471 /* CoreTextCacheManager.swift in Sources */ = {isa = PBXBuildFile; fileRef = C039C001B7AFE628CF7CC54B /* CoreTextCacheManager.swift */; };
		CF68826EEB768BD5D33E38AA /* DisplayLinkProxy.swift in Sources */ = {isa = PBXBuildFile; fileRef = FC44F07A200EC8DFD25C1995 /* DisplayLinkProxy.swift */; };
		D042A39B8BE3077950F9F5A1 /* QuickNoteEditView.swift in Sources */ = {isa = PBXBuildFile; fileRef = 902E4BA4B1CF7C71CAD972E4 /* QuickNoteEditView.swift */; };
		D0C66973177BCE2511C50821 /* ComposeHistoryManager.swift in Sources */ = {isa = PBXBuildFile; fileRef = AA87B6ED14B23A63279637AF /* ComposeHistoryManager.swift */; };
		D1ADB3638D89BF7604EBFA1C /* StoreKitManager.swift in Sources */ = {isa = PBXBuildFile; fileRef = 1F99A6C778738429BC6EC5C3 /* StoreKitManager.swift */; };
		D1E834294602D4F2C3C92930 /* KeyboardGeometrySnapshot.swift in Sources */ = {isa = PBXBuildFile; fileRef = 32D55FCF16AFCCAAB75C9F15 /* KeyboardGeometrySnapshot.swift */; };
		D1EF5C92AF7576A03A380409 /* ToneStyle.swift in Sources */ = {isa = PBXBuildFile; fileRef = 3C9634D0D3CD8CF53DDA9CC1 /* ToneStyle.swift */; };
		D22C92752C00DBA36B27CC8E /* DictationViewController.swift in Sources */ = {isa = PBXBuildFile; fileRef = 1973429F089305A3FFDAEEB1 /* DictationViewController.swift */; };
		D26F984FA6C91F312C8516E4 /* KeychainHelper.swift in Sources */ = {isa = PBXBuildFile; fileRef = C44F5678D726D81DAAADFFDF /* KeychainHelper.swift */; };
		D312E0EFD4A6F9B4CE29529D /* SnowfallSoftView.swift in Sources */ = {isa = PBXBuildFile; fileRef = DBABCAF4BBEF72D1C1887B45 /* SnowfallSoftView.swift */; };
		D4CE9428A66D99F9390D0E80 /* UnitConverterView.swift in Sources */ = {isa = PBXBuildFile; fileRef = 7FC34AD787C7CA908F6BA893 /* UnitConverterView.swift */; };
		D54CCF05094BE64808D474E5 /* ActivationTraceLogger.swift in Sources */ = {isa = PBXBuildFile; fileRef = 5B4D8C2C0FBBA3240D1FCC18 /* ActivationTraceLogger.swift */; };
		D6CC0E394E92A0394F2A019A /* GoogleUserMessagingPlatform in Frameworks */ = {isa = PBXBuildFile; productRef = BD3BC26EC80D48EC40C98CBE /* GoogleUserMessagingPlatform */; };
		D837E794BB744CB87E8C777D /* PrivacyInfo.xcprivacy in Resources */ = {isa = PBXBuildFile; fileRef = 0164D0EA23AE9AE0B0671F1F /* PrivacyInfo.xcprivacy */; };
		D869F0F11E1BD092BEC5DD2E /* AppProcessServices.swift in Sources */ = {isa = PBXBuildFile; fileRef = 03B45887771678ECF992D3F9 /* AppProcessServices.swift */; };
		D97C9DCA9088AD3B0EA63738 /* Localizable.strings in Resources */ = {isa = PBXBuildFile; fileRef = 6C7461DC91EFE397502F428B /* Localizable.strings */; };
		D9A4C3015D61C9EE882D540C /* AppColors.swift in Sources */ = {isa = PBXBuildFile; fileRef = ECE6ABE349CE322957A5C575 /* AppColors.swift */; };
		DADD5E8117469D0E5168390F /* DictationModels.swift in Sources */ = {isa = PBXBuildFile; fileRef = ACE10EADE23804C930F42439 /* DictationModels.swift */; };
		DC1E16435FDE8F8C358A2C0B /* LayoutSettingsViewController.swift in Sources */ = {isa = PBXBuildFile; fileRef = FC61300E96415746A09A14FC /* LayoutSettingsViewController.swift */; };
		DCD3592930A0D79C8DE0C43C /* TranslationCache.swift in Sources */ = {isa = PBXBuildFile; fileRef = 11AE8D80E15CF01D67DFD7C3 /* TranslationCache.swift */; };
		DD901333ECAF67FFBEB0D14E /* QuickNoteListViewController.swift in Sources */ = {isa = PBXBuildFile; fileRef = FA7D41C790E08D4187702993 /* QuickNoteListViewController.swift */; };
		E0355878559563542D5E3439 /* TranslationLanguageBar.swift in Sources */ = {isa = PBXBuildFile; fileRef = 0820E5AB84FA14646AEE72A2 /* TranslationLanguageBar.swift */; };
		E114002D7F345F865DE06ACB /* SnowfallView.swift in Sources */ = {isa = PBXBuildFile; fileRef = 3C4DC1BFA145449987C9F548 /* SnowfallView.swift */; };
		E3E121B856F4EDFFEA9FD6A3 /* AppDelegate.swift in Sources */ = {isa = PBXBuildFile; fileRef = 3A3E183622B665F86569655B /* AppDelegate.swift */; };
		E4F87F8E343538A40FF3F37B /* KeyboardViewController.swift in Sources */ = {isa = PBXBuildFile; fileRef = E2ABCF0FF579D517B63E9E5E /* KeyboardViewController.swift */; };
		E53ACE7670C9D9B5C4E58351 /* QuickNoteReadView.swift in Sources */ = {isa = PBXBuildFile; fileRef = F891A86F6DB2435EC85B189E /* QuickNoteReadView.swift */; };
		E5A76958BE1BC8278633FD2B /* QuickNoteEditViewController.swift in Sources */ = {isa = PBXBuildFile; fileRef = B28DD2DFD30B906CFFA3F3A2 /* QuickNoteEditViewController.swift */; };
		E78603C3935D937716E33032 /* CalibrationSeedModel.swift in Sources */ = {isa = PBXBuildFile; fileRef = 022DCE4974E8889394223AB1 /* CalibrationSeedModel.swift */; };
		ECE42B6D027E0DCC06518289 /* SceneDelegate.swift in Sources */ = {isa = PBXBuildFile; fileRef = 5C94EC309EAB7C7F929DAA35 /* SceneDelegate.swift */; };
		F027BB91EC2EC981A6DD95A9 /* KeyboardLayoutView.swift in Sources */ = {isa = PBXBuildFile; fileRef = 2074DF00A0D06308149CC621 /* KeyboardLayoutView.swift */; };
		F030F289069518E0EEDEDE83 /* Localizable.strings in Resources */ = {isa = PBXBuildFile; fileRef = 6C7461DC91EFE397502F428B /* Localizable.strings */; };
		F47554226827703D8403B89E /* AITranslationInfoViewController.swift in Sources */ = {isa = PBXBuildFile; fileRef = 304393CB9DE0BCD91015D573 /* AITranslationInfoViewController.swift */; };
		F553656B66678C8C7C476C47 /* QuickNote.swift in Sources */ = {isa = PBXBuildFile; fileRef = 52A8DC3B753E51323C984121 /* QuickNote.swift */; };
		F66EEB1D88464F5698817A41 /* ClipboardItem.swift in Sources */ = {isa = PBXBuildFile; fileRef = 5D681A74E9A93D63532A05A3 /* ClipboardItem.swift */; };
		F6B6FA0359011DC0F238876E /* SessionManager.swift in Sources */ = {isa = PBXBuildFile; fileRef = 8E6F1F70EA3AC8A828B6400E /* SessionManager.swift */; };
		F979FB1196C79873FEB4DA20 /* SubscriptionStatus.swift in Sources */ = {isa = PBXBuildFile; fileRef = AE58C410E1EB49722CC53E86 /* SubscriptionStatus.swift */; };
/* End PBXBuildFile section */

/* Begin PBXContainerItemProxy section */
		8FB8878D4288A62F9A529143 /* PBXContainerItemProxy */ = {
			isa = PBXContainerItemProxy;
			containerPortal = 10DA9DD1250B87DC90D61517 /* Project object */;
			proxyType = 1;
			remoteGlobalIDString = D81D87B5BB079D15C73B530B;
			remoteInfo = KeyboardExtension;
		};
/* End PBXContainerItemProxy section */

/* Begin PBXCopyFilesBuildPhase section */
		D2A6B5D3C4D79287000C2AC2 /* Embed Foundation Extensions */ = {
			isa = PBXCopyFilesBuildPhase;
			buildActionMask = 2147483647;
			dstPath = "";
			dstSubfolderSpec = 13;
			files = (
				20242EBCBB1F370E0C1A4B16 /* KeyboardExtension.appex in Embed Foundation Extensions */,
			);
			name = "Embed Foundation Extensions";
			runOnlyForDeploymentPostprocessing = 0;
		};
/* End PBXCopyFilesBuildPhase section */

/* Begin PBXFileReference section */
		0164D0EA23AE9AE0B0671F1F /* PrivacyInfo.xcprivacy */ = {isa = PBXFileReference; path = PrivacyInfo.xcprivacy; sourceTree = "<group>"; };
		022DCE4974E8889394223AB1 /* CalibrationSeedModel.swift */ = {isa = PBXFileReference; lastKnownFileType = sourcecode.swift; path = CalibrationSeedModel.swift; sourceTree = "<group>"; };
		032AAD85241D44ADBB503E82 /* en */ = {isa = PBXFileReference; lastKnownFileType = text.plist.strings; name = en; path = en.lproj/Localizable.strings; sourceTree = "<group>"; };
		03B45887771678ECF992D3F9 /* AppProcessServices.swift */ = {isa = PBXFileReference; lastKnownFileType = sourcecode.swift; path = AppProcessServices.swift; sourceTree = "<group>"; };
		03D7ABAFB25DE60E52119088 /* EmojiKeyboardView.swift */ = {isa = PBXFileReference; lastKnownFileType = sourcecode.swift; path = EmojiKeyboardView.swift; sourceTree = "<group>"; };
		07B224BA196CFC2814BB9DBF /* KeyboardAppearanceSettingsViewController.swift */ = {isa = PBXFileReference; lastKnownFileType = sourcecode.swift; path = KeyboardAppearanceSettingsViewController.swift; sourceTree = "<group>"; };
		0820E5AB84FA14646AEE72A2 /* TranslationLanguageBar.swift */ = {isa = PBXFileReference; lastKnownFileType = sourcecode.swift; path = TranslationLanguageBar.swift; sourceTree = "<group>"; };
		08925C075D4DACBE3E2F19CB /* de */ = {isa = PBXFileReference; lastKnownFileType = text.plist.strings; name = de; path = de.lproj/Localizable.strings; sourceTree = "<group>"; };
		1024190A000DEB8E1C1C4313 /* FullAccessExplainViewController.swift */ = {isa = PBXFileReference; lastKnownFileType = sourcecode.swift; path = FullAccessExplainViewController.swift; sourceTree = "<group>"; };
		11AE8D80E15CF01D67DFD7C3 /* TranslationCache.swift */ = {isa = PBXFileReference; lastKnownFileType = sourcecode.swift; path = TranslationCache.swift; sourceTree = "<group>"; };
		133AE5A709C45DBDECC7EDDF /* DarwinNotificationBridge.swift */ = {isa = PBXFileReference; lastKnownFileType = sourcecode.swift; path = DarwinNotificationBridge.swift; sourceTree = "<group>"; };
		148E6803B9B3CF6404E31522 /* LanguageSettingsViewController.swift */ = {isa = PBXFileReference; lastKnownFileType = sourcecode.swift; path = LanguageSettingsViewController.swift; sourceTree = "<group>"; };
		15F02063B8037FB8B731BEE2 /* KeyboardExtension.appex */ = {isa = PBXFileReference; includeInIndex = 0; lastKnownFileType = "wrapper.app-extension"; path = KeyboardExtension.appex; sourceTree = BUILT_PRODUCTS_DIR; };
		16CD373CECF5920072EF289B /* AppDictationRuntime.swift */ = {isa = PBXFileReference; lastKnownFileType = sourcecode.swift; path = AppDictationRuntime.swift; sourceTree = "<group>"; };
		181ED075D59486675D7F6A4D /* ChatReplyGeneratorView.swift */ = {isa = PBXFileReference; lastKnownFileType = sourcecode.swift; path = ChatReplyGeneratorView.swift; sourceTree = "<group>"; };
		18A6BA17416255C12D0F7035 /* SetupSettingsAnimationView.swift */ = {isa = PBXFileReference; lastKnownFileType = sourcecode.swift; path = SetupSettingsAnimationView.swift; sourceTree = "<group>"; };
		1973429F089305A3FFDAEEB1 /* DictationViewController.swift */ = {isa = PBXFileReference; lastKnownFileType = sourcecode.swift; path = DictationViewController.swift; sourceTree = "<group>"; };
		1AA32339E5A9F2A4BCEF52C7 /* SharedNetworkSession.swift */ = {isa = PBXFileReference; lastKnownFileType = sourcecode.swift; path = SharedNetworkSession.swift; sourceTree = "<group>"; };
		1B05D3541C010C352FC536F4 /* WeakProxy.swift */ = {isa = PBXFileReference; lastKnownFileType = sourcecode.swift; path = WeakProxy.swift; sourceTree = "<group>"; };
		1E701A39CEC967EC29145F51 /* CorrectionLanguageBar.swift */ = {isa = PBXFileReference; lastKnownFileType = sourcecode.swift; path = CorrectionLanguageBar.swift; sourceTree = "<group>"; };
		1F99A6C778738429BC6EC5C3 /* StoreKitManager.swift */ = {isa = PBXFileReference; lastKnownFileType = sourcecode.swift; path = StoreKitManager.swift; sourceTree = "<group>"; };
		1FCBC8FB5D66C494D8A053A0 /* AutocorrectEngine.swift */ = {isa = PBXFileReference; lastKnownFileType = sourcecode.swift; path = AutocorrectEngine.swift; sourceTree = "<group>"; };
		2074DF00A0D06308149CC621 /* KeyboardLayoutView.swift */ = {isa = PBXFileReference; lastKnownFileType = sourcecode.swift; path = KeyboardLayoutView.swift; sourceTree = "<group>"; };
		220AA4049D103D78D47E7984 /* SavedPhrasesManager.swift */ = {isa = PBXFileReference; lastKnownFileType = sourcecode.swift; path = SavedPhrasesManager.swift; sourceTree = "<group>"; };
		28A9A5F9D37A7DA5CBD32D56 /* QuickEmojiBar.swift */ = {isa = PBXFileReference; lastKnownFileType = sourcecode.swift; path = QuickEmojiBar.swift; sourceTree = "<group>"; };
		29B0C5D2285F3B3B813CB5E4 /* CalibrationKeyboardMirrorView.swift */ = {isa = PBXFileReference; lastKnownFileType = sourcecode.swift; path = CalibrationKeyboardMirrorView.swift; sourceTree = "<group>"; };
		2A75D8428E40AAF5A85B3213 /* TouchCalibrationSlotID.swift */ = {isa = PBXFileReference; lastKnownFileType = sourcecode.swift; path = TouchCalibrationSlotID.swift; sourceTree = "<group>"; };
		304393CB9DE0BCD91015D573 /* AITranslationInfoViewController.swift */ = {isa = PBXFileReference; lastKnownFileType = sourcecode.swift; path = AITranslationInfoViewController.swift; sourceTree = "<group>"; };
		319A1416C16D2D076631DC81 /* SpeechRecognitionManager.swift */ = {isa = PBXFileReference; lastKnownFileType = sourcecode.swift; path = SpeechRecognitionManager.swift; sourceTree = "<group>"; };
		324670BCF9D505B180F9D2B7 /* ru */ = {isa = PBXFileReference; lastKnownFileType = text.plist.strings; name = ru; path = ru.lproj/Localizable.strings; sourceTree = "<group>"; };
		329693A99639F9AF16BB6EAC /* AdConsentManager.swift */ = {isa = PBXFileReference; lastKnownFileType = sourcecode.swift; path = AdConsentManager.swift; sourceTree = "<group>"; };
		32D55FCF16AFCCAAB75C9F15 /* KeyboardGeometrySnapshot.swift */ = {isa = PBXFileReference; lastKnownFileType = sourcecode.swift; path = KeyboardGeometrySnapshot.swift; sourceTree = "<group>"; };
		3339EDDA18149A8DA3567B29 /* ChatReplyManager.swift */ = {isa = PBXFileReference; lastKnownFileType = sourcecode.swift; path = ChatReplyManager.swift; sourceTree = "<group>"; };
		33DDEB1B46819A80FA123ADC /* AdManager.swift */ = {isa = PBXFileReference; lastKnownFileType = sourcecode.swift; path = AdManager.swift; sourceTree = "<group>"; };
		3576BE1C7D92BB719B7D19AC /* ATTManager.swift */ = {isa = PBXFileReference; lastKnownFileType = sourcecode.swift; path = ATTManager.swift; sourceTree = "<group>"; };
		399AA672135BB42B9E5EC787 /* StardustView.swift */ = {isa = PBXFileReference; lastKnownFileType = sourcecode.swift; path = StardustView.swift; sourceTree = "<group>"; };
		3A0CABBEF706FEF832D89C3E /* ToolbarConfiguration.swift */ = {isa = PBXFileReference; lastKnownFileType = sourcecode.swift; path = ToolbarConfiguration.swift; sourceTree = "<group>"; };
		3A3E183622B665F86569655B /* AppDelegate.swift */ = {isa = PBXFileReference; lastKnownFileType = sourcecode.swift; path = AppDelegate.swift; sourceTree = "<group>"; };
		3AA91646451438A3349C30B1 /* UIColor+Hex.swift */ = {isa = PBXFileReference; lastKnownFileType = sourcecode.swift; path = "UIColor+Hex.swift"; sourceTree = "<group>"; };
		3B682263CC3F7E579393735A /* HistoryItem.swift */ = {isa = PBXFileReference; lastKnownFileType = sourcecode.swift; path = HistoryItem.swift; sourceTree = "<group>"; };
		3BFCAC4F13D863A2C57BAB5E /* FontPool.swift */ = {isa = PBXFileReference; lastKnownFileType = sourcecode.swift; path = FontPool.swift; sourceTree = "<group>"; };
		3C123F0A0098EFAA0501D648 /* DiffSuggestionView.swift */ = {isa = PBXFileReference; lastKnownFileType = sourcecode.swift; path = DiffSuggestionView.swift; sourceTree = "<group>"; };
		3C4DC1BFA145449987C9F548 /* SnowfallView.swift */ = {isa = PBXFileReference; lastKnownFileType = sourcecode.swift; path = SnowfallView.swift; sourceTree = "<group>"; };
		3C7CC49E68CB60E4B13F6A34 /* Products.storekit */ = {isa = PBXFileReference; path = Products.storekit; sourceTree = "<group>"; };
		3C9634D0D3CD8CF53DDA9CC1 /* ToneStyle.swift */ = {isa = PBXFileReference; lastKnownFileType = sourcecode.swift; path = ToneStyle.swift; sourceTree = "<group>"; };
		3D2E761B9E64E9AE2533FC79 /* AccentPopupView.swift */ = {isa = PBXFileReference; lastKnownFileType = sourcecode.swift; path = AccentPopupView.swift; sourceTree = "<group>"; };
		3FE6C8A86C22CE87CAE26624 /* KeyboardTheme.swift */ = {isa = PBXFileReference; lastKnownFileType = sourcecode.swift; path = KeyboardTheme.swift; sourceTree = "<group>"; };
		40D97EBD549B357ABD8041DD /* ko */ = {isa = PBXFileReference; lastKnownFileType = text.plist.strings; name = ko; path = ko.lproj/Localizable.strings; sourceTree = "<group>"; };
		42CCC9E3FC49BD11C45E0795 /* AdditionalKeyboardBootstrap.swift */ = {isa = PBXFileReference; lastKnownFileType = sourcecode.swift; path = AdditionalKeyboardBootstrap.swift; sourceTree = "<group>"; };
		43CE906F2B5C152A5ECAEAFA /* PrivacyDashboardViewController.swift */ = {isa = PBXFileReference; lastKnownFileType = sourcecode.swift; path = PrivacyDashboardViewController.swift; sourceTree = "<group>"; };
		4444FF3375AED5A6585B3E94 /* AdminMode.swift */ = {isa = PBXFileReference; lastKnownFileType = sourcecode.swift; path = AdminMode.swift; sourceTree = "<group>"; };
		44F4C8EBE0C434358E1CAB60 /* HomeViewController.swift */ = {isa = PBXFileReference; lastKnownFileType = sourcecode.swift; path = HomeViewController.swift; sourceTree = "<group>"; };
		4610B1129F0E877AFF3DD4DB /* es */ = {isa = PBXFileReference; lastKnownFileType = text.plist.strings; name = es; path = es.lproj/Localizable.strings; sourceTree = "<group>"; };
		4E4DABB112F3FC3A4F3EA625 /* DailyUsageManager.swift */ = {isa = PBXFileReference; lastKnownFileType = sourcecode.swift; path = DailyUsageManager.swift; sourceTree = "<group>"; };
		4FE50CA723F2B8942D563859 /* TranslationManager.swift */ = {isa = PBXFileReference; lastKnownFileType = sourcecode.swift; path = TranslationManager.swift; sourceTree = "<group>"; };
		52A8DC3B753E51323C984121 /* QuickNote.swift */ = {isa = PBXFileReference; lastKnownFileType = sourcecode.swift; path = QuickNote.swift; sourceTree = "<group>"; };
		53719C733843BFFD5C259624 /* AIWriterViewController.swift */ = {isa = PBXFileReference; lastKnownFileType = sourcecode.swift; path = AIWriterViewController.swift; sourceTree = "<group>"; };
		542F107CFF84E927F85EEC8D /* zh-Hans */ = {isa = PBXFileReference; lastKnownFileType = text.plist.strings; name = "zh-Hans"; path = "zh-Hans.lproj/Localizable.strings"; sourceTree = "<group>"; };
		5A2EBBAD04041EB4D95709FC /* TextProxyManager.swift */ = {isa = PBXFileReference; lastKnownFileType = sourcecode.swift; path = TextProxyManager.swift; sourceTree = "<group>"; };
		5B4D8C2C0FBBA3240D1FCC18 /* ActivationTraceLogger.swift */ = {isa = PBXFileReference; lastKnownFileType = sourcecode.swift; path = ActivationTraceLogger.swift; sourceTree = "<group>"; };
		5C94EC309EAB7C7F929DAA35 /* SceneDelegate.swift */ = {isa = PBXFileReference; lastKnownFileType = sourcecode.swift; path = SceneDelegate.swift; sourceTree = "<group>"; };
		5D681A74E9A93D63532A05A3 /* ClipboardItem.swift */ = {isa = PBXFileReference; lastKnownFileType = sourcecode.swift; path = ClipboardItem.swift; sourceTree = "<group>"; };
		5D75782C8A72C172A085B211 /* HistoryManager.swift */ = {isa = PBXFileReference; lastKnownFileType = sourcecode.swift; path = HistoryManager.swift; sourceTree = "<group>"; };
		60DB4F8CFFD4C220BC8076B7 /* ThemePatternRenderer.swift */ = {isa = PBXFileReference; lastKnownFileType = sourcecode.swift; path = ThemePatternRenderer.swift; sourceTree = "<group>"; };
		62EB5B1F80A6F4A582FC6BE4 /* Array+Safe.swift */ = {isa = PBXFileReference; lastKnownFileType = sourcecode.swift; path = "Array+Safe.swift"; sourceTree = "<group>"; };
		6556DEBA4EE6593616B6CBD0 /* CherryBlossomView.swift */ = {isa = PBXFileReference; lastKnownFileType = sourcecode.swift; path = CherryBlossomView.swift; sourceTree = "<group>"; };
		69FF78BD83787434C97B3D57 /* AppColors+Tier.swift */ = {isa = PBXFileReference; lastKnownFileType = sourcecode.swift; path = "AppColors+Tier.swift"; sourceTree = "<group>"; };
		6D7C3F1D25B60F5D3626F1D8 /* PasteGuideViewController.swift */ = {isa = PBXFileReference; lastKnownFileType = sourcecode.swift; path = PasteGuideViewController.swift; sourceTree = "<group>"; };
		6EE5340DD9626EF86A34FB07 /* SettingsViewController.swift */ = {isa = PBXFileReference; lastKnownFileType = sourcecode.swift; path = SettingsViewController.swift; sourceTree = "<group>"; };
		6FE78200C931753ED4B82721 /* AppGroupManager.swift */ = {isa = PBXFileReference; lastKnownFileType = sourcecode.swift; path = AppGroupManager.swift; sourceTree = "<group>"; };
		7529185528331E66A2F1D6CD /* ja */ = {isa = PBXFileReference; lastKnownFileType = text.plist.strings; name = ja; path = ja.lproj/Localizable.strings; sourceTree = "<group>"; };
		753E7B54E0DE01815827A9FD /* it */ = {isa = PBXFileReference; lastKnownFileType = text.plist.strings; name = it; path = it.lproj/Localizable.strings; sourceTree = "<group>"; };
		76A7DA6768D88792F6FC2B3E /* Assets.xcassets */ = {isa = PBXFileReference; lastKnownFileType = folder.assetcatalog; path = Assets.xcassets; sourceTree = "<group>"; };
		7804F1CB77999E9C5A71BE51 /* AIWriterTemplates.swift */ = {isa = PBXFileReference; lastKnownFileType = sourcecode.swift; path = AIWriterTemplates.swift; sourceTree = "<group>"; };
		79A5E2F9929B892301838240 /* MercuryRippleView.swift */ = {isa = PBXFileReference; lastKnownFileType = sourcecode.swift; path = MercuryRippleView.swift; sourceTree = "<group>"; };
		7A916014D3895559D18A7F33 /* DictationConstants.swift */ = {isa = PBXFileReference; lastKnownFileType = sourcecode.swift; path = DictationConstants.swift; sourceTree = "<group>"; };
		7E797DD6A8DD22333199A505 /* CorrectionManager.swift */ = {isa = PBXFileReference; lastKnownFileType = sourcecode.swift; path = CorrectionManager.swift; sourceTree = "<group>"; };
		7FC34AD787C7CA908F6BA893 /* UnitConverterView.swift */ = {isa = PBXFileReference; lastKnownFileType = sourcecode.swift; path = UnitConverterView.swift; sourceTree = "<group>"; };
		808CFDDA893782DB264BCBE8 /* FeatureGate.swift */ = {isa = PBXFileReference; lastKnownFileType = sourcecode.swift; path = FeatureGate.swift; sourceTree = "<group>"; };
		8174B187D22C32A35F1F9DB0 /* AccentMap.swift */ = {isa = PBXFileReference; lastKnownFileType = sourcecode.swift; path = AccentMap.swift; sourceTree = "<group>"; };
		8589ED5832FCC2F1F8938CA6 /* TabBarController.swift */ = {isa = PBXFileReference; lastKnownFileType = sourcecode.swift; path = TabBarController.swift; sourceTree = "<group>"; };
		8A02361E8E6D336E632AD205 /* HangulComposer.swift */ = {isa = PBXFileReference; lastKnownFileType = sourcecode.swift; path = HangulComposer.swift; sourceTree = "<group>"; };
		8A4F6B12DC40DD3380A36E94 /* StatsManager.swift */ = {isa = PBXFileReference; lastKnownFileType = sourcecode.swift; path = StatsManager.swift; sourceTree = "<group>"; };
		8E6F1F70EA3AC8A828B6400E /* SessionManager.swift */ = {isa = PBXFileReference; lastKnownFileType = sourcecode.swift; path = SessionManager.swift; sourceTree = "<group>"; };
		902E4BA4B1CF7C71CAD972E4 /* QuickNoteEditView.swift */ = {isa = PBXFileReference; lastKnownFileType = sourcecode.swift; path = QuickNoteEditView.swift; sourceTree = "<group>"; };
		90A9B64C203AB7EC948D2813 /* MainViewController.swift */ = {isa = PBXFileReference; lastKnownFileType = sourcecode.swift; path = MainViewController.swift; sourceTree = "<group>"; };
		981123781730F0BFFA777617 /* ContextMenuView.swift */ = {isa = PBXFileReference; lastKnownFileType = sourcecode.swift; path = ContextMenuView.swift; sourceTree = "<group>"; };
		9827FE972061CCA1198DF847 /* TranslatorKeyboard.entitlements */ = {isa = PBXFileReference; lastKnownFileType = text.plist.entitlements; path = TranslatorKeyboard.entitlements; sourceTree = "<group>"; };
		9995A458FF82250CA4F9E80C /* ChatReplyCache.swift */ = {isa = PBXFileReference; lastKnownFileType = sourcecode.swift; path = ChatReplyCache.swift; sourceTree = "<group>"; };
		9D96DB4AC1B21699D2161F70 /* ClipboardHistoryView.swift */ = {isa = PBXFileReference; lastKnownFileType = sourcecode.swift; path = ClipboardHistoryView.swift; sourceTree = "<group>"; };
		9E3ACADD739C681C0B3B1E42 /* SuggestionManager.swift */ = {isa = PBXFileReference; lastKnownFileType = sourcecode.swift; path = SuggestionManager.swift; sourceTree = "<group>"; };
		9EF3DA01DE9DE402AAC05DDA /* ThemeManager.swift */ = {isa = PBXFileReference; lastKnownFileType = sourcecode.swift; path = ThemeManager.swift; sourceTree = "<group>"; };
		9F75F8DF2CF76899ACEC154B /* AdConfiguration.swift */ = {isa = PBXFileReference; lastKnownFileType = sourcecode.swift; path = AdConfiguration.swift; sourceTree = "<group>"; };
		9FE1E3B4C42FA8123D73290B /* ToolbarCustomizationViewController.swift */ = {isa = PBXFileReference; lastKnownFileType = sourcecode.swift; path = ToolbarCustomizationViewController.swift; sourceTree = "<group>"; };
		A26FB81CFF07FA16DCA344AE /* TonePickerView.swift */ = {isa = PBXFileReference; lastKnownFileType = sourcecode.swift; path = TonePickerView.swift; sourceTree = "<group>"; };
		A2C36F5FE7C33CE377D041C1 /* LanguagePickerView.swift */ = {isa = PBXFileReference; lastKnownFileType = sourcecode.swift; path = LanguagePickerView.swift; sourceTree = "<group>"; };
		A4247D68C9280B11F5F0FEE8 /* AICorrectionInfoViewController.swift */ = {isa = PBXFileReference; lastKnownFileType = sourcecode.swift; path = AICorrectionInfoViewController.swift; sourceTree = "<group>"; };
		A5D616F9EC8210DB36920B51 /* QuickNoteManager.swift */ = {isa = PBXFileReference; lastKnownFileType = sourcecode.swift; path = QuickNoteManager.swift; sourceTree = "<group>"; };
		A6000F0BD0B2A3FE078D0A60 /* ToolbarView.swift */ = {isa = PBXFileReference; lastKnownFileType = sourcecode.swift; path = ToolbarView.swift; sourceTree = "<group>"; };
		A6D3C64766829CB9CC9BDDDF /* ngram_en.json */ = {isa = PBXFileReference; lastKnownFileType = text.json; path = ngram_en.json; sourceTree = "<group>"; };
		A9A3E6752645CAA9BD5AE095 /* MatrixRainView.swift */ = {isa = PBXFileReference; lastKnownFileType = sourcecode.swift; path = MatrixRainView.swift; sourceTree = "<group>"; };
		AA87B6ED14B23A63279637AF /* ComposeHistoryManager.swift */ = {isa = PBXFileReference; lastKnownFileType = sourcecode.swift; path = ComposeHistoryManager.swift; sourceTree = "<group>"; };
		ACE10EADE23804C930F42439 /* DictationModels.swift */ = {isa = PBXFileReference; lastKnownFileType = sourcecode.swift; path = DictationModels.swift; sourceTree = "<group>"; };
		AD513B75C01FA09795C3034B /* ngram_ko.json */ = {isa = PBXFileReference; lastKnownFileType = text.json; path = ngram_ko.json; sourceTree = "<group>"; };
		AD91B9EAF9E8C7EE3495785E /* DictationSessionCoordinator.swift */ = {isa = PBXFileReference; lastKnownFileType = sourcecode.swift; path = DictationSessionCoordinator.swift; sourceTree = "<group>"; };
		AE58C410E1EB49722CC53E86 /* SubscriptionStatus.swift */ = {isa = PBXFileReference; lastKnownFileType = sourcecode.swift; path = SubscriptionStatus.swift; sourceTree = "<group>"; };
		B28DD2DFD30B906CFFA3F3A2 /* QuickNoteEditViewController.swift */ = {isa = PBXFileReference; lastKnownFileType = sourcecode.swift; path = QuickNoteEditViewController.swift; sourceTree = "<group>"; };
		B341BEC717176042AAD30FA0 /* PhraseInputHeaderView.swift */ = {isa = PBXFileReference; lastKnownFileType = sourcecode.swift; path = PhraseInputHeaderView.swift; sourceTree = "<group>"; };
		B6634F0E1C3BA9F4C4F7C6DD /* DictationBootstrapViewController.swift */ = {isa = PBXFileReference; lastKnownFileType = sourcecode.swift; path = DictationBootstrapViewController.swift; sourceTree = "<group>"; };
		BD0D71E79546806F77FA2B2C /* TranslationInputView.swift */ = {isa = PBXFileReference; lastKnownFileType = sourcecode.swift; path = TranslationInputView.swift; sourceTree = "<group>"; };
		BD9A21ED3B371494F4353625 /* KeyPreviewView.swift */ = {isa = PBXFileReference; lastKnownFileType = sourcecode.swift; path = KeyPreviewView.swift; sourceTree = "<group>"; };
		BDBE057098A4ED84A0AF5964 /* ThemeSelectionViewController.swift */ = {isa = PBXFileReference; lastKnownFileType = sourcecode.swift; path = ThemeSelectionViewController.swift; sourceTree = "<group>"; };
		BE6EC2EDFEDB89CF71AB5A8F /* fr */ = {isa = PBXFileReference; lastKnownFileType = text.plist.strings; name = fr; path = fr.lproj/Localizable.strings; sourceTree = "<group>"; };
		BF1D1F3F9CA9F69A67054C25 /* LocalizationManager.swift */ = {isa = PBXFileReference; lastKnownFileType = sourcecode.swift; path = LocalizationManager.swift; sourceTree = "<group>"; };
		C00A4653E8C2DFF216509EB2 /* SuccessCheckAnimationView.swift */ = {isa = PBXFileReference; lastKnownFileType = sourcecode.swift; path = SuccessCheckAnimationView.swift; sourceTree = "<group>"; };
		C039C001B7AFE628CF7CC54B /* CoreTextCacheManager.swift */ = {isa = PBXFileReference; lastKnownFileType = sourcecode.swift; path = CoreTextCacheManager.swift; sourceTree = "<group>"; };
		C0F4AB8040BB397B5716EED8 /* BlackboxAnomalyLogger.swift */ = {isa = PBXFileReference; lastKnownFileType = sourcecode.swift; path = BlackboxAnomalyLogger.swift; sourceTree = "<group>"; };
		C2CDFC8B502F230107E052E7 /* Constants.swift */ = {isa = PBXFileReference; lastKnownFileType = sourcecode.swift; path = Constants.swift; sourceTree = "<group>"; };
		C44F5678D726D81DAAADFFDF /* KeychainHelper.swift */ = {isa = PBXFileReference; lastKnownFileType = sourcecode.swift; path = KeychainHelper.swift; sourceTree = "<group>"; };
		C5630C7ED31C5E0419029FD7 /* TextInputHandler.swift */ = {isa = PBXFileReference; lastKnownFileType = sourcecode.swift; path = TextInputHandler.swift; sourceTree = "<group>"; };
		C63CC5F8905248023302E058 /* OnboardingViewController.swift */ = {isa = PBXFileReference; lastKnownFileType = sourcecode.swift; path = OnboardingViewController.swift; sourceTree = "<group>"; };
		CE7D57EE28DFAB35051C440A /* SavedPhrasesView.swift */ = {isa = PBXFileReference; lastKnownFileType = sourcecode.swift; path = SavedPhrasesView.swift; sourceTree = "<group>"; };
		CEFCD59B19D6B214370C504C /* TranslatorKeyboard.app */ = {isa = PBXFileReference; includeInIndex = 0; lastKnownFileType = wrapper.application; path = TranslatorKeyboard.app; sourceTree = BUILT_PRODUCTS_DIR; };
		CF30703BC12CC25722DB7DB7 /* PrivacyInfo.xcprivacy */ = {isa = PBXFileReference; path = PrivacyInfo.xcprivacy; sourceTree = "<group>"; };
		CF49409DB05018EFA200D5E0 /* DictationSharedStore.swift */ = {isa = PBXFileReference; lastKnownFileType = sourcecode.swift; path = DictationSharedStore.swift; sourceTree = "<group>"; };
		D2A622D20B52EE0DCC0DC9AB /* DailyUsageData.swift */ = {isa = PBXFileReference; lastKnownFileType = sourcecode.swift; path = DailyUsageData.swift; sourceTree = "<group>"; };
		D466482591CD18ACB2300B2B /* ContextBuffer.swift */ = {isa = PBXFileReference; lastKnownFileType = sourcecode.swift; path = ContextBuffer.swift; sourceTree = "<group>"; };
		D62F5F24BE3AB78CD6DDE313 /* CalculatorView.swift */ = {isa = PBXFileReference; lastKnownFileType = sourcecode.swift; path = CalculatorView.swift; sourceTree = "<group>"; };
		D7312C70DB1DC91B337A2884 /* DictationService.swift */ = {isa = PBXFileReference; lastKnownFileType = sourcecode.swift; path = DictationService.swift; sourceTree = "<group>"; };
		D8941463AB792555551ECC46 /* PredictionEngine.swift */ = {isa = PBXFileReference; lastKnownFileType = sourcecode.swift; path = PredictionEngine.swift; sourceTree = "<group>"; };
		DB42CA6780213F924CEC9822 /* QuickNoteListView.swift */ = {isa = PBXFileReference; lastKnownFileType = sourcecode.swift; path = QuickNoteListView.swift; sourceTree = "<group>"; };
		DBABCAF4BBEF72D1C1887B45 /* SnowfallSoftView.swift */ = {isa = PBXFileReference; lastKnownFileType = sourcecode.swift; path = SnowfallSoftView.swift; sourceTree = "<group>"; };
		DBF055A4AA8048276932990B /* ComposeHistoryViewController.swift */ = {isa = PBXFileReference; lastKnownFileType = sourcecode.swift; path = ComposeHistoryViewController.swift; sourceTree = "<group>"; };
		DC639124CD671C9919B04D5D /* ClipboardHistoryManager.swift */ = {isa = PBXFileReference; lastKnownFileType = sourcecode.swift; path = ClipboardHistoryManager.swift; sourceTree = "<group>"; };
		E2ABCF0FF579D517B63E9E5E /* KeyboardViewController.swift */ = {isa = PBXFileReference; lastKnownFileType = sourcecode.swift; path = KeyboardViewController.swift; sourceTree = "<group>"; };
		E32285E7E7124C8E99479D1D /* DictationTextApplier.swift */ = {isa = PBXFileReference; lastKnownFileType = sourcecode.swift; path = DictationTextApplier.swift; sourceTree = "<group>"; };
		E4C8156133B43DA46EFE57A5 /* HistoryViewController.swift */ = {isa = PBXFileReference; lastKnownFileType = sourcecode.swift; path = HistoryViewController.swift; sourceTree = "<group>"; };
		E56C026C05D186CC2E5F2172 /* KeyboardExtension.entitlements */ = {isa = PBXFileReference; lastKnownFileType = text.plist.entitlements; path = KeyboardExtension.entitlements; sourceTree = "<group>"; };
		EB62BCEBDC4540B729B021DF /* CompositionSessionManager.swift */ = {isa = PBXFileReference; lastKnownFileType = sourcecode.swift; path = CompositionSessionManager.swift; sourceTree = "<group>"; };
		ECE6ABE349CE322957A5C575 /* AppColors.swift */ = {isa = PBXFileReference; lastKnownFileType = sourcecode.swift; path = AppColors.swift; sourceTree = "<group>"; };
		ECEEEB186E7EF6100194C824 /* CalibrationViewController.swift */ = {isa = PBXFileReference; lastKnownFileType = sourcecode.swift; path = CalibrationViewController.swift; sourceTree = "<group>"; };
		ED4D8415F1183E7FDB8673AA /* PaywallViewController.swift */ = {isa = PBXFileReference; lastKnownFileType = sourcecode.swift; path = PaywallViewController.swift; sourceTree = "<group>"; };
		F27CCB3B120750B485BE4929 /* PasteGuideSettingsAnimationView.swift */ = {isa = PBXFileReference; lastKnownFileType = sourcecode.swift; path = PasteGuideSettingsAnimationView.swift; sourceTree = "<group>"; };
		F2F7E0ADFB1B186D6E02D410 /* RewardedAdsViewController.swift */ = {isa = PBXFileReference; lastKnownFileType = sourcecode.swift; path = RewardedAdsViewController.swift; sourceTree = "<group>"; };
		F891A86F6DB2435EC85B189E /* QuickNoteReadView.swift */ = {isa = PBXFileReference; lastKnownFileType = sourcecode.swift; path = QuickNoteReadView.swift; sourceTree = "<group>"; };
		FA7015574A2BF751B12B274B /* DictationOverlayView.swift */ = {isa = PBXFileReference; lastKnownFileType = sourcecode.swift; path = DictationOverlayView.swift; sourceTree = "<group>"; };
		FA7D41C790E08D4187702993 /* QuickNoteListViewController.swift */ = {isa = PBXFileReference; lastKnownFileType = sourcecode.swift; path = QuickNoteListViewController.swift; sourceTree = "<group>"; };
		FC44F07A200EC8DFD25C1995 /* DisplayLinkProxy.swift */ = {isa = PBXFileReference; lastKnownFileType = sourcecode.swift; path = DisplayLinkProxy.swift; sourceTree = "<group>"; };
		FC61300E96415746A09A14FC /* LayoutSettingsViewController.swift */ = {isa = PBXFileReference; lastKnownFileType = sourcecode.swift; path = LayoutSettingsViewController.swift; sourceTree = "<group>"; };
		FCBBAC121EB091E309115C22 /* VerificationKeyboardSwitchAnimationView.swift */ = {isa = PBXFileReference; lastKnownFileType = sourcecode.swift; path = VerificationKeyboardSwitchAnimationView.swift; sourceTree = "<group>"; };
		FEDB8D80587474377764E807 /* Assets.xcassets */ = {isa = PBXFileReference; lastKnownFileType = folder.assetcatalog; path = Assets.xcassets; sourceTree = "<group>"; };
/* End PBXFileReference section */

/* Begin PBXFrameworksBuildPhase section */
		41C15F29F5E9E3F0FAE67C81 /* Frameworks */ = {
			isa = PBXFrameworksBuildPhase;
			buildActionMask = 2147483647;
			files = (
				5535CD1C57777C8DE33AEF9C /* GoogleMobileAds in Frameworks */,
				D6CC0E394E92A0394F2A019A /* GoogleUserMessagingPlatform in Frameworks */,
			);
			runOnlyForDeploymentPostprocessing = 0;
		};
/* End PBXFrameworksBuildPhase section */

/* Begin PBXGroup section */
		029E3101DC7948E229F6347C /* Paywall */ = {
			isa = PBXGroup;
			children = (
				ED4D8415F1183E7FDB8673AA /* PaywallViewController.swift */,
				3C7CC49E68CB60E4B13F6A34 /* Products.storekit */,
				1F99A6C778738429BC6EC5C3 /* StoreKitManager.swift */,
			);
			path = Paywall;
			sourceTree = "<group>";
		};
		23A287D05E71178783B1D756 /* Home */ = {
			isa = PBXGroup;
			children = (
				44F4C8EBE0C434358E1CAB60 /* HomeViewController.swift */,
			);
			path = Home;
			sourceTree = "<group>";
		};
		272735F9A93E9C91B88B8F36 /* AIWriter */ = {
			isa = PBXGroup;
			children = (
				7804F1CB77999E9C5A71BE51 /* AIWriterTemplates.swift */,
				53719C733843BFFD5C259624 /* AIWriterViewController.swift */,
				AA87B6ED14B23A63279637AF /* ComposeHistoryManager.swift */,
				DBF055A4AA8048276932990B /* ComposeHistoryViewController.swift */,
			);
			path = AIWriter;
			sourceTree = "<group>";
		};
		296F73430F09678354EBCEC9 /* Settings */ = {
			isa = PBXGroup;
			children = (
				A4247D68C9280B11F5F0FEE8 /* AICorrectionInfoViewController.swift */,
				304393CB9DE0BCD91015D573 /* AITranslationInfoViewController.swift */,
				29B0C5D2285F3B3B813CB5E4 /* CalibrationKeyboardMirrorView.swift */,
				ECEEEB186E7EF6100194C824 /* CalibrationViewController.swift */,
				1024190A000DEB8E1C1C4313 /* FullAccessExplainViewController.swift */,
				07B224BA196CFC2814BB9DBF /* KeyboardAppearanceSettingsViewController.swift */,
				148E6803B9B3CF6404E31522 /* LanguageSettingsViewController.swift */,
				FC61300E96415746A09A14FC /* LayoutSettingsViewController.swift */,
				F27CCB3B120750B485BE4929 /* PasteGuideSettingsAnimationView.swift */,
				6D7C3F1D25B60F5D3626F1D8 /* PasteGuideViewController.swift */,
				43CE906F2B5C152A5ECAEAFA /* PrivacyDashboardViewController.swift */,
				B28DD2DFD30B906CFFA3F3A2 /* QuickNoteEditViewController.swift */,
				FA7D41C790E08D4187702993 /* QuickNoteListViewController.swift */,
				6EE5340DD9626EF86A34FB07 /* SettingsViewController.swift */,
				BDBE057098A4ED84A0AF5964 /* ThemeSelectionViewController.swift */,
				9FE1E3B4C42FA8123D73290B /* ToolbarCustomizationViewController.swift */,
			);
			path = Settings;
			sourceTree = "<group>";
		};
		306EA16641B37F317462C1B4 /* Products */ = {
			isa = PBXGroup;
			children = (
				15F02063B8037FB8B731BEE2 /* KeyboardExtension.appex */,
				CEFCD59B19D6B214370C504C /* TranslatorKeyboard.app */,
			);
			name = Products;
			sourceTree = "<group>";
		};
		41EC4C80E2AED1193E14330D /* Animation */ = {
			isa = PBXGroup;
			children = (
				6556DEBA4EE6593616B6CBD0 /* CherryBlossomView.swift */,
				A9A3E6752645CAA9BD5AE095 /* MatrixRainView.swift */,
				79A5E2F9929B892301838240 /* MercuryRippleView.swift */,
				DBABCAF4BBEF72D1C1887B45 /* SnowfallSoftView.swift */,
				3C4DC1BFA145449987C9F548 /* SnowfallView.swift */,
				399AA672135BB42B9E5EC787 /* StardustView.swift */,
			);
			path = Animation;
			sourceTree = "<group>";
		};
		4230CE9937E4FE53729BBD96 /* TranslatorKeyboard */ = {
			isa = PBXGroup;
			children = (
				76A7DA6768D88792F6FC2B3E /* Assets.xcassets */,
				0164D0EA23AE9AE0B0671F1F /* PrivacyInfo.xcprivacy */,
				9827FE972061CCA1198DF847 /* TranslatorKeyboard.entitlements */,
				272735F9A93E9C91B88B8F36 /* AIWriter */,
				5D72009ADDC2558E8FB997E0 /* App */,
				C214F16AD18CAA30592F6488 /* Extensions */,
				C222EA8322BA24E6A433711A /* History */,
				23A287D05E71178783B1D756 /* Home */,
				B5272BEEFF8BB77D51B53B8F /* Onboarding */,
				029E3101DC7948E229F6347C /* Paywall */,
				FC17688ECD68EF751C993FD2 /* RewardedAds */,
				296F73430F09678354EBCEC9 /* Settings */,
				B9B9ECC780C70114276172FB /* Voice */,
			);
			path = TranslatorKeyboard;
			sourceTree = "<group>";
		};
		43B6AA0B4788DDA803262AB2 /* Theme */ = {
			isa = PBXGroup;
			children = (
				41EC4C80E2AED1193E14330D /* Animation */,
				715C5CF1CD2EA7B7BED74642 /* Core */,
			);
			path = Theme;
			sourceTree = "<group>";
		};
		5D72009ADDC2558E8FB997E0 /* App */ = {
			isa = PBXGroup;
			children = (
				3A3E183622B665F86569655B /* AppDelegate.swift */,
				90A9B64C203AB7EC948D2813 /* MainViewController.swift */,
				5C94EC309EAB7C7F929DAA35 /* SceneDelegate.swift */,
				8589ED5832FCC2F1F8938CA6 /* TabBarController.swift */,
			);
			path = App;
			sourceTree = "<group>";
		};
		715C5CF1CD2EA7B7BED74642 /* Core */ = {
			isa = PBXGroup;
			children = (
				3FE6C8A86C22CE87CAE26624 /* KeyboardTheme.swift */,
				9EF3DA01DE9DE402AAC05DDA /* ThemeManager.swift */,
				60DB4F8CFFD4C220BC8076B7 /* ThemePatternRenderer.swift */,
			);
			path = Core;
			sourceTree = "<group>";
		};
		72C32C2E24A5A729B8F2C947 /* Logic */ = {
			isa = PBXGroup;
			children = (
				1FCBC8FB5D66C494D8A053A0 /* AutocorrectEngine.swift */,
				9995A458FF82250CA4F9E80C /* ChatReplyCache.swift */,
				3339EDDA18149A8DA3567B29 /* ChatReplyManager.swift */,
				DC639124CD671C9919B04D5D /* ClipboardHistoryManager.swift */,
				D466482591CD18ACB2300B2B /* ContextBuffer.swift */,
				7E797DD6A8DD22333199A505 /* CorrectionManager.swift */,
				8A02361E8E6D336E632AD205 /* HangulComposer.swift */,
				D8941463AB792555551ECC46 /* PredictionEngine.swift */,
				220AA4049D103D78D47E7984 /* SavedPhrasesManager.swift */,
				1AA32339E5A9F2A4BCEF52C7 /* SharedNetworkSession.swift */,
				9E3ACADD739C681C0B3B1E42 /* SuggestionManager.swift */,
				C5630C7ED31C5E0419029FD7 /* TextInputHandler.swift */,
				5A2EBBAD04041EB4D95709FC /* TextProxyManager.swift */,
				4FE50CA723F2B8942D563859 /* TranslationManager.swift */,
			);
			path = Logic;
			sourceTree = "<group>";
		};
		768E1FBE90D1BDE218924FCA /* UI */ = {
			isa = PBXGroup;
			children = (
				8174B187D22C32A35F1F9DB0 /* AccentMap.swift */,
				3D2E761B9E64E9AE2533FC79 /* AccentPopupView.swift */,
				D62F5F24BE3AB78CD6DDE313 /* CalculatorView.swift */,
				181ED075D59486675D7F6A4D /* ChatReplyGeneratorView.swift */,
				9D96DB4AC1B21699D2161F70 /* ClipboardHistoryView.swift */,
				981123781730F0BFFA777617 /* ContextMenuView.swift */,
				1E701A39CEC967EC29145F51 /* CorrectionLanguageBar.swift */,
				3C123F0A0098EFAA0501D648 /* DiffSuggestionView.swift */,
				03D7ABAFB25DE60E52119088 /* EmojiKeyboardView.swift */,
				2074DF00A0D06308149CC621 /* KeyboardLayoutView.swift */,
				BD9A21ED3B371494F4353625 /* KeyPreviewView.swift */,
				A2C36F5FE7C33CE377D041C1 /* LanguagePickerView.swift */,
				B341BEC717176042AAD30FA0 /* PhraseInputHeaderView.swift */,
				28A9A5F9D37A7DA5CBD32D56 /* QuickEmojiBar.swift */,
				902E4BA4B1CF7C71CAD972E4 /* QuickNoteEditView.swift */,
				DB42CA6780213F924CEC9822 /* QuickNoteListView.swift */,
				F891A86F6DB2435EC85B189E /* QuickNoteReadView.swift */,
				CE7D57EE28DFAB35051C440A /* SavedPhrasesView.swift */,
				A26FB81CFF07FA16DCA344AE /* TonePickerView.swift */,
				A6000F0BD0B2A3FE078D0A60 /* ToolbarView.swift */,
				BD0D71E79546806F77FA2B2C /* TranslationInputView.swift */,
				0820E5AB84FA14646AEE72A2 /* TranslationLanguageBar.swift */,
				7FC34AD787C7CA908F6BA893 /* UnitConverterView.swift */,
			);
			path = UI;
			sourceTree = "<group>";
		};
		7F6FAC13280520EFF4732713 /* Localizations */ = {
			isa = PBXGroup;
			children = (
				6C7461DC91EFE397502F428B /* Localizable.strings */,
			);
			path = Localizations;
			sourceTree = "<group>";
		};
		8D733AA9C8A306DC2EF99AFE /* KeyboardExtension */ = {
			isa = PBXGroup;
			children = (
				FEDB8D80587474377764E807 /* Assets.xcassets */,
				C039C001B7AFE628CF7CC54B /* CoreTextCacheManager.swift */,
				FC44F07A200EC8DFD25C1995 /* DisplayLinkProxy.swift */,
				3BFCAC4F13D863A2C57BAB5E /* FontPool.swift */,
				E56C026C05D186CC2E5F2172 /* KeyboardExtension.entitlements */,
				E2ABCF0FF579D517B63E9E5E /* KeyboardViewController.swift */,
				CF30703BC12CC25722DB7DB7 /* PrivacyInfo.xcprivacy */,
				1B05D3541C010C352FC536F4 /* WeakProxy.swift */,
				D24B8120CFF2158BAADD0301 /* Debug */,
				926AFE97ED98969D4B1C04F1 /* Extensions */,
				72C32C2E24A5A729B8F2C947 /* Logic */,
				C7D19AADC203E5850D8BFAEF /* Resources */,
				43B6AA0B4788DDA803262AB2 /* Theme */,
				768E1FBE90D1BDE218924FCA /* UI */,
				D5F458DE9395B9E1BD16364A /* Voice */,
			);
			path = KeyboardExtension;
			sourceTree = "<group>";
		};
		90AD3FEDABA364962673A6D5 /* Shared */ = {
			isa = PBXGroup;
			children = (
				42CCC9E3FC49BD11C45E0795 /* AdditionalKeyboardBootstrap.swift */,
				4444FF3375AED5A6585B3E94 /* AdminMode.swift */,
				ECE6ABE349CE322957A5C575 /* AppColors.swift */,
				6FE78200C931753ED4B82721 /* AppGroupManager.swift */,
				022DCE4974E8889394223AB1 /* CalibrationSeedModel.swift */,
				5D681A74E9A93D63532A05A3 /* ClipboardItem.swift */,
				EB62BCEBDC4540B729B021DF /* CompositionSessionManager.swift */,
				C2CDFC8B502F230107E052E7 /* Constants.swift */,
				D2A622D20B52EE0DCC0DC9AB /* DailyUsageData.swift */,
				4E4DABB112F3FC3A4F3EA625 /* DailyUsageManager.swift */,
				133AE5A709C45DBDECC7EDDF /* DarwinNotificationBridge.swift */,
				7A916014D3895559D18A7F33 /* DictationConstants.swift */,
				ACE10EADE23804C930F42439 /* DictationModels.swift */,
				CF49409DB05018EFA200D5E0 /* DictationSharedStore.swift */,
				808CFDDA893782DB264BCBE8 /* FeatureGate.swift */,
				3B682263CC3F7E579393735A /* HistoryItem.swift */,
				5D75782C8A72C172A085B211 /* HistoryManager.swift */,
				32D55FCF16AFCCAAB75C9F15 /* KeyboardGeometrySnapshot.swift */,
				C44F5678D726D81DAAADFFDF /* KeychainHelper.swift */,
				BF1D1F3F9CA9F69A67054C25 /* LocalizationManager.swift */,
				52A8DC3B753E51323C984121 /* QuickNote.swift */,
				A5D616F9EC8210DB36920B51 /* QuickNoteManager.swift */,
				8E6F1F70EA3AC8A828B6400E /* SessionManager.swift */,
				8A4F6B12DC40DD3380A36E94 /* StatsManager.swift */,
				AE58C410E1EB49722CC53E86 /* SubscriptionStatus.swift */,
				3C9634D0D3CD8CF53DDA9CC1 /* ToneStyle.swift */,
				3A0CABBEF706FEF832D89C3E /* ToolbarConfiguration.swift */,
				2A75D8428E40AAF5A85B3213 /* TouchCalibrationSlotID.swift */,
				11AE8D80E15CF01D67DFD7C3 /* TranslationCache.swift */,
				3AA91646451438A3349C30B1 /* UIColor+Hex.swift */,
				7F6FAC13280520EFF4732713 /* Localizations */,
			);
			path = Shared;
			sourceTree = "<group>";
		};
		926AFE97ED98969D4B1C04F1 /* Extensions */ = {
			isa = PBXGroup;
			children = (
				62EB5B1F80A6F4A582FC6BE4 /* Array+Safe.swift */,
			);
			path = Extensions;
			sourceTree = "<group>";
		};
		92E5E26A9636677CC0F735FC = {
			isa = PBXGroup;
			children = (
				8D733AA9C8A306DC2EF99AFE /* KeyboardExtension */,
				90AD3FEDABA364962673A6D5 /* Shared */,
				4230CE9937E4FE53729BBD96 /* TranslatorKeyboard */,
				306EA16641B37F317462C1B4 /* Products */,
			);
			sourceTree = "<group>";
		};
		B5272BEEFF8BB77D51B53B8F /* Onboarding */ = {
			isa = PBXGroup;
			children = (
				C63CC5F8905248023302E058 /* OnboardingViewController.swift */,
				18A6BA17416255C12D0F7035 /* SetupSettingsAnimationView.swift */,
				C00A4653E8C2DFF216509EB2 /* SuccessCheckAnimationView.swift */,
				FCBBAC121EB091E309115C22 /* VerificationKeyboardSwitchAnimationView.swift */,
			);
			path = Onboarding;
			sourceTree = "<group>";
		};
		B9B9ECC780C70114276172FB /* Voice */ = {
			isa = PBXGroup;
			children = (
				16CD373CECF5920072EF289B /* AppDictationRuntime.swift */,
				03B45887771678ECF992D3F9 /* AppProcessServices.swift */,
				B6634F0E1C3BA9F4C4F7C6DD /* DictationBootstrapViewController.swift */,
				D7312C70DB1DC91B337A2884 /* DictationService.swift */,
				1973429F089305A3FFDAEEB1 /* DictationViewController.swift */,
				319A1416C16D2D076631DC81 /* SpeechRecognitionManager.swift */,
			);
			path = Voice;
			sourceTree = "<group>";
		};
		C214F16AD18CAA30592F6488 /* Extensions */ = {
			isa = PBXGroup;
			children = (
				69FF78BD83787434C97B3D57 /* AppColors+Tier.swift */,
			);
			path = Extensions;
			sourceTree = "<group>";
		};
		C222EA8322BA24E6A433711A /* History */ = {
			isa = PBXGroup;
			children = (
				E4C8156133B43DA46EFE57A5 /* HistoryViewController.swift */,
			);
			path = History;
			sourceTree = "<group>";
		};
		C7D19AADC203E5850D8BFAEF /* Resources */ = {
			isa = PBXGroup;
			children = (
				A6D3C64766829CB9CC9BDDDF /* ngram_en.json */,
				AD513B75C01FA09795C3034B /* ngram_ko.json */,
			);
			path = Resources;
			sourceTree = "<group>";
		};
		D24B8120CFF2158BAADD0301 /* Debug */ = {
			isa = PBXGroup;
			children = (
				5B4D8C2C0FBBA3240D1FCC18 /* ActivationTraceLogger.swift */,
				C0F4AB8040BB397B5716EED8 /* BlackboxAnomalyLogger.swift */,
			);
			path = Debug;
			sourceTree = "<group>";
		};
		D5F458DE9395B9E1BD16364A /* Voice */ = {
			isa = PBXGroup;
			children = (
				FA7015574A2BF751B12B274B /* DictationOverlayView.swift */,
				AD91B9EAF9E8C7EE3495785E /* DictationSessionCoordinator.swift */,
				E32285E7E7124C8E99479D1D /* DictationTextApplier.swift */,
			);
			path = Voice;
			sourceTree = "<group>";
		};
		FC17688ECD68EF751C993FD2 /* RewardedAds */ = {
			isa = PBXGroup;
			children = (
				9F75F8DF2CF76899ACEC154B /* AdConfiguration.swift */,
				329693A99639F9AF16BB6EAC /* AdConsentManager.swift */,
				33DDEB1B46819A80FA123ADC /* AdManager.swift */,
				3576BE1C7D92BB719B7D19AC /* ATTManager.swift */,
				F2F7E0ADFB1B186D6E02D410 /* RewardedAdsViewController.swift */,
			);
			path = RewardedAds;
			sourceTree = "<group>";
		};
/* End PBXGroup section */

/* Begin PBXNativeTarget section */
		53523E59F5FAF74EDD233DC1 /* TranslatorKeyboard */ = {
			isa = PBXNativeTarget;
			buildConfigurationList = 9D3D6648925293CE63CA9778 /* Build configuration list for PBXNativeTarget "TranslatorKeyboard" */;
			buildPhases = (
				E4C8E3DB10A82D2C45F59E89 /* Sources */,
				2A0974776195C16A11BB006D /* Resources */,
				41C15F29F5E9E3F0FAE67C81 /* Frameworks */,
				D2A6B5D3C4D79287000C2AC2 /* Embed Foundation Extensions */,
			);
			buildRules = (
			);
			dependencies = (
				20542D3AD70C85B60019D462 /* PBXTargetDependency */,
			);
			name = TranslatorKeyboard;
			packageProductDependencies = (
				0D89651AA1B6AB08B67E0A93 /* GoogleMobileAds */,
				BD3BC26EC80D48EC40C98CBE /* GoogleUserMessagingPlatform */,
			);
			productName = TranslatorKeyboard;
			productReference = CEFCD59B19D6B214370C504C /* TranslatorKeyboard.app */;
			productType = "com.apple.product-type.application";
		};
		D81D87B5BB079D15C73B530B /* KeyboardExtension */ = {
			isa = PBXNativeTarget;
			buildConfigurationList = 1AA6CCAACAFCD0D29B826DDF /* Build configuration list for PBXNativeTarget "KeyboardExtension" */;
			buildPhases = (
				BF8014422F6CAD513120AE36 /* Sources */,
				8267FED8770EE394960AFC8B /* Resources */,
			);
			buildRules = (
			);
			dependencies = (
			);
			name = KeyboardExtension;
			packageProductDependencies = (
			);
			productName = KeyboardExtension;
			productReference = 15F02063B8037FB8B731BEE2 /* KeyboardExtension.appex */;
			productType = "com.apple.product-type.app-extension";
		};
/* End PBXNativeTarget section */

/* Begin PBXProject section */
		10DA9DD1250B87DC90D61517 /* Project object */ = {
			isa = PBXProject;
			attributes = {
				BuildIndependentTargetsInParallel = YES;
				LastUpgradeCheck = 1600;
				TargetAttributes = {
					53523E59F5FAF74EDD233DC1 = {
						DevelopmentTeam = 3Q2D38NW4X;
						ProvisioningStyle = Automatic;
					};
					D81D87B5BB079D15C73B530B = {
						DevelopmentTeam = 3Q2D38NW4X;
						ProvisioningStyle = Automatic;
					};
				};
			};
			buildConfigurationList = 6B62E4FA60A7E8D8993D4B05 /* Build configuration list for PBXProject "TranslatorKeyboard" */;
			compatibilityVersion = "Xcode 14.0";
			developmentRegion = en;
			hasScannedForEncodings = 0;
			knownRegions = (
				Base,
				de,
				en,
				es,
				fr,
				it,
				ja,
				ko,
				ru,
				"zh-Hans",
			);
			mainGroup = 92E5E26A9636677CC0F735FC;
			minimizedProjectReferenceProxies = 1;
			packageReferences = (
				915EFEA7DF7BBE28ED7BBA62 /* XCRemoteSwiftPackageReference "swift-package-manager-google-mobile-ads" */,
				D77C8678D487BD624C9C56E4 /* XCRemoteSwiftPackageReference "swift-package-manager-google-user-messaging-platform" */,
			);
			preferredProjectObjectVersion = 77;
			projectDirPath = "";
			projectRoot = "";
			targets = (
				D81D87B5BB079D15C73B530B /* KeyboardExtension */,
				53523E59F5FAF74EDD233DC1 /* TranslatorKeyboard */,
			);
		};
/* End PBXProject section */

/* Begin PBXResourcesBuildPhase section */
		2A0974776195C16A11BB006D /* Resources */ = {
			isa = PBXResourcesBuildPhase;
			buildActionMask = 2147483647;
			files = (
				4DF523231B88001E098F2037 /* Assets.xcassets in Resources */,
				D97C9DCA9088AD3B0EA63738 /* Localizable.strings in Resources */,
				D837E794BB744CB87E8C777D /* PrivacyInfo.xcprivacy in Resources */,
				1B32D1E8F806A8D5D687879C /* Products.storekit in Resources */,
			);
			runOnlyForDeploymentPostprocessing = 0;
		};
		8267FED8770EE394960AFC8B /* Resources */ = {
			isa = PBXResourcesBuildPhase;
			buildActionMask = 2147483647;
			files = (
				1C2E398042B73DD78EF3F219 /* Assets.xcassets in Resources */,
				F030F289069518E0EEDEDE83 /* Localizable.strings in Resources */,
				2E5A8C9AC81D3105A9161EB1 /* PrivacyInfo.xcprivacy in Resources */,
				C76D0F5B4EE4636BE56D859D /* ngram_en.json in Resources */,
				69D2CA8B6F06211B3175CCED /* ngram_ko.json in Resources */,
			);
			runOnlyForDeploymentPostprocessing = 0;
		};
/* End PBXResourcesBuildPhase section */

/* Begin PBXSourcesBuildPhase section */
		BF8014422F6CAD513120AE36 /* Sources */ = {
			isa = PBXSourcesBuildPhase;
			buildActionMask = 2147483647;
			files = (
				02C6E670C116AD3C1AFE570E /* AccentMap.swift in Sources */,
				190A2B4265B222B2B3C9463D /* AccentPopupView.swift in Sources */,
				D54CCF05094BE64808D474E5 /* ActivationTraceLogger.swift in Sources */,
				418971C082C5E6CC07029AB0 /* AdditionalKeyboardBootstrap.swift in Sources */,
				684A9BD644EA3A73F57C7FF6 /* AdminMode.swift in Sources */,
				2F16815E35245EF1877EB77B /* AppColors.swift in Sources */,
				1D98277DFBD46B145B1AEA14 /* AppGroupManager.swift in Sources */,
				911A0B7C5131DC11D05A42AD /* Array+Safe.swift in Sources */,
				88DD1D3326500D609D9E2862 /* AutocorrectEngine.swift in Sources */,
				13B17F411B7989B5354B1EC3 /* BlackboxAnomalyLogger.swift in Sources */,
				8657277D8CBBDB8A6A2D3692 /* CalculatorView.swift in Sources */,
				E78603C3935D937716E33032 /* CalibrationSeedModel.swift in Sources */,
				318173E2FA11D5053DFB5AB0 /* ChatReplyCache.swift in Sources */,
				69E1ACA82B3B5FA8AE2549AF /* ChatReplyGeneratorView.swift in Sources */,
				1884EBFDB461EC0E6AC881A6 /* ChatReplyManager.swift in Sources */,
				82EA4AF1A40AE54238D71C62 /* CherryBlossomView.swift in Sources */,
				3BE6F6E7AF86D75B6428E3FB /* ClipboardHistoryManager.swift in Sources */,
				89826C480FF5BF99D1F917E5 /* ClipboardHistoryView.swift in Sources */,
				F66EEB1D88464F5698817A41 /* ClipboardItem.swift in Sources */,
				27C600B2AC26E935E038EEE5 /* CompositionSessionManager.swift in Sources */,
				13E2BA2EAF38109D37866AEE /* Constants.swift in Sources */,
				B6F01ECAFA76E2B6D82900AB /* ContextBuffer.swift in Sources */,
				BC591FBF879ACC7EDE0D17EC /* ContextMenuView.swift in Sources */,
				CEBA3DA2535B6F0ADC426471 /* CoreTextCacheManager.swift in Sources */,
				09063E3DB25226B0E651DDD4 /* CorrectionLanguageBar.swift in Sources */,
				C23158F73A4B3C5A8C62CF57 /* CorrectionManager.swift in Sources */,
				56B8CB58F069029823E8FE8F /* DailyUsageData.swift in Sources */,
				89DB5E5A475C3300236AAD39 /* DailyUsageManager.swift in Sources */,
				24EBD4C266704ED435E1B3C7 /* DarwinNotificationBridge.swift in Sources */,
				68D2CCB5F3202333E91FE693 /* DictationConstants.swift in Sources */,
				C131E775884C19169B3A2DFE /* DictationModels.swift in Sources */,
				C2ABAB13F52490EB633DA050 /* DictationOverlayView.swift in Sources */,
				B1912C12B1C4ACD97AEC919E /* DictationSessionCoordinator.swift in Sources */,
				B4E5A8C4D10FFB974DF0AA22 /* DictationSharedStore.swift in Sources */,
				42CC2CBFC5C07D7CC586180A /* DictationTextApplier.swift in Sources */,
				8572F846FEFF2FE95F2F1E37 /* DiffSuggestionView.swift in Sources */,
				CF68826EEB768BD5D33E38AA /* DisplayLinkProxy.swift in Sources */,
				51F14E345F7257B1DF84C896 /* EmojiKeyboardView.swift in Sources */,
				547B5437B56021BBB2E818FA /* FeatureGate.swift in Sources */,
				1F64F9C7DACF95DECD0B7192 /* FontPool.swift in Sources */,
				48EB6B73C377FAC506F6929F /* HangulComposer.swift in Sources */,
				4A0D33ED2FFF4B27586504CA /* HistoryItem.swift in Sources */,
				CE77B7E5592A2F8E4B218580 /* HistoryManager.swift in Sources */,
				0DFC99CF3369E6A056A1D839 /* KeyPreviewView.swift in Sources */,
				6346170161EA029D632481AD /* KeyboardGeometrySnapshot.swift in Sources */,
				F027BB91EC2EC981A6DD95A9 /* KeyboardLayoutView.swift in Sources */,
				C52D84995DF097A72FF8A397 /* KeyboardTheme.swift in Sources */,
				E4F87F8E343538A40FF3F37B /* KeyboardViewController.swift in Sources */,
				621D4D63C2AF75AB3D05A40B /* KeychainHelper.swift in Sources */,
				63458A19F0CEE9C46528CDC9 /* LanguagePickerView.swift in Sources */,
				0C6DEB4CF9B55C2B513025D4 /* LocalizationManager.swift in Sources */,
				C460ACD1E584BD3593C8D2D5 /* MatrixRainView.swift in Sources */,
				125AA23A20BF3579BDDC341C /* MercuryRippleView.swift in Sources */,
				B69969BC2EFC0183C176D6BF /* PhraseInputHeaderView.swift in Sources */,
				4C8699E363D1887A13469158 /* PredictionEngine.swift in Sources */,
				6AED575128B04BF4F42DC82A /* QuickEmojiBar.swift in Sources */,
				22A1CC3113004E288C89BD24 /* QuickNote.swift in Sources */,
				D042A39B8BE3077950F9F5A1 /* QuickNoteEditView.swift in Sources */,
				0683EE6A207C272AFEC716C5 /* QuickNoteListView.swift in Sources */,
				590855997E04973689C93A6F /* QuickNoteManager.swift in Sources */,
				E53ACE7670C9D9B5C4E58351 /* QuickNoteReadView.swift in Sources */,
				9785F8A80FDFBD1F4CFA3405 /* SavedPhrasesManager.swift in Sources */,
				41030321C1C7C94B2C15070B /* SavedPhrasesView.swift in Sources */,
				58C9FA5545F3E00B33851B70 /* SessionManager.swift in Sources */,
				09923BEC9EC3AEDA4AC014F9 /* SharedNetworkSession.swift in Sources */,
				D312E0EFD4A6F9B4CE29529D /* SnowfallSoftView.swift in Sources */,
				E114002D7F345F865DE06ACB /* SnowfallView.swift in Sources */,
				4564591E4E5D36411F695CE2 /* StardustView.swift in Sources */,
				52AA472805000FECB78F4C40 /* StatsManager.swift in Sources */,
				8BA039CD34B039DFEC28E82E /* SubscriptionStatus.swift in Sources */,
				C6F75003C1E7288C7544FB49 /* SuggestionManager.swift in Sources */,
				48785B31AB3E464020A5AB01 /* TextInputHandler.swift in Sources */,
				570CC66D851D856F9A768EB0 /* TextProxyManager.swift in Sources */,
				6AB25176528D8AFE8EA2BAF1 /* ThemeManager.swift in Sources */,
				BC421F14542829B8E840B13E /* ThemePatternRenderer.swift in Sources */,
				412CFCE3381240E1426AAEF2 /* TonePickerView.swift in Sources */,
				4FE9A53CAD7FF786691E1551 /* ToneStyle.swift in Sources */,
				6A6A92086757B03754F77195 /* ToolbarConfiguration.swift in Sources */,
				4C5F4AF0E87EA40C68AF9C45 /* ToolbarView.swift in Sources */,
				8359E0F36DDE12174E9DA643 /* TouchCalibrationSlotID.swift in Sources */,
				6D51502B295DDDDF9472E831 /* TranslationCache.swift in Sources */,
				545C2A702F9E19061154ABC7 /* TranslationInputView.swift in Sources */,
				E0355878559563542D5E3439 /* TranslationLanguageBar.swift in Sources */,
				6D10997C60C7B3EFDE9AA9AC /* TranslationManager.swift in Sources */,
				C4CEC28D493D0B08C5A5B4CF /* UIColor+Hex.swift in Sources */,
				D4CE9428A66D99F9390D0E80 /* UnitConverterView.swift in Sources */,
				9B49824885F90D95AB695331 /* WeakProxy.swift in Sources */,
			);
			runOnlyForDeploymentPostprocessing = 0;
		};
		E4C8E3DB10A82D2C45F59E89 /* Sources */ = {
			isa = PBXSourcesBuildPhase;
			buildActionMask = 2147483647;
			files = (
				48A6DEABFC7761C7C149EFC0 /* AICorrectionInfoViewController.swift in Sources */,
				F47554226827703D8403B89E /* AITranslationInfoViewController.swift in Sources */,
				0BE277023061BBEB98AC4F83 /* AIWriterTemplates.swift in Sources */,
				8746ED533CFF5BBF18E2DF98 /* AIWriterViewController.swift in Sources */,
				6089FD3C00E3C6EA24B843A6 /* ATTManager.swift in Sources */,
				9201B04FDF92E9A9D42E88EE /* AdConfiguration.swift in Sources */,
				58C1CF1BDA7AE2D491695434 /* AdConsentManager.swift in Sources */,
				1F142C55559956B546EB2E1C /* AdManager.swift in Sources */,
				770B2C74C6D6316541D68223 /* AdditionalKeyboardBootstrap.swift in Sources */,
				7B2894DED7B77DA4A19F1B13 /* AdminMode.swift in Sources */,
				A65C2BF8A237BB3A08C28DD8 /* AppColors+Tier.swift in Sources */,
				D9A4C3015D61C9EE882D540C /* AppColors.swift in Sources */,
				E3E121B856F4EDFFEA9FD6A3 /* AppDelegate.swift in Sources */,
				96C7365D4162ECCE2BB3D3AF /* AppDictationRuntime.swift in Sources */,
				A82858BCBAD76DAC46CD2457 /* AppGroupManager.swift in Sources */,
				D869F0F11E1BD092BEC5DD2E /* AppProcessServices.swift in Sources */,
				C8717EBE38C6A86B5CBD1AB2 /* CalibrationKeyboardMirrorView.swift in Sources */,
				33D19EB9BCE974D5A8D11E8D /* CalibrationSeedModel.swift in Sources */,
				0F0FA78ADAB972A36F44B853 /* CalibrationViewController.swift in Sources */,
				8B86C10A549172392CA428B3 /* ClipboardItem.swift in Sources */,
				D0C66973177BCE2511C50821 /* ComposeHistoryManager.swift in Sources */,
				A382E0D556D6F8DD2F087512 /* ComposeHistoryViewController.swift in Sources */,
				B1820812D0E737C75841ABDF /* CompositionSessionManager.swift in Sources */,
				35ABC70391C60A9068DF38AD /* Constants.swift in Sources */,
				CBB891EE6B9C733F93B91934 /* DailyUsageData.swift in Sources */,
				53B5F3CEEE93E46D950DE8CD /* DailyUsageManager.swift in Sources */,
				8843D2F4A9F7B399A18D3C67 /* DarwinNotificationBridge.swift in Sources */,
				4F81B0628D071018E40FCFFC /* DictationBootstrapViewController.swift in Sources */,
				C2C7AC7E92A6BBB273657424 /* DictationConstants.swift in Sources */,
				DADD5E8117469D0E5168390F /* DictationModels.swift in Sources */,
				19AD77148A5917F99024F052 /* DictationService.swift in Sources */,
				032A9F0629E551D959D7EA56 /* DictationSharedStore.swift in Sources */,
				D22C92752C00DBA36B27CC8E /* DictationViewController.swift in Sources */,
				4F705A9C9BB13FCDDED93BDF /* FeatureGate.swift in Sources */,
				7CA8608420D2089309658501 /* FullAccessExplainViewController.swift in Sources */,
				4E67E016F3B2AE90EFA8CFEC /* HistoryItem.swift in Sources */,
				049568C612798F1A6F556C96 /* HistoryManager.swift in Sources */,
				852F08E3E96F11D539228453 /* HistoryViewController.swift in Sources */,
				C369E18208E39E4B7032E509 /* HomeViewController.swift in Sources */,
				4721157B06E92472C3D32057 /* KeyboardAppearanceSettingsViewController.swift in Sources */,
				D1E834294602D4F2C3C92930 /* KeyboardGeometrySnapshot.swift in Sources */,
				2DF4DDE4D72ACBD263E096B5 /* KeyboardTheme.swift in Sources */,
				D26F984FA6C91F312C8516E4 /* KeychainHelper.swift in Sources */,
				AD2D71F7448025DCA5025C3F /* LanguageSettingsViewController.swift in Sources */,
				DC1E16435FDE8F8C358A2C0B /* LayoutSettingsViewController.swift in Sources */,
				27D971F516C982E3990C0160 /* LocalizationManager.swift in Sources */,
				6457D49E79DAFE8F383E9466 /* MainViewController.swift in Sources */,
				57CD264ADD280CD44330AAE9 /* OnboardingViewController.swift in Sources */,
				9F883392C183786EFD56934E /* PasteGuideSettingsAnimationView.swift in Sources */,
				8D013B2453824EBED619AED1 /* PasteGuideViewController.swift in Sources */,
				6FE3B87EDD24F6A31686E9FF /* PaywallViewController.swift in Sources */,
				09B7DC351ADADC14B994CD43 /* PrivacyDashboardViewController.swift in Sources */,
				F553656B66678C8C7C476C47 /* QuickNote.swift in Sources */,
				E5A76958BE1BC8278633FD2B /* QuickNoteEditViewController.swift in Sources */,
				DD901333ECAF67FFBEB0D14E /* QuickNoteListViewController.swift in Sources */,
				A8D87808340C12103CDC9157 /* QuickNoteManager.swift in Sources */,
				3E8A52D5434351B396EA5525 /* RewardedAdsViewController.swift in Sources */,
				720773087785DB78142EC7CE /* SavedPhrasesManager.swift in Sources */,
				ECE42B6D027E0DCC06518289 /* SceneDelegate.swift in Sources */,
				F6B6FA0359011DC0F238876E /* SessionManager.swift in Sources */,
				701F1B0B63878CAE70A94BE1 /* SettingsViewController.swift in Sources */,
				6FFEABD9F8410C6B3C94BD37 /* SetupSettingsAnimationView.swift in Sources */,
				B20960185F2709D35E40B7DD /* SpeechRecognitionManager.swift in Sources */,
				765132D34C8D5992FC862CE9 /* StatsManager.swift in Sources */,
				D1ADB3638D89BF7604EBFA1C /* StoreKitManager.swift in Sources */,
				F979FB1196C79873FEB4DA20 /* SubscriptionStatus.swift in Sources */,
				7901B822F571C04EB7AE1E8F /* SuccessCheckAnimationView.swift in Sources */,
				AE0270879394567802004FF4 /* TabBarController.swift in Sources */,
				AA090046A3D1D8091B1DC677 /* ThemePatternRenderer.swift in Sources */,
				1F4B24914B11306C969123E4 /* ThemeSelectionViewController.swift in Sources */,
				D1EF5C92AF7576A03A380409 /* ToneStyle.swift in Sources */,
				B1F6606E425EA8D71077501A /* ToolbarConfiguration.swift in Sources */,
				6BB9D95668325BA86AB4009E /* ToolbarCustomizationViewController.swift in Sources */,
				9E9271B05CF7E22F46AECCE8 /* TouchCalibrationSlotID.swift in Sources */,
				DCD3592930A0D79C8DE0C43C /* TranslationCache.swift in Sources */,
				C29F8F1627D13E32A4BCA59B /* UIColor+Hex.swift in Sources */,
				0F20FFF6E1A03AB039C800E4 /* VerificationKeyboardSwitchAnimationView.swift in Sources */,
			);
			runOnlyForDeploymentPostprocessing = 0;
		};
/* End PBXSourcesBuildPhase section */

/* Begin PBXTargetDependency section */
		20542D3AD70C85B60019D462 /* PBXTargetDependency */ = {
			isa = PBXTargetDependency;
			target = D81D87B5BB079D15C73B530B /* KeyboardExtension */;
			targetProxy = 8FB8878D4288A62F9A529143 /* PBXContainerItemProxy */;
		};
/* End PBXTargetDependency section */

/* Begin PBXVariantGroup section */
		6C7461DC91EFE397502F428B /* Localizable.strings */ = {
			isa = PBXVariantGroup;
			children = (
				08925C075D4DACBE3E2F19CB /* de */,
				032AAD85241D44ADBB503E82 /* en */,
				4610B1129F0E877AFF3DD4DB /* es */,
				BE6EC2EDFEDB89CF71AB5A8F /* fr */,
				753E7B54E0DE01815827A9FD /* it */,
				7529185528331E66A2F1D6CD /* ja */,
				40D97EBD549B357ABD8041DD /* ko */,
				324670BCF9D505B180F9D2B7 /* ru */,
				542F107CFF84E927F85EEC8D /* zh-Hans */,
			);
			name = Localizable.strings;
			sourceTree = "<group>";
		};
/* End PBXVariantGroup section */

/* Begin XCBuildConfiguration section */
		026420E171078E5D495BB482 /* Debug */ = {
			isa = XCBuildConfiguration;
			buildSettings = {
				CODE_SIGN_ENTITLEMENTS = KeyboardExtension/KeyboardExtension.entitlements;
				DEVELOPMENT_TEAM = 3Q2D38NW4X;
				INFOPLIST_FILE = KeyboardExtension/Resources/Info.plist;
				LD_RUNPATH_SEARCH_PATHS = (
					"$(inherited)",
					"@executable_path/Frameworks",
					"@executable_path/../../Frameworks",
				);
				PRODUCT_BUNDLE_IDENTIFIER = com.translatorkeyboard.app.keyboard;
				SDKROOT = iphoneos;
				TARGETED_DEVICE_FAMILY = 1;
			};
			name = Debug;
		};
		674EFDBB8B4D7519F6B95AFC /* Release */ = {
			isa = XCBuildConfiguration;
			buildSettings = {
				ADMOB_APP_ID = "ca-app-pub-9921649727270589~7890214484";
				ASSETCATALOG_COMPILER_APPICON_NAME = AppIcon;
				CODE_SIGN_ENTITLEMENTS = TranslatorKeyboard/TranslatorKeyboard.entitlements;
				CODE_SIGN_IDENTITY = "iPhone Developer";
				DEVELOPMENT_TEAM = 3Q2D38NW4X;
				INFOPLIST_FILE = TranslatorKeyboard/Resources/Info.plist;
				LD_RUNPATH_SEARCH_PATHS = (
					"$(inherited)",
					"@executable_path/Frameworks",
				);
				PRODUCT_BUNDLE_IDENTIFIER = com.translatorkeyboard.app;
				SDKROOT = iphoneos;
				TARGETED_DEVICE_FAMILY = 1;
			};
			name = Release;
		};
		73C6956E3EA6543795916132 /* Release */ = {
			isa = XCBuildConfiguration;
			buildSettings = {
				CODE_SIGN_ENTITLEMENTS = KeyboardExtension/KeyboardExtension.entitlements;
				DEVELOPMENT_TEAM = 3Q2D38NW4X;
				INFOPLIST_FILE = KeyboardExtension/Resources/Info.plist;
				LD_RUNPATH_SEARCH_PATHS = (
					"$(inherited)",
					"@executable_path/Frameworks",
					"@executable_path/../../Frameworks",
				);
				PRODUCT_BUNDLE_IDENTIFIER = com.translatorkeyboard.app.keyboard;
				SDKROOT = iphoneos;
				TARGETED_DEVICE_FAMILY = 1;
			};
			name = Release;
		};
		8C6DA7645D22348B673C22D4 /* Release */ = {
			isa = XCBuildConfiguration;
			buildSettings = {
				ALWAYS_SEARCH_USER_PATHS = NO;
				CLANG_ANALYZER_NONNULL = YES;
				CLANG_ANALYZER_NUMBER_OBJECT_CONVERSION = YES_AGGRESSIVE;
				CLANG_CXX_LANGUAGE_STANDARD = "gnu++14";
				CLANG_CXX_LIBRARY = "libc++";
				CLANG_ENABLE_MODULES = YES;
				CLANG_ENABLE_OBJC_ARC = YES;
				CLANG_ENABLE_OBJC_WEAK = YES;
				CLANG_WARN_BLOCK_CAPTURE_AUTORELEASING = YES;
				CLANG_WARN_BOOL_CONVERSION = YES;
				CLANG_WARN_COMMA = YES;
				CLANG_WARN_CONSTANT_CONVERSION = YES;
				CLANG_WARN_DEPRECATED_OBJC_IMPLEMENTATIONS = YES;
				CLANG_WARN_DIRECT_OBJC_ISA_USAGE = YES_ERROR;
				CLANG_WARN_DOCUMENTATION_COMMENTS = YES;
				CLANG_WARN_EMPTY_BODY = YES;
				CLANG_WARN_ENUM_CONVERSION = YES;
				CLANG_WARN_INFINITE_RECURSION = YES;
				CLANG_WARN_INT_CONVERSION = YES;
				CLANG_WARN_NON_LITERAL_NULL_CONVERSION = YES;
				CLANG_WARN_OBJC_IMPLICIT_RETAIN_SELF = YES;
				CLANG_WARN_OBJC_LITERAL_CONVERSION = YES;
				CLANG_WARN_OBJC_ROOT_CLASS = YES_ERROR;
				CLANG_WARN_QUOTED_INCLUDE_IN_FRAMEWORK_HEADER = YES;
				CLANG_WARN_RANGE_LOOP_ANALYSIS = YES;
				CLANG_WARN_STRICT_PROTOTYPES = YES;
				CLANG_WARN_SUSPICIOUS_MOVE = YES;
				CLANG_WARN_UNGUARDED_AVAILABILITY = YES_AGGRESSIVE;
				CLANG_WARN_UNREACHABLE_CODE = YES;
				CLANG_WARN__DUPLICATE_METHOD_MATCH = YES;
				CODE_SIGN_STYLE = Automatic;
				COPY_PHASE_STRIP = NO;
				DEBUG_INFORMATION_FORMAT = "dwarf-with-dsym";
				DEVELOPMENT_TEAM = 3Q2D38NW4X;
				ENABLE_NS_ASSERTIONS = NO;
				ENABLE_STRICT_OBJC_MSGSEND = YES;
				GCC_C_LANGUAGE_STANDARD = gnu11;
				GCC_NO_COMMON_BLOCKS = YES;
				GCC_WARN_64_TO_32_BIT_CONVERSION = YES;
				GCC_WARN_ABOUT_RETURN_TYPE = YES_ERROR;
				GCC_WARN_UNDECLARED_SELECTOR = YES;
				GCC_WARN_UNINITIALIZED_AUTOS = YES_AGGRESSIVE;
				GCC_WARN_UNUSED_FUNCTION = YES;
				GCC_WARN_UNUSED_VARIABLE = YES;
				IPHONEOS_DEPLOYMENT_TARGET = 17.0;
				MTL_ENABLE_DEBUG_INFO = NO;
				MTL_FAST_MATH = YES;
				PRODUCT_NAME = "$(TARGET_NAME)";
				SDKROOT = iphoneos;
				SWIFT_COMPILATION_MODE = wholemodule;
				SWIFT_OPTIMIZATION_LEVEL = "-O";
				SWIFT_VERSION = 5.9;
			};
			name = Release;
		};
		B7AA3B5D6B0493F2E7AB3E91 /* Debug */ = {
			isa = XCBuildConfiguration;
			buildSettings = {
				ALWAYS_SEARCH_USER_PATHS = NO;
				CLANG_ANALYZER_NONNULL = YES;
				CLANG_ANALYZER_NUMBER_OBJECT_CONVERSION = YES_AGGRESSIVE;
				CLANG_CXX_LANGUAGE_STANDARD = "gnu++14";
				CLANG_CXX_LIBRARY = "libc++";
				CLANG_ENABLE_MODULES = YES;
				CLANG_ENABLE_OBJC_ARC = YES;
				CLANG_ENABLE_OBJC_WEAK = YES;
				CLANG_WARN_BLOCK_CAPTURE_AUTORELEASING = YES;
				CLANG_WARN_BOOL_CONVERSION = YES;
				CLANG_WARN_COMMA = YES;
				CLANG_WARN_CONSTANT_CONVERSION = YES;
				CLANG_WARN_DEPRECATED_OBJC_IMPLEMENTATIONS = YES;
				CLANG_WARN_DIRECT_OBJC_ISA_USAGE = YES_ERROR;
				CLANG_WARN_DOCUMENTATION_COMMENTS = YES;
				CLANG_WARN_EMPTY_BODY = YES;
				CLANG_WARN_ENUM_CONVERSION = YES;
				CLANG_WARN_INFINITE_RECURSION = YES;
				CLANG_WARN_INT_CONVERSION = YES;
				CLANG_WARN_NON_LITERAL_NULL_CONVERSION = YES;
				CLANG_WARN_OBJC_IMPLICIT_RETAIN_SELF = YES;
				CLANG_WARN_OBJC_LITERAL_CONVERSION = YES;
				CLANG_WARN_OBJC_ROOT_CLASS = YES_ERROR;
				CLANG_WARN_QUOTED_INCLUDE_IN_FRAMEWORK_HEADER = YES;
				CLANG_WARN_RANGE_LOOP_ANALYSIS = YES;
				CLANG_WARN_STRICT_PROTOTYPES = YES;
				CLANG_WARN_SUSPICIOUS_MOVE = YES;
				CLANG_WARN_UNGUARDED_AVAILABILITY = YES_AGGRESSIVE;
				CLANG_WARN_UNREACHABLE_CODE = YES;
				CLANG_WARN__DUPLICATE_METHOD_MATCH = YES;
				CODE_SIGN_STYLE = Automatic;
				COPY_PHASE_STRIP = NO;
				DEBUG_INFORMATION_FORMAT = dwarf;
				DEVELOPMENT_TEAM = 3Q2D38NW4X;
				ENABLE_STRICT_OBJC_MSGSEND = YES;
				ENABLE_TESTABILITY = YES;
				GCC_C_LANGUAGE_STANDARD = gnu11;
				GCC_DYNAMIC_NO_PIC = NO;
				GCC_NO_COMMON_BLOCKS = YES;
				GCC_OPTIMIZATION_LEVEL = 0;
				GCC_PREPROCESSOR_DEFINITIONS = (
					"$(inherited)",
					"DEBUG=1",
				);
				GCC_WARN_64_TO_32_BIT_CONVERSION = YES;
				GCC_WARN_ABOUT_RETURN_TYPE = YES_ERROR;
				GCC_WARN_UNDECLARED_SELECTOR = YES;
				GCC_WARN_UNINITIALIZED_AUTOS = YES_AGGRESSIVE;
				GCC_WARN_UNUSED_FUNCTION = YES;
				GCC_WARN_UNUSED_VARIABLE = YES;
				IPHONEOS_DEPLOYMENT_TARGET = 17.0;
				MTL_ENABLE_DEBUG_INFO = INCLUDE_SOURCE;
				MTL_FAST_MATH = YES;
				ONLY_ACTIVE_ARCH = YES;
				PRODUCT_NAME = "$(TARGET_NAME)";
				SDKROOT = iphoneos;
				SWIFT_ACTIVE_COMPILATION_CONDITIONS = DEBUG;
				SWIFT_OPTIMIZATION_LEVEL = "-Onone";
				SWIFT_VERSION = 5.9;
			};
			name = Debug;
		};
		BEB36580A94816D494CF3947 /* Debug */ = {
			isa = XCBuildConfiguration;
			buildSettings = {
				ADMOB_APP_ID = "ca-app-pub-9921649727270589~7890214484";
				ASSETCATALOG_COMPILER_APPICON_NAME = AppIcon;
				CODE_SIGN_ENTITLEMENTS = TranslatorKeyboard/TranslatorKeyboard.entitlements;
				CODE_SIGN_IDENTITY = "iPhone Developer";
				DEVELOPMENT_TEAM = 3Q2D38NW4X;
				INFOPLIST_FILE = TranslatorKeyboard/Resources/Info.plist;
				LD_RUNPATH_SEARCH_PATHS = (
					"$(inherited)",
					"@executable_path/Frameworks",
				);
				PRODUCT_BUNDLE_IDENTIFIER = com.translatorkeyboard.app;
				SDKROOT = iphoneos;
				TARGETED_DEVICE_FAMILY = 1;
			};
			name = Debug;
		};
/* End XCBuildConfiguration section */

/* Begin XCConfigurationList section */
		1AA6CCAACAFCD0D29B826DDF /* Build configuration list for PBXNativeTarget "KeyboardExtension" */ = {
			isa = XCConfigurationList;
			buildConfigurations = (
				026420E171078E5D495BB482 /* Debug */,
				73C6956E3EA6543795916132 /* Release */,
			);
			defaultConfigurationIsVisible = 0;
			defaultConfigurationName = Release;
		};
		6B62E4FA60A7E8D8993D4B05 /* Build configuration list for PBXProject "TranslatorKeyboard" */ = {
			isa = XCConfigurationList;
			buildConfigurations = (
				B7AA3B5D6B0493F2E7AB3E91 /* Debug */,
				8C6DA7645D22348B673C22D4 /* Release */,
			);
			defaultConfigurationIsVisible = 0;
			defaultConfigurationName = Release;
		};
		9D3D6648925293CE63CA9778 /* Build configuration list for PBXNativeTarget "TranslatorKeyboard" */ = {
			isa = XCConfigurationList;
			buildConfigurations = (
				BEB36580A94816D494CF3947 /* Debug */,
				674EFDBB8B4D7519F6B95AFC /* Release */,
			);
			defaultConfigurationIsVisible = 0;
			defaultConfigurationName = Release;
		};
/* End XCConfigurationList section */

/* Begin XCRemoteSwiftPackageReference section */
		915EFEA7DF7BBE28ED7BBA62 /* XCRemoteSwiftPackageReference "swift-package-manager-google-mobile-ads" */ = {
			isa = XCRemoteSwiftPackageReference;
			repositoryURL = "https://github.com/googleads/swift-package-manager-google-mobile-ads.git";
			requirement = {
				kind = upToNextMajorVersion;
				minimumVersion = 13.2.0;
			};
		};
		D77C8678D487BD624C9C56E4 /* XCRemoteSwiftPackageReference "swift-package-manager-google-user-messaging-platform" */ = {
			isa = XCRemoteSwiftPackageReference;
			repositoryURL = "https://github.com/googleads/swift-package-manager-google-user-messaging-platform.git";
			requirement = {
				kind = upToNextMajorVersion;
				minimumVersion = 3.1.0;
			};
		};
/* End XCRemoteSwiftPackageReference section */

/* Begin XCSwiftPackageProductDependency section */
		0D89651AA1B6AB08B67E0A93 /* GoogleMobileAds */ = {
			isa = XCSwiftPackageProductDependency;
			package = 915EFEA7DF7BBE28ED7BBA62 /* XCRemoteSwiftPackageReference "swift-package-manager-google-mobile-ads" */;
			productName = GoogleMobileAds;
		};
		BD3BC26EC80D48EC40C98CBE /* GoogleUserMessagingPlatform */ = {
			isa = XCSwiftPackageProductDependency;
			package = D77C8678D487BD624C9C56E4 /* XCRemoteSwiftPackageReference "swift-package-manager-google-user-messaging-platform" */;
			productName = GoogleUserMessagingPlatform;
		};
/* End XCSwiftPackageProductDependency section */
	};
	rootObject = 10DA9DD1250B87DC90D61517 /* Project object */;
}
