// !$*UTF8*$!
{
	archiveVersion = 1;
	classes = {
	};
	objectVersion = 77;
	objects = {

/* Begin PBXBuildFile section */
		0C6DEB4CF9B55C2B513025D4 /* LocalizationManager.swift in Sources */ = {isa = PBXBuildFile; fileRef = BF1D1F3F9CA9F69A67054C25 /* LocalizationManager.swift */; };
		13E2BA2EAF38109D37866AEE /* Constants.swift in Sources */ = {isa = PBXBuildFile; fileRef = C2CDFC8B502F230107E052E7 /* Constants.swift */; };
		155290611FD84B138EBFF0AA /* FeatureGate.swift in Sources */ = {isa = PBXBuildFile; fileRef = FFFE634A94A64A2F8F243186 /* FeatureGate.swift */; };
		66DB83ECA2F043B990BE945B /* FeatureGate.swift in Sources */ = {isa = PBXBuildFile; fileRef = FFFE634A94A64A2F8F243186 /* FeatureGate.swift */; };
		7237963120014F2EB5E42F8B /* DailyUsageManager.swift in Sources */ = {isa = PBXBuildFile; fileRef = FA63F578073C4EA0A059B928 /* DailyUsageManager.swift */; };
		3E5922FE0A6B41D79E37A4CD /* DailyUsageManager.swift in Sources */ = {isa = PBXBuildFile; fileRef = FA63F578073C4EA0A059B928 /* DailyUsageManager.swift */; };
		AD15949F86CE40BDADBB12E1 /* AdminMode.swift in Sources */ = {isa = PBXBuildFile; fileRef = 9F2D41AC8FC84858A4EF2A49 /* AdminMode.swift */; };
		90C244B176664DB7B8761707 /* AdminMode.swift in Sources */ = {isa = PBXBuildFile; fileRef = 9F2D41AC8FC84858A4EF2A49 /* AdminMode.swift */; };
		SP01AA11BB22CC33DD440002 /* StatusPopupView.swift in Sources */ = {isa = PBXBuildFile; fileRef = SP01AA11BB22CC33DD440001 /* StatusPopupView.swift */; };
		CM01AA11BB22CC33DD440002 /* ContextMenuView.swift in Sources */ = {isa = PBXBuildFile; fileRef = CM01AA11BB22CC33DD440001 /* ContextMenuView.swift */; };
		DS01AA11BB22CC33DD440002 /* DiffSuggestionView.swift in Sources */ = {isa = PBXBuildFile; fileRef = DS01AA11BB22CC33DD440001 /* DiffSuggestionView.swift */; };
		FFFE634A94A64A2F8F243186 /* FeatureGate.swift */ = {isa = PBXFileReference; lastKnownFileType = sourcecode.swift; path = FeatureGate.swift; sourceTree = "<group>"; };
		FA63F578073C4EA0A059B928 /* DailyUsageManager.swift */ = {isa = PBXFileReference; lastKnownFileType = sourcecode.swift; path = DailyUsageManager.swift; sourceTree = "<group>"; };
		9F2D41AC8FC84858A4EF2A49 /* AdminMode.swift */ = {isa = PBXFileReference; lastKnownFileType = sourcecode.swift; path = AdminMode.swift; sourceTree = "<group>"; };
		1D98277DFBD46B145B1AEA14 /* AppGroupManager.swift in Sources */ = {isa = PBXBuildFile; fileRef = 6FE78200C931753ED4B82721 /* AppGroupManager.swift */; };
		1F142C55559956B546EB2E1C /* AdManager.swift in Sources */ = {isa = PBXBuildFile; fileRef = 33DDEB1B46819A80FA123ADC /* AdManager.swift */; };
		20242EBCBB1F370E0C1A4B16 /* KeyboardExtension.appex in Embed Foundation Extensions */ = {isa = PBXBuildFile; fileRef = 15F02063B8037FB8B731BEE2 /* KeyboardExtension.appex */; settings = {ATTRIBUTES = (RemoveHeadersOnCopy, ); }; };
		27D971F516C982E3990C0160 /* LocalizationManager.swift in Sources */ = {isa = PBXBuildFile; fileRef = BF1D1F3F9CA9F69A67054C25 /* LocalizationManager.swift */; };
		35ABC70391C60A9068DF38AD /* Constants.swift in Sources */ = {isa = PBXBuildFile; fileRef = C2CDFC8B502F230107E052E7 /* Constants.swift */; };
		3E8A52D5434351B396EA5525 /* RewardedAdsViewController.swift in Sources */ = {isa = PBXBuildFile; fileRef = F2F7E0ADFB1B186D6E02D410 /* RewardedAdsViewController.swift */; };
		48785B31AB3E464020A5AB01 /* TextInputHandler.swift in Sources */ = {isa = PBXBuildFile; fileRef = C5630C7ED31C5E0419029FD7 /* TextInputHandler.swift */; };
		48EB6B73C377FAC506F6929F /* HangulComposer.swift in Sources */ = {isa = PBXBuildFile; fileRef = 8A02361E8E6D336E632AD205 /* HangulComposer.swift */; };
		4C5F4AF0E87EA40C68AF9C45 /* ToolbarView.swift in Sources */ = {isa = PBXBuildFile; fileRef = A6000F0BD0B2A3FE078D0A60 /* ToolbarView.swift */; };
		4C8699E363D1887A13469158 /* PredictionEngine.swift in Sources */ = {isa = PBXBuildFile; fileRef = D8941463AB792555551ECC46 /* PredictionEngine.swift */; };
		51F14E345F7257B1DF84C896 /* EmojiKeyboardView.swift in Sources */ = {isa = PBXBuildFile; fileRef = 03D7ABAFB25DE60E52119088 /* EmojiKeyboardView.swift */; };
		545C2A702F9E19061154ABC7 /* TranslationInputView.swift in Sources */ = {isa = PBXBuildFile; fileRef = BD0D71E79546806F77FA2B2C /* TranslationInputView.swift */; };
		570CC66D851D856F9A768EB0 /* TextProxyManager.swift in Sources */ = {isa = PBXBuildFile; fileRef = 5A2EBBAD04041EB4D95709FC /* TextProxyManager.swift */; };
		57CD264ADD280CD44330AAE9 /* OnboardingViewController.swift in Sources */ = {isa = PBXBuildFile; fileRef = C63CC5F8905248023302E058 /* OnboardingViewController.swift */; };
		58C9FA5545F3E00B33851B70 /* SessionManager.swift in Sources */ = {isa = PBXBuildFile; fileRef = 8E6F1F70EA3AC8A828B6400E /* SessionManager.swift */; };
		63458A19F0CEE9C46528CDC9 /* LanguagePickerView.swift in Sources */ = {isa = PBXBuildFile; fileRef = A2C36F5FE7C33CE377D041C1 /* LanguagePickerView.swift */; };
		6457D49E79DAFE8F383E9466 /* MainViewController.swift in Sources */ = {isa = PBXBuildFile; fileRef = 90A9B64C203AB7EC948D2813 /* MainViewController.swift */; };
		69D2CA8B6F06211B3175CCED /* ngram_ko.json in Resources */ = {isa = PBXBuildFile; fileRef = AD513B75C01FA09795C3034B /* ngram_ko.json */; };
		6AED575128B04BF4F42DC82A /* QuickEmojiBar.swift in Sources */ = {isa = PBXBuildFile; fileRef = 28A9A5F9D37A7DA5CBD32D56 /* QuickEmojiBar.swift */; };
		6D10997C60C7B3EFDE9AA9AC /* TranslationManager.swift in Sources */ = {isa = PBXBuildFile; fileRef = 4FE50CA723F2B8942D563859 /* TranslationManager.swift */; };
		6D51502B295DDDDF9472E831 /* TranslationCache.swift in Sources */ = {isa = PBXBuildFile; fileRef = 11AE8D80E15CF01D67DFD7C3 /* TranslationCache.swift */; };
		6FE3B87EDD24F6A31686E9FF /* PaywallViewController.swift in Sources */ = {isa = PBXBuildFile; fileRef = ED4D8415F1183E7FDB8673AA /* PaywallViewController.swift */; };
		701F1B0B63878CAE70A94BE1 /* SettingsViewController.swift in Sources */ = {isa = PBXBuildFile; fileRef = 6EE5340DD9626EF86A34FB07 /* SettingsViewController.swift */; };
		88DD1D3326500D609D9E2862 /* AutocorrectEngine.swift in Sources */ = {isa = PBXBuildFile; fileRef = 1FCBC8FB5D66C494D8A053A0 /* AutocorrectEngine.swift */; };
		8BA039CD34B039DFEC28E82E /* SubscriptionStatus.swift in Sources */ = {isa = PBXBuildFile; fileRef = AE58C410E1EB49722CC53E86 /* SubscriptionStatus.swift */; };
		93A28AD89882938CABFFC72D /* ThemeStoreViewController.swift in Sources */ = {isa = PBXBuildFile; fileRef = 42A4980833C4BD8661FF38DB /* ThemeStoreViewController.swift */; };
		A82858BCBAD76DAC46CD2457 /* AppGroupManager.swift in Sources */ = {isa = PBXBuildFile; fileRef = 6FE78200C931753ED4B82721 /* AppGroupManager.swift */; };
		A1B2C3D4E5F607081920ABCD /* CorrectionLanguageBar.swift in Sources */ = {isa = PBXBuildFile; fileRef = A1B2C3D4E5F607081920ABCE /* CorrectionLanguageBar.swift */; };
		B2C3D4E5F6070819203BCDEF /* CorrectionManager.swift in Sources */ = {isa = PBXBuildFile; fileRef = B2C3D4E5F6070819203BCDEG /* CorrectionManager.swift */; };
		SN01AA11BB22CC33DD440001 /* SharedNetworkSession.swift in Sources */ = {isa = PBXBuildFile; fileRef = SN01AA11BB22CC33DD440002 /* SharedNetworkSession.swift */; };
		B6F01ECAFA76E2B6D82900AB /* ContextBuffer.swift in Sources */ = {isa = PBXBuildFile; fileRef = D466482591CD18ACB2300B2B /* ContextBuffer.swift */; };
		C6F75003C1E7288C7544FB49 /* SuggestionManager.swift in Sources */ = {isa = PBXBuildFile; fileRef = 9E3ACADD739C681C0B3B1E42 /* SuggestionManager.swift */; };
		C76D0F5B4EE4636BE56D859D /* ngram_en.json in Resources */ = {isa = PBXBuildFile; fileRef = A6D3C64766829CB9CC9BDDDF /* ngram_en.json */; };
		D1ADB3638D89BF7604EBFA1C /* StoreKitManager.swift in Sources */ = {isa = PBXBuildFile; fileRef = 1F99A6C778738429BC6EC5C3 /* StoreKitManager.swift */; };
		DA2889598A127D99684A11D4 /* ThemeManager.swift in Sources */ = {isa = PBXBuildFile; fileRef = A131D0CE3D8515F4D942D37F /* ThemeManager.swift */; };
		DCD3592930A0D79C8DE0C43C /* TranslationCache.swift in Sources */ = {isa = PBXBuildFile; fileRef = 11AE8D80E15CF01D67DFD7C3 /* TranslationCache.swift */; };
		E0355878559563542D5E3439 /* TranslationLanguageBar.swift in Sources */ = {isa = PBXBuildFile; fileRef = 0820E5AB84FA14646AEE72A2 /* TranslationLanguageBar.swift */; };
		E3E121B856F4EDFFEA9FD6A3 /* AppDelegate.swift in Sources */ = {isa = PBXBuildFile; fileRef = 3A3E183622B665F86569655B /* AppDelegate.swift */; };
		E4F87F8E343538A40FF3F37B /* KeyboardViewController.swift in Sources */ = {isa = PBXBuildFile; fileRef = E2ABCF0FF579D517B63E9E5E /* KeyboardViewController.swift */; };
		ECE42B6D027E0DCC06518289 /* SceneDelegate.swift in Sources */ = {isa = PBXBuildFile; fileRef = 5C94EC309EAB7C7F929DAA35 /* SceneDelegate.swift */; };
		F027BB91EC2EC981A6DD95A9 /* KeyboardLayoutView.swift in Sources */ = {isa = PBXBuildFile; fileRef = 2074DF00A0D06308149CC621 /* KeyboardLayoutView.swift */; };
		F6B6FA0359011DC0F238876E /* SessionManager.swift in Sources */ = {isa = PBXBuildFile; fileRef = 8E6F1F70EA3AC8A828B6400E /* SessionManager.swift */; };
		F979FB1196C79873FEB4DA20 /* SubscriptionStatus.swift in Sources */ = {isa = PBXBuildFile; fileRef = AE58C410E1EB49722CC53E86 /* SubscriptionStatus.swift */; };
		AA11BB22CC33DD44EE550001 /* SavedPhrasesManager.swift in Sources */ = {isa = PBXBuildFile; fileRef = AA11BB22CC33DD44EE550002 /* SavedPhrasesManager.swift */; };
		AA11BB22CC33DD44EE550003 /* SavedPhrasesView.swift in Sources */ = {isa = PBXBuildFile; fileRef = AA11BB22CC33DD44EE550004 /* SavedPhrasesView.swift */; };
		AA11BB22CC33DD44EE550005 /* PhraseInputHeaderView.swift in Sources */ = {isa = PBXBuildFile; fileRef = AA11BB22CC33DD44EE550006 /* PhraseInputHeaderView.swift */; };
		BB22CC33DD44EE5500070001 /* KeyboardTheme.swift in Sources */ = {isa = PBXBuildFile; fileRef = BB22CC33DD44EE5500070002 /* KeyboardTheme.swift */; };
		CC33DD44EE5500080001 /* ThemeSelectionViewController.swift in Sources */ = {isa = PBXBuildFile; fileRef = CC33DD44EE5500080002 /* ThemeSelectionViewController.swift */; };
		CC33DD44EE5500080003 /* KeyboardTheme.swift in Sources */ = {isa = PBXBuildFile; fileRef = BB22CC33DD44EE5500070002 /* KeyboardTheme.swift */; };
		DD11EE22FF33001100220002 /* ToneStyle.swift in Sources */ = {isa = PBXBuildFile; fileRef = DD11EE22FF33001100220001 /* ToneStyle.swift */; };
		AFE0ABBE8F454D5785429328 /* ToneStyle.swift in Sources */ = {isa = PBXBuildFile; fileRef = DD11EE22FF33001100220001 /* ToneStyle.swift */; };
		DD11EE22FF33001100220004 /* TonePickerView.swift in Sources */ = {isa = PBXBuildFile; fileRef = DD11EE22FF33001100220003 /* TonePickerView.swift */; };
		EE11FF22003344550066AA03 /* LanguageSettingsViewController.swift in Sources */ = {isa = PBXBuildFile; fileRef = EE11FF22003344550066AA01 /* LanguageSettingsViewController.swift */; };
		EE11FF22003344550066AA04 /* LayoutSettingsViewController.swift in Sources */ = {isa = PBXBuildFile; fileRef = EE11FF22003344550066AA02 /* LayoutSettingsViewController.swift */; };
		FF11AA22BB33CC44DD550001 /* AccentMap.swift in Sources */ = {isa = PBXBuildFile; fileRef = FF11AA22BB33CC44DD550002 /* AccentMap.swift */; };
		FF11AA22BB33CC44DD550003 /* AccentPopupView.swift in Sources */ = {isa = PBXBuildFile; fileRef = FF11AA22BB33CC44DD550004 /* AccentPopupView.swift */; };
		AA22BB33CC44DD55EE660001 /* Localizable.strings in Resources */ = {isa = PBXBuildFile; fileRef = AA22BB33CC44DD55EE660010 /* Localizable.strings */; };
		AA22BB33CC44DD55EE660002 /* Localizable.strings in Resources */ = {isa = PBXBuildFile; fileRef = AA22BB33CC44DD55EE660010 /* Localizable.strings */; };
		CB01AA11BB22CC33DD440001 /* ClipboardItem.swift in Sources */ = {isa = PBXBuildFile; fileRef = CB01AA11BB22CC33DD440010 /* ClipboardItem.swift */; };
		CB01AA11BB22CC33DD440002 /* ClipboardItem.swift in Sources */ = {isa = PBXBuildFile; fileRef = CB01AA11BB22CC33DD440010 /* ClipboardItem.swift */; };
		CB01AA11BB22CC33DD440003 /* ClipboardHistoryManager.swift in Sources */ = {isa = PBXBuildFile; fileRef = CB01AA11BB22CC33DD440011 /* ClipboardHistoryManager.swift */; };
		CB01AA11BB22CC33DD440004 /* ClipboardHistoryView.swift in Sources */ = {isa = PBXBuildFile; fileRef = CB01AA11BB22CC33DD440012 /* ClipboardHistoryView.swift */; };
		AA00BB11CC22DD33EE220001 /* TabBarController.swift in Sources */ = {isa = PBXBuildFile; fileRef = AA00BB11CC22DD33EE110001 /* TabBarController.swift */; };
		AA00BB11CC22DD33EE220002 /* HomeViewController.swift in Sources */ = {isa = PBXBuildFile; fileRef = AA00BB11CC22DD33EE110002 /* HomeViewController.swift */; };
		AA00BB11CC22DD33EE220003 /* AIWriterViewController.swift in Sources */ = {isa = PBXBuildFile; fileRef = AA00BB11CC22DD33EE110003 /* AIWriterViewController.swift */; };
		AA00BB11CC22DD33EE220004 /* HistoryViewController.swift in Sources */ = {isa = PBXBuildFile; fileRef = AA00BB11CC22DD33EE110004 /* HistoryViewController.swift */; };
		AA00BB11CC22DD33EE220005 /* PasteGuideViewController.swift in Sources */ = {isa = PBXBuildFile; fileRef = AA00BB11CC22DD33EE110005 /* PasteGuideViewController.swift */; };
		AA00BB11CC22DD33EE220006 /* PrivacyDashboardViewController.swift in Sources */ = {isa = PBXBuildFile; fileRef = AA00BB11CC22DD33EE110006 /* PrivacyDashboardViewController.swift */; };
		AA00BB11CC22DD33EE220007 /* FullAccessExplainViewController.swift in Sources */ = {isa = PBXBuildFile; fileRef = AA00BB11CC22DD33EE110007 /* FullAccessExplainViewController.swift */; };
		AA00BB11CC22DD33EE220008 /* AICorrectionInfoViewController.swift in Sources */ = {isa = PBXBuildFile; fileRef = AA00BB11CC22DD33EE110008 /* AICorrectionInfoViewController.swift */; };
		AA00BB11CC22DD33EE220009 /* AITranslationInfoViewController.swift in Sources */ = {isa = PBXBuildFile; fileRef = AA00BB11CC22DD33EE110009 /* AITranslationInfoViewController.swift */; };
		AA00BB11CC22DD33EE22000A /* AppColors.swift in Sources */ = {isa = PBXBuildFile; fileRef = AA00BB11CC22DD33EE11000A /* AppColors.swift */; };
		AA00BB11CC22DD33EE22000B /* HistoryItem.swift in Sources */ = {isa = PBXBuildFile; fileRef = AA00BB11CC22DD33EE11000B /* HistoryItem.swift */; };
		AA00BB11CC22DD33EE22000C /* HistoryManager.swift in Sources */ = {isa = PBXBuildFile; fileRef = AA00BB11CC22DD33EE11000C /* HistoryManager.swift */; };
		AA00BB11CC22DD33EE22000D /* StatsManager.swift in Sources */ = {isa = PBXBuildFile; fileRef = AA00BB11CC22DD33EE11000D /* StatsManager.swift */; };
		AA00BB11CC22DD33EE33000A /* AppColors.swift in Sources */ = {isa = PBXBuildFile; fileRef = AA00BB11CC22DD33EE11000A /* AppColors.swift */; };
		AA00BB11CC22DD33EE33000B /* HistoryItem.swift in Sources */ = {isa = PBXBuildFile; fileRef = AA00BB11CC22DD33EE11000B /* HistoryItem.swift */; };
		AA00BB11CC22DD33EE33000C /* HistoryManager.swift in Sources */ = {isa = PBXBuildFile; fileRef = AA00BB11CC22DD33EE11000C /* HistoryManager.swift */; };
		AA00BB11CC22DD33EE33000D /* StatsManager.swift in Sources */ = {isa = PBXBuildFile; fileRef = AA00BB11CC22DD33EE11000D /* StatsManager.swift */; };
		AA00BB11CC22DD33EE22000E /* CompositionSessionManager.swift in Sources */ = {isa = PBXBuildFile; fileRef = AA00BB11CC22DD33EE11000E /* CompositionSessionManager.swift */; };
		AA00BB11CC22DD33EE33000E /* CompositionSessionManager.swift in Sources */ = {isa = PBXBuildFile; fileRef = AA00BB11CC22DD33EE11000E /* CompositionSessionManager.swift */; };
/* End PBXBuildFile section */

/* Begin PBXContainerItemProxy section */
		8FB8878D4288A62F9A529143 /* PBXContainerItemProxy */ = {
			isa = PBXContainerItemProxy;
			containerPortal = 10DA9DD1250B87DC90D61517 /* Project object */;
			proxyType = 1;
			remoteGlobalIDString = D81D87B5BB079D15C73B530B;
			remoteInfo = KeyboardExtension;
		};
/* End PBXContainerItemProxy section */

/* Begin PBXCopyFilesBuildPhase section */
		D2A6B5D3C4D79287000C2AC2 /* Embed Foundation Extensions */ = {
			isa = PBXCopyFilesBuildPhase;
			buildActionMask = 2147483647;
			dstPath = "";
			dstSubfolderSpec = 13;
			files = (
				20242EBCBB1F370E0C1A4B16 /* KeyboardExtension.appex in Embed Foundation Extensions */,
			);
			name = "Embed Foundation Extensions";
			runOnlyForDeploymentPostprocessing = 0;
		};
/* End PBXCopyFilesBuildPhase section */

/* Begin PBXFileReference section */
		03D7ABAFB25DE60E52119088 /* EmojiKeyboardView.swift */ = {isa = PBXFileReference; lastKnownFileType = sourcecode.swift; path = EmojiKeyboardView.swift; sourceTree = "<group>"; };
		A1B2C3D4E5F607081920ABCE /* CorrectionLanguageBar.swift */ = {isa = PBXFileReference; lastKnownFileType = sourcecode.swift; path = CorrectionLanguageBar.swift; sourceTree = "<group>"; };
		B2C3D4E5F6070819203BCDEG /* CorrectionManager.swift */ = {isa = PBXFileReference; lastKnownFileType = sourcecode.swift; path = CorrectionManager.swift; sourceTree = "<group>"; };
		SN01AA11BB22CC33DD440002 /* SharedNetworkSession.swift */ = {isa = PBXFileReference; lastKnownFileType = sourcecode.swift; path = SharedNetworkSession.swift; sourceTree = "<group>"; };
		0820E5AB84FA14646AEE72A2 /* TranslationLanguageBar.swift */ = {isa = PBXFileReference; lastKnownFileType = sourcecode.swift; path = TranslationLanguageBar.swift; sourceTree = "<group>"; };
		11AE8D80E15CF01D67DFD7C3 /* TranslationCache.swift */ = {isa = PBXFileReference; lastKnownFileType = sourcecode.swift; path = TranslationCache.swift; sourceTree = "<group>"; };
		15F02063B8037FB8B731BEE2 /* KeyboardExtension.appex */ = {isa = PBXFileReference; includeInIndex = 0; lastKnownFileType = "wrapper.app-extension"; path = KeyboardExtension.appex; sourceTree = BUILT_PRODUCTS_DIR; };
		1F99A6C778738429BC6EC5C3 /* StoreKitManager.swift */ = {isa = PBXFileReference; lastKnownFileType = sourcecode.swift; path = StoreKitManager.swift; sourceTree = "<group>"; };
		1FCBC8FB5D66C494D8A053A0 /* AutocorrectEngine.swift */ = {isa = PBXFileReference; lastKnownFileType = sourcecode.swift; path = AutocorrectEngine.swift; sourceTree = "<group>"; };
		2074DF00A0D06308149CC621 /* KeyboardLayoutView.swift */ = {isa = PBXFileReference; lastKnownFileType = sourcecode.swift; path = KeyboardLayoutView.swift; sourceTree = "<group>"; };
		28A9A5F9D37A7DA5CBD32D56 /* QuickEmojiBar.swift */ = {isa = PBXFileReference; lastKnownFileType = sourcecode.swift; path = QuickEmojiBar.swift; sourceTree = "<group>"; };
		33DDEB1B46819A80FA123ADC /* AdManager.swift */ = {isa = PBXFileReference; lastKnownFileType = sourcecode.swift; path = AdManager.swift; sourceTree = "<group>"; };
		3A3E183622B665F86569655B /* AppDelegate.swift */ = {isa = PBXFileReference; lastKnownFileType = sourcecode.swift; path = AppDelegate.swift; sourceTree = "<group>"; };
		42A4980833C4BD8661FF38DB /* ThemeStoreViewController.swift */ = {isa = PBXFileReference; lastKnownFileType = sourcecode.swift; path = ThemeStoreViewController.swift; sourceTree = "<group>"; };
		4FE50CA723F2B8942D563859 /* TranslationManager.swift */ = {isa = PBXFileReference; lastKnownFileType = sourcecode.swift; path = TranslationManager.swift; sourceTree = "<group>"; };
		5A2EBBAD04041EB4D95709FC /* TextProxyManager.swift */ = {isa = PBXFileReference; lastKnownFileType = sourcecode.swift; path = TextProxyManager.swift; sourceTree = "<group>"; };
		5C94EC309EAB7C7F929DAA35 /* SceneDelegate.swift */ = {isa = PBXFileReference; lastKnownFileType = sourcecode.swift; path = SceneDelegate.swift; sourceTree = "<group>"; };
		6EE5340DD9626EF86A34FB07 /* SettingsViewController.swift */ = {isa = PBXFileReference; lastKnownFileType = sourcecode.swift; path = SettingsViewController.swift; sourceTree = "<group>"; };
		6FE78200C931753ED4B82721 /* AppGroupManager.swift */ = {isa = PBXFileReference; lastKnownFileType = sourcecode.swift; path = AppGroupManager.swift; sourceTree = "<group>"; };
		8A02361E8E6D336E632AD205 /* HangulComposer.swift */ = {isa = PBXFileReference; lastKnownFileType = sourcecode.swift; path = HangulComposer.swift; sourceTree = "<group>"; };
		8E6F1F70EA3AC8A828B6400E /* SessionManager.swift */ = {isa = PBXFileReference; lastKnownFileType = sourcecode.swift; path = SessionManager.swift; sourceTree = "<group>"; };
		90A9B64C203AB7EC948D2813 /* MainViewController.swift */ = {isa = PBXFileReference; lastKnownFileType = sourcecode.swift; path = MainViewController.swift; sourceTree = "<group>"; };
		9827FE972061CCA1198DF847 /* TranslatorKeyboard.entitlements */ = {isa = PBXFileReference; lastKnownFileType = text.plist.entitlements; path = TranslatorKeyboard.entitlements; sourceTree = "<group>"; };
		9E3ACADD739C681C0B3B1E42 /* SuggestionManager.swift */ = {isa = PBXFileReference; lastKnownFileType = sourcecode.swift; path = SuggestionManager.swift; sourceTree = "<group>"; };
		A131D0CE3D8515F4D942D37F /* ThemeManager.swift */ = {isa = PBXFileReference; lastKnownFileType = sourcecode.swift; path = ThemeManager.swift; sourceTree = "<group>"; };
		A2C36F5FE7C33CE377D041C1 /* LanguagePickerView.swift */ = {isa = PBXFileReference; lastKnownFileType = sourcecode.swift; path = LanguagePickerView.swift; sourceTree = "<group>"; };
		A6000F0BD0B2A3FE078D0A60 /* ToolbarView.swift */ = {isa = PBXFileReference; lastKnownFileType = sourcecode.swift; path = ToolbarView.swift; sourceTree = "<group>"; };
		SP01AA11BB22CC33DD440001 /* StatusPopupView.swift */ = {isa = PBXFileReference; lastKnownFileType = sourcecode.swift; path = StatusPopupView.swift; sourceTree = "<group>"; };
		CM01AA11BB22CC33DD440001 /* ContextMenuView.swift */ = {isa = PBXFileReference; lastKnownFileType = sourcecode.swift; path = ContextMenuView.swift; sourceTree = "<group>"; };
		DS01AA11BB22CC33DD440001 /* DiffSuggestionView.swift */ = {isa = PBXFileReference; lastKnownFileType = sourcecode.swift; path = DiffSuggestionView.swift; sourceTree = "<group>"; };
		A6D3C64766829CB9CC9BDDDF /* ngram_en.json */ = {isa = PBXFileReference; lastKnownFileType = text.json; path = ngram_en.json; sourceTree = "<group>"; };
		AD513B75C01FA09795C3034B /* ngram_ko.json */ = {isa = PBXFileReference; lastKnownFileType = text.json; path = ngram_ko.json; sourceTree = "<group>"; };
		AE58C410E1EB49722CC53E86 /* SubscriptionStatus.swift */ = {isa = PBXFileReference; lastKnownFileType = sourcecode.swift; path = SubscriptionStatus.swift; sourceTree = "<group>"; };
		BD0D71E79546806F77FA2B2C /* TranslationInputView.swift */ = {isa = PBXFileReference; lastKnownFileType = sourcecode.swift; path = TranslationInputView.swift; sourceTree = "<group>"; };
		BF1D1F3F9CA9F69A67054C25 /* LocalizationManager.swift */ = {isa = PBXFileReference; lastKnownFileType = sourcecode.swift; path = LocalizationManager.swift; sourceTree = "<group>"; };
		C2CDFC8B502F230107E052E7 /* Constants.swift */ = {isa = PBXFileReference; lastKnownFileType = sourcecode.swift; path = Constants.swift; sourceTree = "<group>"; };
		C5630C7ED31C5E0419029FD7 /* TextInputHandler.swift */ = {isa = PBXFileReference; lastKnownFileType = sourcecode.swift; path = TextInputHandler.swift; sourceTree = "<group>"; };
		C63CC5F8905248023302E058 /* OnboardingViewController.swift */ = {isa = PBXFileReference; lastKnownFileType = sourcecode.swift; path = OnboardingViewController.swift; sourceTree = "<group>"; };
		CEFCD59B19D6B214370C504C /* TranslatorKeyboard.app */ = {isa = PBXFileReference; includeInIndex = 0; lastKnownFileType = wrapper.application; path = TranslatorKeyboard.app; sourceTree = BUILT_PRODUCTS_DIR; };
		D466482591CD18ACB2300B2B /* ContextBuffer.swift */ = {isa = PBXFileReference; lastKnownFileType = sourcecode.swift; path = ContextBuffer.swift; sourceTree = "<group>"; };
		D8941463AB792555551ECC46 /* PredictionEngine.swift */ = {isa = PBXFileReference; lastKnownFileType = sourcecode.swift; path = PredictionEngine.swift; sourceTree = "<group>"; };
		E2ABCF0FF579D517B63E9E5E /* KeyboardViewController.swift */ = {isa = PBXFileReference; lastKnownFileType = sourcecode.swift; path = KeyboardViewController.swift; sourceTree = "<group>"; };
		E56C026C05D186CC2E5F2172 /* KeyboardExtension.entitlements */ = {isa = PBXFileReference; lastKnownFileType = text.plist.entitlements; path = KeyboardExtension.entitlements; sourceTree = "<group>"; };
		ED4D8415F1183E7FDB8673AA /* PaywallViewController.swift */ = {isa = PBXFileReference; lastKnownFileType = sourcecode.swift; path = PaywallViewController.swift; sourceTree = "<group>"; };
		F2F7E0ADFB1B186D6E02D410 /* RewardedAdsViewController.swift */ = {isa = PBXFileReference; lastKnownFileType = sourcecode.swift; path = RewardedAdsViewController.swift; sourceTree = "<group>"; };
		AA11BB22CC33DD44EE550002 /* SavedPhrasesManager.swift */ = {isa = PBXFileReference; lastKnownFileType = sourcecode.swift; path = SavedPhrasesManager.swift; sourceTree = "<group>"; };
		AA11BB22CC33DD44EE550004 /* SavedPhrasesView.swift */ = {isa = PBXFileReference; lastKnownFileType = sourcecode.swift; path = SavedPhrasesView.swift; sourceTree = "<group>"; };
		AA11BB22CC33DD44EE550006 /* PhraseInputHeaderView.swift */ = {isa = PBXFileReference; lastKnownFileType = sourcecode.swift; path = PhraseInputHeaderView.swift; sourceTree = "<group>"; };
		BB22CC33DD44EE5500070002 /* KeyboardTheme.swift */ = {isa = PBXFileReference; lastKnownFileType = sourcecode.swift; path = KeyboardTheme.swift; sourceTree = "<group>"; };
		CC33DD44EE5500080002 /* ThemeSelectionViewController.swift */ = {isa = PBXFileReference; lastKnownFileType = sourcecode.swift; path = ThemeSelectionViewController.swift; sourceTree = "<group>"; };
		DD11EE22FF33001100220001 /* ToneStyle.swift */ = {isa = PBXFileReference; lastKnownFileType = sourcecode.swift; path = ToneStyle.swift; sourceTree = "<group>"; };
		DD11EE22FF33001100220003 /* TonePickerView.swift */ = {isa = PBXFileReference; lastKnownFileType = sourcecode.swift; path = TonePickerView.swift; sourceTree = "<group>"; };
		EE11FF22003344550066AA01 /* LanguageSettingsViewController.swift */ = {isa = PBXFileReference; lastKnownFileType = sourcecode.swift; path = LanguageSettingsViewController.swift; sourceTree = "<group>"; };
		EE11FF22003344550066AA02 /* LayoutSettingsViewController.swift */ = {isa = PBXFileReference; lastKnownFileType = sourcecode.swift; path = LayoutSettingsViewController.swift; sourceTree = "<group>"; };
		FF11AA22BB33CC44DD550002 /* AccentMap.swift */ = {isa = PBXFileReference; lastKnownFileType = sourcecode.swift; path = AccentMap.swift; sourceTree = "<group>"; };
		FF11AA22BB33CC44DD550004 /* AccentPopupView.swift */ = {isa = PBXFileReference; lastKnownFileType = sourcecode.swift; path = AccentPopupView.swift; sourceTree = "<group>"; };
		AA22BB33CC44DD55EE660011 /* en */ = {isa = PBXFileReference; lastKnownFileType = text.plist.strings; name = en; path = en.lproj/Localizable.strings; sourceTree = "<group>"; };
		AA22BB33CC44DD55EE660012 /* ko */ = {isa = PBXFileReference; lastKnownFileType = text.plist.strings; name = ko; path = ko.lproj/Localizable.strings; sourceTree = "<group>"; };
		AA22BB33CC44DD55EE660013 /* ja */ = {isa = PBXFileReference; lastKnownFileType = text.plist.strings; name = ja; path = ja.lproj/Localizable.strings; sourceTree = "<group>"; };
		AA22BB33CC44DD55EE660014 /* es */ = {isa = PBXFileReference; lastKnownFileType = text.plist.strings; name = es; path = es.lproj/Localizable.strings; sourceTree = "<group>"; };
		AA22BB33CC44DD55EE660015 /* zh-Hans */ = {isa = PBXFileReference; lastKnownFileType = text.plist.strings; name = "zh-Hans"; path = "zh-Hans.lproj/Localizable.strings"; sourceTree = "<group>"; };
		AA22BB33CC44DD55EE660016 /* ru */ = {isa = PBXFileReference; lastKnownFileType = text.plist.strings; name = ru; path = ru.lproj/Localizable.strings; sourceTree = "<group>"; };
		AA22BB33CC44DD55EE660017 /* fr */ = {isa = PBXFileReference; lastKnownFileType = text.plist.strings; name = fr; path = fr.lproj/Localizable.strings; sourceTree = "<group>"; };
		AA22BB33CC44DD55EE660018 /* de */ = {isa = PBXFileReference; lastKnownFileType = text.plist.strings; name = de; path = de.lproj/Localizable.strings; sourceTree = "<group>"; };
		AA22BB33CC44DD55EE660019 /* it */ = {isa = PBXFileReference; lastKnownFileType = text.plist.strings; name = it; path = it.lproj/Localizable.strings; sourceTree = "<group>"; };
		CB01AA11BB22CC33DD440010 /* ClipboardItem.swift */ = {isa = PBXFileReference; lastKnownFileType = sourcecode.swift; path = ClipboardItem.swift; sourceTree = "<group>"; };
		CB01AA11BB22CC33DD440011 /* ClipboardHistoryManager.swift */ = {isa = PBXFileReference; lastKnownFileType = sourcecode.swift; path = ClipboardHistoryManager.swift; sourceTree = "<group>"; };
		CB01AA11BB22CC33DD440012 /* ClipboardHistoryView.swift */ = {isa = PBXFileReference; lastKnownFileType = sourcecode.swift; path = ClipboardHistoryView.swift; sourceTree = "<group>"; };
		AA00BB11CC22DD33EE110001 /* TabBarController.swift */ = {isa = PBXFileReference; lastKnownFileType = sourcecode.swift; path = TabBarController.swift; sourceTree = "<group>"; };
		AA00BB11CC22DD33EE110002 /* HomeViewController.swift */ = {isa = PBXFileReference; lastKnownFileType = sourcecode.swift; path = HomeViewController.swift; sourceTree = "<group>"; };
		AA00BB11CC22DD33EE110003 /* AIWriterViewController.swift */ = {isa = PBXFileReference; lastKnownFileType = sourcecode.swift; path = AIWriterViewController.swift; sourceTree = "<group>"; };
		AA00BB11CC22DD33EE110004 /* HistoryViewController.swift */ = {isa = PBXFileReference; lastKnownFileType = sourcecode.swift; path = HistoryViewController.swift; sourceTree = "<group>"; };
		AA00BB11CC22DD33EE110005 /* PasteGuideViewController.swift */ = {isa = PBXFileReference; lastKnownFileType = sourcecode.swift; path = PasteGuideViewController.swift; sourceTree = "<group>"; };
		AA00BB11CC22DD33EE110006 /* PrivacyDashboardViewController.swift */ = {isa = PBXFileReference; lastKnownFileType = sourcecode.swift; path = PrivacyDashboardViewController.swift; sourceTree = "<group>"; };
		AA00BB11CC22DD33EE110007 /* FullAccessExplainViewController.swift */ = {isa = PBXFileReference; lastKnownFileType = sourcecode.swift; path = FullAccessExplainViewController.swift; sourceTree = "<group>"; };
		AA00BB11CC22DD33EE110008 /* AICorrectionInfoViewController.swift */ = {isa = PBXFileReference; lastKnownFileType = sourcecode.swift; path = AICorrectionInfoViewController.swift; sourceTree = "<group>"; };
		AA00BB11CC22DD33EE110009 /* AITranslationInfoViewController.swift */ = {isa = PBXFileReference; lastKnownFileType = sourcecode.swift; path = AITranslationInfoViewController.swift; sourceTree = "<group>"; };
		AA00BB11CC22DD33EE11000A /* AppColors.swift */ = {isa = PBXFileReference; lastKnownFileType = sourcecode.swift; path = AppColors.swift; sourceTree = "<group>"; };
		AA00BB11CC22DD33EE11000B /* HistoryItem.swift */ = {isa = PBXFileReference; lastKnownFileType = sourcecode.swift; path = HistoryItem.swift; sourceTree = "<group>"; };
		AA00BB11CC22DD33EE11000C /* HistoryManager.swift */ = {isa = PBXFileReference; lastKnownFileType = sourcecode.swift; path = HistoryManager.swift; sourceTree = "<group>"; };
		AA00BB11CC22DD33EE11000D /* StatsManager.swift */ = {isa = PBXFileReference; lastKnownFileType = sourcecode.swift; path = StatsManager.swift; sourceTree = "<group>"; };
		AA00BB11CC22DD33EE11000E /* CompositionSessionManager.swift */ = {isa = PBXFileReference; lastKnownFileType = sourcecode.swift; path = CompositionSessionManager.swift; sourceTree = "<group>"; };
/* End PBXFileReference section */

/* Begin PBXGroup section */
		029E3101DC7948E229F6347C /* Paywall */ = {
			isa = PBXGroup;
			children = (
				ED4D8415F1183E7FDB8673AA /* PaywallViewController.swift */,
				1F99A6C778738429BC6EC5C3 /* StoreKitManager.swift */,
			);
			path = Paywall;
			sourceTree = "<group>";
		};
		296F73430F09678354EBCEC9 /* Settings */ = {
			isa = PBXGroup;
			children = (
				AA00BB11CC22DD33EE110008 /* AICorrectionInfoViewController.swift */,
				AA00BB11CC22DD33EE110009 /* AITranslationInfoViewController.swift */,
				AA00BB11CC22DD33EE110007 /* FullAccessExplainViewController.swift */,
				EE11FF22003344550066AA01 /* LanguageSettingsViewController.swift */,
				EE11FF22003344550066AA02 /* LayoutSettingsViewController.swift */,
				AA00BB11CC22DD33EE110005 /* PasteGuideViewController.swift */,
				AA00BB11CC22DD33EE110006 /* PrivacyDashboardViewController.swift */,
				6EE5340DD9626EF86A34FB07 /* SettingsViewController.swift */,
				CC33DD44EE5500080002 /* ThemeSelectionViewController.swift */,
			);
			path = Settings;
			sourceTree = "<group>";
		};
		306EA16641B37F317462C1B4 /* Products */ = {
			isa = PBXGroup;
			children = (
				15F02063B8037FB8B731BEE2 /* KeyboardExtension.appex */,
				CEFCD59B19D6B214370C504C /* TranslatorKeyboard.app */,
			);
			name = Products;
			sourceTree = "<group>";
		};
		4230CE9937E4FE53729BBD96 /* TranslatorKeyboard */ = {
			isa = PBXGroup;
			children = (
				9827FE972061CCA1198DF847 /* TranslatorKeyboard.entitlements */,
				AA00BB11CC22DD33EE440002 /* AIWriter */,
				5D72009ADDC2558E8FB997E0 /* App */,
				AA00BB11CC22DD33EE440003 /* History */,
				AA00BB11CC22DD33EE440001 /* Home */,
				B5272BEEFF8BB77D51B53B8F /* Onboarding */,
				029E3101DC7948E229F6347C /* Paywall */,
				FC17688ECD68EF751C993FD2 /* RewardedAds */,
				296F73430F09678354EBCEC9 /* Settings */,
				F9D76C690D906097982DA8D4 /* ThemeStore */,
			);
			path = TranslatorKeyboard;
			sourceTree = "<group>";
		};
		43B6AA0B4788DDA803262AB2 /* Theme */ = {
			isa = PBXGroup;
			children = (
				BB22CC33DD44EE5500070002 /* KeyboardTheme.swift */,
				A131D0CE3D8515F4D942D37F /* ThemeManager.swift */,
			);
			path = Theme;
			sourceTree = "<group>";
		};
		5D72009ADDC2558E8FB997E0 /* App */ = {
			isa = PBXGroup;
			children = (
				3A3E183622B665F86569655B /* AppDelegate.swift */,
				90A9B64C203AB7EC948D2813 /* MainViewController.swift */,
				5C94EC309EAB7C7F929DAA35 /* SceneDelegate.swift */,
				AA00BB11CC22DD33EE110001 /* TabBarController.swift */,
			);
			path = App;
			sourceTree = "<group>";
		};
		AA00BB11CC22DD33EE440001 /* Home */ = {
			isa = PBXGroup;
			children = (
				AA00BB11CC22DD33EE110002 /* HomeViewController.swift */,
			);
			path = Home;
			sourceTree = "<group>";
		};
		AA00BB11CC22DD33EE440002 /* AIWriter */ = {
			isa = PBXGroup;
			children = (
				AA00BB11CC22DD33EE110003 /* AIWriterViewController.swift */,
			);
			path = AIWriter;
			sourceTree = "<group>";
		};
		AA00BB11CC22DD33EE440003 /* History */ = {
			isa = PBXGroup;
			children = (
				AA00BB11CC22DD33EE110004 /* HistoryViewController.swift */,
			);
			path = History;
			sourceTree = "<group>";
		};
		72C32C2E24A5A729B8F2C947 /* Logic */ = {
			isa = PBXGroup;
			children = (
				1FCBC8FB5D66C494D8A053A0 /* AutocorrectEngine.swift */,
				CB01AA11BB22CC33DD440011 /* ClipboardHistoryManager.swift */,
				D466482591CD18ACB2300B2B /* ContextBuffer.swift */,
				B2C3D4E5F6070819203BCDEG /* CorrectionManager.swift */,
				8A02361E8E6D336E632AD205 /* HangulComposer.swift */,
				D8941463AB792555551ECC46 /* PredictionEngine.swift */,
				AA11BB22CC33DD44EE550002 /* SavedPhrasesManager.swift */,
				9E3ACADD739C681C0B3B1E42 /* SuggestionManager.swift */,
				C5630C7ED31C5E0419029FD7 /* TextInputHandler.swift */,
				SN01AA11BB22CC33DD440002 /* SharedNetworkSession.swift */,
				5A2EBBAD04041EB4D95709FC /* TextProxyManager.swift */,
				4FE50CA723F2B8942D563859 /* TranslationManager.swift */,
			);
			path = Logic;
			sourceTree = "<group>";
		};
		768E1FBE90D1BDE218924FCA /* UI */ = {
			isa = PBXGroup;
			children = (
				FF11AA22BB33CC44DD550002 /* AccentMap.swift */,
				FF11AA22BB33CC44DD550004 /* AccentPopupView.swift */,
				CB01AA11BB22CC33DD440012 /* ClipboardHistoryView.swift */,
				A1B2C3D4E5F607081920ABCE /* CorrectionLanguageBar.swift */,
				03D7ABAFB25DE60E52119088 /* EmojiKeyboardView.swift */,
				2074DF00A0D06308149CC621 /* KeyboardLayoutView.swift */,
				A2C36F5FE7C33CE377D041C1 /* LanguagePickerView.swift */,
				AA11BB22CC33DD44EE550006 /* PhraseInputHeaderView.swift */,
				28A9A5F9D37A7DA5CBD32D56 /* QuickEmojiBar.swift */,
				AA11BB22CC33DD44EE550004 /* SavedPhrasesView.swift */,
				CM01AA11BB22CC33DD440001 /* ContextMenuView.swift */,
				DS01AA11BB22CC33DD440001 /* DiffSuggestionView.swift */,
				SP01AA11BB22CC33DD440001 /* StatusPopupView.swift */,
				A6000F0BD0B2A3FE078D0A60 /* ToolbarView.swift */,
				DD11EE22FF33001100220003 /* TonePickerView.swift */,
				BD0D71E79546806F77FA2B2C /* TranslationInputView.swift */,
				0820E5AB84FA14646AEE72A2 /* TranslationLanguageBar.swift */,
			);
			path = UI;
			sourceTree = "<group>";
		};
		8D733AA9C8A306DC2EF99AFE /* KeyboardExtension */ = {
			isa = PBXGroup;
			children = (
				E56C026C05D186CC2E5F2172 /* KeyboardExtension.entitlements */,
				E2ABCF0FF579D517B63E9E5E /* KeyboardViewController.swift */,
				72C32C2E24A5A729B8F2C947 /* Logic */,
				C7D19AADC203E5850D8BFAEF /* Resources */,
				43B6AA0B4788DDA803262AB2 /* Theme */,
				768E1FBE90D1BDE218924FCA /* UI */,
			);
			path = KeyboardExtension;
			sourceTree = "<group>";
		};
		90AD3FEDABA364962673A6D5 /* Shared */ = {
			isa = PBXGroup;
			children = (
				AA00BB11CC22DD33EE11000A /* AppColors.swift */,
				6FE78200C931753ED4B82721 /* AppGroupManager.swift */,
				AA00BB11CC22DD33EE11000E /* CompositionSessionManager.swift */,
				CB01AA11BB22CC33DD440010 /* ClipboardItem.swift */,
				C2CDFC8B502F230107E052E7 /* Constants.swift */,
				FFFE634A94A64A2F8F243186 /* FeatureGate.swift */,
				FA63F578073C4EA0A059B928 /* DailyUsageManager.swift */,
				9F2D41AC8FC84858A4EF2A49 /* AdminMode.swift */,
				AA00BB11CC22DD33EE11000B /* HistoryItem.swift */,
				AA00BB11CC22DD33EE11000C /* HistoryManager.swift */,
				BF1D1F3F9CA9F69A67054C25 /* LocalizationManager.swift */,
				AA22BB33CC44DD55EE660020 /* Localizations */,
				8E6F1F70EA3AC8A828B6400E /* SessionManager.swift */,
				AA00BB11CC22DD33EE11000D /* StatsManager.swift */,
				AE58C410E1EB49722CC53E86 /* SubscriptionStatus.swift */,
				DD11EE22FF33001100220001 /* ToneStyle.swift */,
				11AE8D80E15CF01D67DFD7C3 /* TranslationCache.swift */,
			);
			path = Shared;
			sourceTree = "<group>";
		};
		AA22BB33CC44DD55EE660020 /* Localizations */ = {
			isa = PBXGroup;
			children = (
				AA22BB33CC44DD55EE660010 /* Localizable.strings */,
			);
			path = Localizations;
			sourceTree = "<group>";
		};
		92E5E26A9636677CC0F735FC = {
			isa = PBXGroup;
			children = (
				8D733AA9C8A306DC2EF99AFE /* KeyboardExtension */,
				90AD3FEDABA364962673A6D5 /* Shared */,
				4230CE9937E4FE53729BBD96 /* TranslatorKeyboard */,
				306EA16641B37F317462C1B4 /* Products */,
			);
			sourceTree = "<group>";
		};
		B5272BEEFF8BB77D51B53B8F /* Onboarding */ = {
			isa = PBXGroup;
			children = (
				C63CC5F8905248023302E058 /* OnboardingViewController.swift */,
			);
			path = Onboarding;
			sourceTree = "<group>";
		};
		C7D19AADC203E5850D8BFAEF /* Resources */ = {
			isa = PBXGroup;
			children = (
				A6D3C64766829CB9CC9BDDDF /* ngram_en.json */,
				AD513B75C01FA09795C3034B /* ngram_ko.json */,
			);
			path = Resources;
			sourceTree = "<group>";
		};
		F9D76C690D906097982DA8D4 /* ThemeStore */ = {
			isa = PBXGroup;
			children = (
				42A4980833C4BD8661FF38DB /* ThemeStoreViewController.swift */,
			);
			path = ThemeStore;
			sourceTree = "<group>";
		};
		FC17688ECD68EF751C993FD2 /* RewardedAds */ = {
			isa = PBXGroup;
			children = (
				33DDEB1B46819A80FA123ADC /* AdManager.swift */,
				F2F7E0ADFB1B186D6E02D410 /* RewardedAdsViewController.swift */,
			);
			path = RewardedAds;
			sourceTree = "<group>";
		};
/* End PBXGroup section */

/* Begin PBXVariantGroup section */
		AA22BB33CC44DD55EE660010 /* Localizable.strings */ = {
			isa = PBXVariantGroup;
			children = (
				AA22BB33CC44DD55EE660011 /* en */,
				AA22BB33CC44DD55EE660012 /* ko */,
				AA22BB33CC44DD55EE660013 /* ja */,
				AA22BB33CC44DD55EE660014 /* es */,
				AA22BB33CC44DD55EE660015 /* zh-Hans */,
				AA22BB33CC44DD55EE660016 /* ru */,
				AA22BB33CC44DD55EE660017 /* fr */,
				AA22BB33CC44DD55EE660018 /* de */,
				AA22BB33CC44DD55EE660019 /* it */,
			);
			name = Localizable.strings;
			sourceTree = "<group>";
		};
/* End PBXVariantGroup section */

/* Begin PBXNativeTarget section */
		53523E59F5FAF74EDD233DC1 /* TranslatorKeyboard */ = {
			isa = PBXNativeTarget;
			buildConfigurationList = 9D3D6648925293CE63CA9778 /* Build configuration list for PBXNativeTarget "TranslatorKeyboard" */;
			buildPhases = (
				E4C8E3DB10A82D2C45F59E89 /* Sources */,
				AA22BB33CC44DD55EE660030 /* Resources */,
				D2A6B5D3C4D79287000C2AC2 /* Embed Foundation Extensions */,
			);
			buildRules = (
			);
			dependencies = (
				20542D3AD70C85B60019D462 /* PBXTargetDependency */,
			);
			name = TranslatorKeyboard;
			packageProductDependencies = (
			);
			productName = TranslatorKeyboard;
			productReference = CEFCD59B19D6B214370C504C /* TranslatorKeyboard.app */;
			productType = "com.apple.product-type.application";
		};
		D81D87B5BB079D15C73B530B /* KeyboardExtension */ = {
			isa = PBXNativeTarget;
			buildConfigurationList = 1AA6CCAACAFCD0D29B826DDF /* Build configuration list for PBXNativeTarget "KeyboardExtension" */;
			buildPhases = (
				BF8014422F6CAD513120AE36 /* Sources */,
				8267FED8770EE394960AFC8B /* Resources */,
			);
			buildRules = (
			);
			dependencies = (
			);
			name = KeyboardExtension;
			packageProductDependencies = (
			);
			productName = KeyboardExtension;
			productReference = 15F02063B8037FB8B731BEE2 /* KeyboardExtension.appex */;
			productType = "com.apple.product-type.app-extension";
		};
/* End PBXNativeTarget section */

/* Begin PBXProject section */
		10DA9DD1250B87DC90D61517 /* Project object */ = {
			isa = PBXProject;
			attributes = {
				BuildIndependentTargetsInParallel = YES;
				LastUpgradeCheck = 1600;
				TargetAttributes = {
					53523E59F5FAF74EDD233DC1 = {
						DevelopmentTeam = 3Q2D38NW4X;
						ProvisioningStyle = Automatic;
					};
					D81D87B5BB079D15C73B530B = {
						DevelopmentTeam = 3Q2D38NW4X;
						ProvisioningStyle = Automatic;
					};
				};
			};
			buildConfigurationList = 6B62E4FA60A7E8D8993D4B05 /* Build configuration list for PBXProject "TranslatorKeyboard" */;
			compatibilityVersion = "Xcode 14.0";
			developmentRegion = en;
			hasScannedForEncodings = 0;
			knownRegions = (
				Base,
				en,
				ko,
				ja,
				es,
				"zh-Hans",
				ru,
				fr,
				de,
				it,
			);
			mainGroup = 92E5E26A9636677CC0F735FC;
			minimizedProjectReferenceProxies = 1;
			preferredProjectObjectVersion = 77;
			projectDirPath = "";
			projectRoot = "";
			targets = (
				D81D87B5BB079D15C73B530B /* KeyboardExtension */,
				53523E59F5FAF74EDD233DC1 /* TranslatorKeyboard */,
			);
		};
/* End PBXProject section */

/* Begin PBXResourcesBuildPhase section */
		8267FED8770EE394960AFC8B /* Resources */ = {
			isa = PBXResourcesBuildPhase;
			buildActionMask = 2147483647;
			files = (
				C76D0F5B4EE4636BE56D859D /* ngram_en.json in Resources */,
				69D2CA8B6F06211B3175CCED /* ngram_ko.json in Resources */,
				AA22BB33CC44DD55EE660001 /* Localizable.strings in Resources */,
			);
			runOnlyForDeploymentPostprocessing = 0;
		};
		AA22BB33CC44DD55EE660030 /* Resources */ = {
			isa = PBXResourcesBuildPhase;
			buildActionMask = 2147483647;
			files = (
				AA22BB33CC44DD55EE660002 /* Localizable.strings in Resources */,
			);
			runOnlyForDeploymentPostprocessing = 0;
		};
/* End PBXResourcesBuildPhase section */

/* Begin PBXSourcesBuildPhase section */
		BF8014422F6CAD513120AE36 /* Sources */ = {
			isa = PBXSourcesBuildPhase;
			buildActionMask = 2147483647;
			files = (
				FF11AA22BB33CC44DD550001 /* AccentMap.swift in Sources */,
				FF11AA22BB33CC44DD550003 /* AccentPopupView.swift in Sources */,
				CB01AA11BB22CC33DD440001 /* ClipboardItem.swift in Sources */,
				CB01AA11BB22CC33DD440003 /* ClipboardHistoryManager.swift in Sources */,
				CB01AA11BB22CC33DD440004 /* ClipboardHistoryView.swift in Sources */,
				1D98277DFBD46B145B1AEA14 /* AppGroupManager.swift in Sources */,
				88DD1D3326500D609D9E2862 /* AutocorrectEngine.swift in Sources */,
				13E2BA2EAF38109D37866AEE /* Constants.swift in Sources */,
				A1B2C3D4E5F607081920ABCD /* CorrectionLanguageBar.swift in Sources */,
				B2C3D4E5F6070819203BCDEF /* CorrectionManager.swift in Sources */,
				B6F01ECAFA76E2B6D82900AB /* ContextBuffer.swift in Sources */,
				51F14E345F7257B1DF84C896 /* EmojiKeyboardView.swift in Sources */,
				48EB6B73C377FAC506F6929F /* HangulComposer.swift in Sources */,
				F027BB91EC2EC981A6DD95A9 /* KeyboardLayoutView.swift in Sources */,
				BB22CC33DD44EE5500070001 /* KeyboardTheme.swift in Sources */,
				E4F87F8E343538A40FF3F37B /* KeyboardViewController.swift in Sources */,
				63458A19F0CEE9C46528CDC9 /* LanguagePickerView.swift in Sources */,
				0C6DEB4CF9B55C2B513025D4 /* LocalizationManager.swift in Sources */,
				4C8699E363D1887A13469158 /* PredictionEngine.swift in Sources */,
				AA11BB22CC33DD44EE550005 /* PhraseInputHeaderView.swift in Sources */,
				6AED575128B04BF4F42DC82A /* QuickEmojiBar.swift in Sources */,
				AA11BB22CC33DD44EE550001 /* SavedPhrasesManager.swift in Sources */,
				AA11BB22CC33DD44EE550003 /* SavedPhrasesView.swift in Sources */,
				58C9FA5545F3E00B33851B70 /* SessionManager.swift in Sources */,
				SN01AA11BB22CC33DD440001 /* SharedNetworkSession.swift in Sources */,
				8BA039CD34B039DFEC28E82E /* SubscriptionStatus.swift in Sources */,
				C6F75003C1E7288C7544FB49 /* SuggestionManager.swift in Sources */,
				48785B31AB3E464020A5AB01 /* TextInputHandler.swift in Sources */,
				570CC66D851D856F9A768EB0 /* TextProxyManager.swift in Sources */,
				DA2889598A127D99684A11D4 /* ThemeManager.swift in Sources */,
				SP01AA11BB22CC33DD440002 /* StatusPopupView.swift in Sources */,
				CM01AA11BB22CC33DD440002 /* ContextMenuView.swift in Sources */,
				DS01AA11BB22CC33DD440002 /* DiffSuggestionView.swift in Sources */,
				4C5F4AF0E87EA40C68AF9C45 /* ToolbarView.swift in Sources */,
				6D51502B295DDDDF9472E831 /* TranslationCache.swift in Sources */,
				545C2A702F9E19061154ABC7 /* TranslationInputView.swift in Sources */,
				E0355878559563542D5E3439 /* TranslationLanguageBar.swift in Sources */,
				DD11EE22FF33001100220002 /* ToneStyle.swift in Sources */,
				DD11EE22FF33001100220004 /* TonePickerView.swift in Sources */,
				6D10997C60C7B3EFDE9AA9AC /* TranslationManager.swift in Sources */,
				AA00BB11CC22DD33EE33000A /* AppColors.swift in Sources */,
				AA00BB11CC22DD33EE33000B /* HistoryItem.swift in Sources */,
				AA00BB11CC22DD33EE33000C /* HistoryManager.swift in Sources */,
				AA00BB11CC22DD33EE33000D /* StatsManager.swift in Sources */,
				AA00BB11CC22DD33EE33000E /* CompositionSessionManager.swift in Sources */,
				155290611FD84B138EBFF0AA /* FeatureGate.swift in Sources */,
				7237963120014F2EB5E42F8B /* DailyUsageManager.swift in Sources */,
				AD15949F86CE40BDADBB12E1 /* AdminMode.swift in Sources */,
);
			runOnlyForDeploymentPostprocessing = 0;
		};
		E4C8E3DB10A82D2C45F59E89 /* Sources */ = {
			isa = PBXSourcesBuildPhase;
			buildActionMask = 2147483647;
			files = (
				1F142C55559956B546EB2E1C /* AdManager.swift in Sources */,
				CB01AA11BB22CC33DD440002 /* ClipboardItem.swift in Sources */,
				E3E121B856F4EDFFEA9FD6A3 /* AppDelegate.swift in Sources */,
				A82858BCBAD76DAC46CD2457 /* AppGroupManager.swift in Sources */,
				35ABC70391C60A9068DF38AD /* Constants.swift in Sources */,
				27D971F516C982E3990C0160 /* LocalizationManager.swift in Sources */,
				6457D49E79DAFE8F383E9466 /* MainViewController.swift in Sources */,
				57CD264ADD280CD44330AAE9 /* OnboardingViewController.swift in Sources */,
				6FE3B87EDD24F6A31686E9FF /* PaywallViewController.swift in Sources */,
				3E8A52D5434351B396EA5525 /* RewardedAdsViewController.swift in Sources */,
				ECE42B6D027E0DCC06518289 /* SceneDelegate.swift in Sources */,
				F6B6FA0359011DC0F238876E /* SessionManager.swift in Sources */,
				701F1B0B63878CAE70A94BE1 /* SettingsViewController.swift in Sources */,
				D1ADB3638D89BF7604EBFA1C /* StoreKitManager.swift in Sources */,
				F979FB1196C79873FEB4DA20 /* SubscriptionStatus.swift in Sources */,
				93A28AD89882938CABFFC72D /* ThemeStoreViewController.swift in Sources */,
				CC33DD44EE5500080001 /* ThemeSelectionViewController.swift in Sources */,
				CC33DD44EE5500080003 /* KeyboardTheme.swift in Sources */,
				EE11FF22003344550066AA03 /* LanguageSettingsViewController.swift in Sources */,
				EE11FF22003344550066AA04 /* LayoutSettingsViewController.swift in Sources */,
				DCD3592930A0D79C8DE0C43C /* TranslationCache.swift in Sources */,
				AA00BB11CC22DD33EE220001 /* TabBarController.swift in Sources */,
				AA00BB11CC22DD33EE220002 /* HomeViewController.swift in Sources */,
				AFE0ABBE8F454D5785429328 /* ToneStyle.swift in Sources */,
				AA00BB11CC22DD33EE220003 /* AIWriterViewController.swift in Sources */,
				AA00BB11CC22DD33EE220004 /* HistoryViewController.swift in Sources */,
				AA00BB11CC22DD33EE220005 /* PasteGuideViewController.swift in Sources */,
				AA00BB11CC22DD33EE220006 /* PrivacyDashboardViewController.swift in Sources */,
				AA00BB11CC22DD33EE220007 /* FullAccessExplainViewController.swift in Sources */,
				AA00BB11CC22DD33EE220008 /* AICorrectionInfoViewController.swift in Sources */,
				AA00BB11CC22DD33EE220009 /* AITranslationInfoViewController.swift in Sources */,
				AA00BB11CC22DD33EE22000A /* AppColors.swift in Sources */,
				AA00BB11CC22DD33EE22000B /* HistoryItem.swift in Sources */,
				AA00BB11CC22DD33EE22000C /* HistoryManager.swift in Sources */,
				AA00BB11CC22DD33EE22000D /* StatsManager.swift in Sources */,
				AA00BB11CC22DD33EE22000E /* CompositionSessionManager.swift in Sources */,
				66DB83ECA2F043B990BE945B /* FeatureGate.swift in Sources */,
				3E5922FE0A6B41D79E37A4CD /* DailyUsageManager.swift in Sources */,
				90C244B176664DB7B8761707 /* AdminMode.swift in Sources */,
);
			runOnlyForDeploymentPostprocessing = 0;
		};
/* End PBXSourcesBuildPhase section */

/* Begin PBXTargetDependency section */
		20542D3AD70C85B60019D462 /* PBXTargetDependency */ = {
			isa = PBXTargetDependency;
			target = D81D87B5BB079D15C73B530B /* KeyboardExtension */;
			targetProxy = 8FB8878D4288A62F9A529143 /* PBXContainerItemProxy */;
		};
/* End PBXTargetDependency section */

/* Begin XCBuildConfiguration section */
		026420E171078E5D495BB482 /* Debug */ = {
			isa = XCBuildConfiguration;
			buildSettings = {
				CODE_SIGN_ENTITLEMENTS = KeyboardExtension/KeyboardExtension.entitlements;
				DEVELOPMENT_TEAM = 3Q2D38NW4X;
				INFOPLIST_FILE = KeyboardExtension/Resources/Info.plist;
				LD_RUNPATH_SEARCH_PATHS = (
					"$(inherited)",
					"@executable_path/Frameworks",
					"@executable_path/../../Frameworks",
				);
				PRODUCT_BUNDLE_IDENTIFIER = com.translatorkeyboard.app.keyboard;
				SDKROOT = iphoneos;
				TARGETED_DEVICE_FAMILY = "1,2";
			};
			name = Debug;
		};
		674EFDBB8B4D7519F6B95AFC /* Release */ = {
			isa = XCBuildConfiguration;
			buildSettings = {
				ASSETCATALOG_COMPILER_APPICON_NAME = AppIcon;
				CODE_SIGN_ENTITLEMENTS = TranslatorKeyboard/TranslatorKeyboard.entitlements;
				CODE_SIGN_IDENTITY = "iPhone Developer";
				DEVELOPMENT_TEAM = 3Q2D38NW4X;
				INFOPLIST_FILE = TranslatorKeyboard/Resources/Info.plist;
				LD_RUNPATH_SEARCH_PATHS = (
					"$(inherited)",
					"@executable_path/Frameworks",
				);
				PRODUCT_BUNDLE_IDENTIFIER = com.translatorkeyboard.app;
				SDKROOT = iphoneos;
				TARGETED_DEVICE_FAMILY = "1,2";
			};
			name = Release;
		};
		73C6956E3EA6543795916132 /* Release */ = {
			isa = XCBuildConfiguration;
			buildSettings = {
				CODE_SIGN_ENTITLEMENTS = KeyboardExtension/KeyboardExtension.entitlements;
				DEVELOPMENT_TEAM = 3Q2D38NW4X;
				INFOPLIST_FILE = KeyboardExtension/Resources/Info.plist;
				LD_RUNPATH_SEARCH_PATHS = (
					"$(inherited)",
					"@executable_path/Frameworks",
					"@executable_path/../../Frameworks",
				);
				PRODUCT_BUNDLE_IDENTIFIER = com.translatorkeyboard.app.keyboard;
				SDKROOT = iphoneos;
				TARGETED_DEVICE_FAMILY = "1,2";
			};
			name = Release;
		};
		8C6DA7645D22348B673C22D4 /* Release */ = {
			isa = XCBuildConfiguration;
			buildSettings = {
				ALWAYS_SEARCH_USER_PATHS = NO;
				CLANG_ANALYZER_NONNULL = YES;
				CLANG_ANALYZER_NUMBER_OBJECT_CONVERSION = YES_AGGRESSIVE;
				CLANG_CXX_LANGUAGE_STANDARD = "gnu++14";
				CLANG_CXX_LIBRARY = "libc++";
				CLANG_ENABLE_MODULES = YES;
				CLANG_ENABLE_OBJC_ARC = YES;
				CLANG_ENABLE_OBJC_WEAK = YES;
				CLANG_WARN_BLOCK_CAPTURE_AUTORELEASING = YES;
				CLANG_WARN_BOOL_CONVERSION = YES;
				CLANG_WARN_COMMA = YES;
				CLANG_WARN_CONSTANT_CONVERSION = YES;
				CLANG_WARN_DEPRECATED_OBJC_IMPLEMENTATIONS = YES;
				CLANG_WARN_DIRECT_OBJC_ISA_USAGE = YES_ERROR;
				CLANG_WARN_DOCUMENTATION_COMMENTS = YES;
				CLANG_WARN_EMPTY_BODY = YES;
				CLANG_WARN_ENUM_CONVERSION = YES;
				CLANG_WARN_INFINITE_RECURSION = YES;
				CLANG_WARN_INT_CONVERSION = YES;
				CLANG_WARN_NON_LITERAL_NULL_CONVERSION = YES;
				CLANG_WARN_OBJC_IMPLICIT_RETAIN_SELF = YES;
				CLANG_WARN_OBJC_LITERAL_CONVERSION = YES;
				CLANG_WARN_OBJC_ROOT_CLASS = YES_ERROR;
				CLANG_WARN_QUOTED_INCLUDE_IN_FRAMEWORK_HEADER = YES;
				CLANG_WARN_RANGE_LOOP_ANALYSIS = YES;
				CLANG_WARN_STRICT_PROTOTYPES = YES;
				CLANG_WARN_SUSPICIOUS_MOVE = YES;
				CLANG_WARN_UNGUARDED_AVAILABILITY = YES_AGGRESSIVE;
				CLANG_WARN_UNREACHABLE_CODE = YES;
				CLANG_WARN__DUPLICATE_METHOD_MATCH = YES;
				CODE_SIGN_STYLE = Automatic;
				COPY_PHASE_STRIP = NO;
				DEBUG_INFORMATION_FORMAT = "dwarf-with-dsym";
				DEVELOPMENT_TEAM = 3Q2D38NW4X;
				ENABLE_NS_ASSERTIONS = NO;
				ENABLE_STRICT_OBJC_MSGSEND = YES;
				GCC_C_LANGUAGE_STANDARD = gnu11;
				GCC_NO_COMMON_BLOCKS = YES;
				GCC_WARN_64_TO_32_BIT_CONVERSION = YES;
				GCC_WARN_ABOUT_RETURN_TYPE = YES_ERROR;
				GCC_WARN_UNDECLARED_SELECTOR = YES;
				GCC_WARN_UNINITIALIZED_AUTOS = YES_AGGRESSIVE;
				GCC_WARN_UNUSED_FUNCTION = YES;
				GCC_WARN_UNUSED_VARIABLE = YES;
				IPHONEOS_DEPLOYMENT_TARGET = 17.0;
				MTL_ENABLE_DEBUG_INFO = NO;
				MTL_FAST_MATH = YES;
				PRODUCT_NAME = "$(TARGET_NAME)";
				SDKROOT = iphoneos;
				SWIFT_COMPILATION_MODE = wholemodule;
				SWIFT_OPTIMIZATION_LEVEL = "-O";
				SWIFT_VERSION = 5.9;
			};
			name = Release;
		};
		B7AA3B5D6B0493F2E7AB3E91 /* Debug */ = {
			isa = XCBuildConfiguration;
			buildSettings = {
				ALWAYS_SEARCH_USER_PATHS = NO;
				CLANG_ANALYZER_NONNULL = YES;
				CLANG_ANALYZER_NUMBER_OBJECT_CONVERSION = YES_AGGRESSIVE;
				CLANG_CXX_LANGUAGE_STANDARD = "gnu++14";
				CLANG_CXX_LIBRARY = "libc++";
				CLANG_ENABLE_MODULES = YES;
				CLANG_ENABLE_OBJC_ARC = YES;
				CLANG_ENABLE_OBJC_WEAK = YES;
				CLANG_WARN_BLOCK_CAPTURE_AUTORELEASING = YES;
				CLANG_WARN_BOOL_CONVERSION = YES;
				CLANG_WARN_COMMA = YES;
				CLANG_WARN_CONSTANT_CONVERSION = YES;
				CLANG_WARN_DEPRECATED_OBJC_IMPLEMENTATIONS = YES;
				CLANG_WARN_DIRECT_OBJC_ISA_USAGE = YES_ERROR;
				CLANG_WARN_DOCUMENTATION_COMMENTS = YES;
				CLANG_WARN_EMPTY_BODY = YES;
				CLANG_WARN_ENUM_CONVERSION = YES;
				CLANG_WARN_INFINITE_RECURSION = YES;
				CLANG_WARN_INT_CONVERSION = YES;
				CLANG_WARN_NON_LITERAL_NULL_CONVERSION = YES;
				CLANG_WARN_OBJC_IMPLICIT_RETAIN_SELF = YES;
				CLANG_WARN_OBJC_LITERAL_CONVERSION = YES;
				CLANG_WARN_OBJC_ROOT_CLASS = YES_ERROR;
				CLANG_WARN_QUOTED_INCLUDE_IN_FRAMEWORK_HEADER = YES;
				CLANG_WARN_RANGE_LOOP_ANALYSIS = YES;
				CLANG_WARN_STRICT_PROTOTYPES = YES;
				CLANG_WARN_SUSPICIOUS_MOVE = YES;
				CLANG_WARN_UNGUARDED_AVAILABILITY = YES_AGGRESSIVE;
				CLANG_WARN_UNREACHABLE_CODE = YES;
				CLANG_WARN__DUPLICATE_METHOD_MATCH = YES;
				CODE_SIGN_STYLE = Automatic;
				COPY_PHASE_STRIP = NO;
				DEBUG_INFORMATION_FORMAT = dwarf;
				DEVELOPMENT_TEAM = 3Q2D38NW4X;
				ENABLE_STRICT_OBJC_MSGSEND = YES;
				ENABLE_TESTABILITY = YES;
				GCC_C_LANGUAGE_STANDARD = gnu11;
				GCC_DYNAMIC_NO_PIC = NO;
				GCC_NO_COMMON_BLOCKS = YES;
				GCC_OPTIMIZATION_LEVEL = 0;
				GCC_PREPROCESSOR_DEFINITIONS = (
					"$(inherited)",
					"DEBUG=1",
				);
				GCC_WARN_64_TO_32_BIT_CONVERSION = YES;
				GCC_WARN_ABOUT_RETURN_TYPE = YES_ERROR;
				GCC_WARN_UNDECLARED_SELECTOR = YES;
				GCC_WARN_UNINITIALIZED_AUTOS = YES_AGGRESSIVE;
				GCC_WARN_UNUSED_FUNCTION = YES;
				GCC_WARN_UNUSED_VARIABLE = YES;
				IPHONEOS_DEPLOYMENT_TARGET = 17.0;
				MTL_ENABLE_DEBUG_INFO = INCLUDE_SOURCE;
				MTL_FAST_MATH = YES;
				ONLY_ACTIVE_ARCH = YES;
				PRODUCT_NAME = "$(TARGET_NAME)";
				SDKROOT = iphoneos;
				SWIFT_ACTIVE_COMPILATION_CONDITIONS = DEBUG;
				SWIFT_OPTIMIZATION_LEVEL = "-Onone";
				SWIFT_VERSION = 5.9;
			};
			name = Debug;
		};
		BEB36580A94816D494CF3947 /* Debug */ = {
			isa = XCBuildConfiguration;
			buildSettings = {
				ASSETCATALOG_COMPILER_APPICON_NAME = AppIcon;
				CODE_SIGN_ENTITLEMENTS = TranslatorKeyboard/TranslatorKeyboard.entitlements;
				CODE_SIGN_IDENTITY = "iPhone Developer";
				DEVELOPMENT_TEAM = 3Q2D38NW4X;
				INFOPLIST_FILE = TranslatorKeyboard/Resources/Info.plist;
				LD_RUNPATH_SEARCH_PATHS = (
					"$(inherited)",
					"@executable_path/Frameworks",
				);
				PRODUCT_BUNDLE_IDENTIFIER = com.translatorkeyboard.app;
				SDKROOT = iphoneos;
				TARGETED_DEVICE_FAMILY = "1,2";
			};
			name = Debug;
		};
/* End XCBuildConfiguration section */

/* Begin XCConfigurationList section */
		1AA6CCAACAFCD0D29B826DDF /* Build configuration list for PBXNativeTarget "KeyboardExtension" */ = {
			isa = XCConfigurationList;
			buildConfigurations = (
				026420E171078E5D495BB482 /* Debug */,
				73C6956E3EA6543795916132 /* Release */,
			);
			defaultConfigurationIsVisible = 0;
			defaultConfigurationName = Debug;
		};
		6B62E4FA60A7E8D8993D4B05 /* Build configuration list for PBXProject "TranslatorKeyboard" */ = {
			isa = XCConfigurationList;
			buildConfigurations = (
				B7AA3B5D6B0493F2E7AB3E91 /* Debug */,
				8C6DA7645D22348B673C22D4 /* Release */,
			);
			defaultConfigurationIsVisible = 0;
			defaultConfigurationName = Debug;
		};
		9D3D6648925293CE63CA9778 /* Build configuration list for PBXNativeTarget "TranslatorKeyboard" */ = {
			isa = XCConfigurationList;
			buildConfigurations = (
				BEB36580A94816D494CF3947 /* Debug */,
				674EFDBB8B4D7519F6B95AFC /* Release */,
			);
			defaultConfigurationIsVisible = 0;
			defaultConfigurationName = Debug;
		};
/* End XCConfigurationList section */
	};
	rootObject = 10DA9DD1250B87DC90D61517 /* Project object */;
}
